
Microsoft Visual Studio Solution File, Format Version 12.00
# Visual Studio 2013
VisualStudioVersion = 12.0.30110.0
MinimumVisualStudioVersion = 10.0.40219.1
Project("{2150E333-8FDC-42A3-9474-1A3956D46DE8}") = "Solution Items", "Solution Items", "{E5A0B454-22D4-4694-99FF-D6A8B7DE7DA3}"
	ProjectSection(SolutionItems) = preProject
		Package\.nuspec = Package\.nuspec
		Default.testsettings = Default.testsettings
		FluentAssertions.snk = FluentAssertions.snk
		SolutionInfo.cs = SolutionInfo.cs
	EndProjectSection
EndProject
Project("{2150E333-8FDC-42A3-9474-1A3956D46DE8}") = "Sources", "Sources", "{2D1C52B7-E25D-4BD5-8688-A642A6842AA5}"
EndProject
Project("{2150E333-8FDC-42A3-9474-1A3956D46DE8}") = "Specs", "Specs", "{963262D0-9FD5-4741-8C0E-E2F34F110EF3}"
EndProject
Project("{FAE04EC0-301F-11D3-BF4B-00C04F79EFBC}") = "FluentAssertions.iOS", "FluentAssertions.iOS\FluentAssertions.iOS.csproj", "{841FCCCF-6284-4868-96EE-23A92DBFD8F8}"
EndProject
Project("{FAE04EC0-301F-11D3-BF4B-00C04F79EFBC}") = "FluentAssertions.Android", "FluentAssertions.Android\FluentAssertions.Android.csproj", "{F2AA2B81-431F-4F5C-A662-BC75358BE5CC}"
EndProject
Project("{FAE04EC0-301F-11D3-BF4B-00C04F79EFBC}") = "FluentAssertions.iOS.Specs", "FluentAssertions.iOS.Specs\FluentAssertions.iOS.Specs.csproj", "{E8568E2D-EB6E-4742-90A8-671AC91F94BD}"
EndProject
Project("{FAE04EC0-301F-11D3-BF4B-00C04F79EFBC}") = "FluentAssertions.Android.Specs", "FluentAssertions.Android.Specs\FluentAssertions.Android.Specs.csproj", "{A85244E8-3C0F-4017-ABC6-A341A2F04D40}"
EndProject
Global
	GlobalSection(SolutionConfigurationPlatforms) = preSolution
		Ad-Hoc|Any CPU = Ad-Hoc|Any CPU
		Ad-Hoc|ARM = Ad-Hoc|ARM
		Ad-Hoc|iPhone = Ad-Hoc|iPhone
		Ad-Hoc|iPhoneSimulator = Ad-Hoc|iPhoneSimulator
		Ad-Hoc|Mixed Platforms = Ad-Hoc|Mixed Platforms
		Ad-Hoc|x86 = Ad-Hoc|x86
		AppStore|Any CPU = AppStore|Any CPU
		AppStore|ARM = AppStore|ARM
		AppStore|iPhone = AppStore|iPhone
		AppStore|iPhoneSimulator = AppStore|iPhoneSimulator
		AppStore|Mixed Platforms = AppStore|Mixed Platforms
		AppStore|x86 = AppStore|x86
		Debug|Any CPU = Debug|Any CPU
		Debug|ARM = Debug|ARM
		Debug|iPhone = Debug|iPhone
		Debug|iPhoneSimulator = Debug|iPhoneSimulator
		Debug|Mixed Platforms = Debug|Mixed Platforms
		Debug|x86 = Debug|x86
		Release|Any CPU = Release|Any CPU
		Release|ARM = Release|ARM
		Release|iPhone = Release|iPhone
		Release|iPhoneSimulator = Release|iPhoneSimulator
		Release|Mixed Platforms = Release|Mixed Platforms
		Release|x86 = Release|x86
	EndGlobalSection
	GlobalSection(ProjectConfigurationPlatforms) = postSolution
		{841FCCCF-6284-4868-96EE-23A92DBFD8F8}.Ad-Hoc|Any CPU.ActiveCfg = Release|Any CPU
		{841FCCCF-6284-4868-96EE-23A92DBFD8F8}.Ad-Hoc|Any CPU.Build.0 = Release|Any CPU
		{841FCCCF-6284-4868-96EE-23A92DBFD8F8}.Ad-Hoc|ARM.ActiveCfg = Release|Any CPU
		{841FCCCF-6284-4868-96EE-23A92DBFD8F8}.Ad-Hoc|iPhone.ActiveCfg = Release|Any CPU
		{841FCCCF-6284-4868-96EE-23A92DBFD8F8}.Ad-Hoc|iPhoneSimulator.ActiveCfg = Release|Any CPU
		{841FCCCF-6284-4868-96EE-23A92DBFD8F8}.Ad-Hoc|Mixed Platforms.ActiveCfg = Release|Any CPU
		{841FCCCF-6284-4868-96EE-23A92DBFD8F8}.Ad-Hoc|Mixed Platforms.Build.0 = Release|Any CPU
		{841FCCCF-6284-4868-96EE-23A92DBFD8F8}.Ad-Hoc|x86.ActiveCfg = Release|Any CPU
		{841FCCCF-6284-4868-96EE-23A92DBFD8F8}.AppStore|Any CPU.ActiveCfg = Release|Any CPU
		{841FCCCF-6284-4868-96EE-23A92DBFD8F8}.AppStore|Any CPU.Build.0 = Release|Any CPU
		{841FCCCF-6284-4868-96EE-23A92DBFD8F8}.AppStore|ARM.ActiveCfg = Release|Any CPU
		{841FCCCF-6284-4868-96EE-23A92DBFD8F8}.AppStore|iPhone.ActiveCfg = Release|Any CPU
		{841FCCCF-6284-4868-96EE-23A92DBFD8F8}.AppStore|iPhoneSimulator.ActiveCfg = Release|Any CPU
		{841FCCCF-6284-4868-96EE-23A92DBFD8F8}.AppStore|Mixed Platforms.ActiveCfg = Release|Any CPU
		{841FCCCF-6284-4868-96EE-23A92DBFD8F8}.AppStore|Mixed Platforms.Build.0 = Release|Any CPU
		{841FCCCF-6284-4868-96EE-23A92DBFD8F8}.AppStore|x86.ActiveCfg = Release|Any CPU
		{841FCCCF-6284-4868-96EE-23A92DBFD8F8}.Debug|Any CPU.ActiveCfg = Debug|Any CPU
		{841FCCCF-6284-4868-96EE-23A92DBFD8F8}.Debug|Any CPU.Build.0 = Debug|Any CPU
		{841FCCCF-6284-4868-96EE-23A92DBFD8F8}.Debug|ARM.ActiveCfg = Debug|Any CPU
		{841FCCCF-6284-4868-96EE-23A92DBFD8F8}.Debug|iPhone.ActiveCfg = Debug|Any CPU
		{841FCCCF-6284-4868-96EE-23A92DBFD8F8}.Debug|iPhoneSimulator.ActiveCfg = Debug|Any CPU
		{841FCCCF-6284-4868-96EE-23A92DBFD8F8}.Debug|Mixed Platforms.ActiveCfg = Debug|Any CPU
		{841FCCCF-6284-4868-96EE-23A92DBFD8F8}.Debug|Mixed Platforms.Build.0 = Debug|Any CPU
		{841FCCCF-6284-4868-96EE-23A92DBFD8F8}.Debug|x86.ActiveCfg = Debug|Any CPU
		{841FCCCF-6284-4868-96EE-23A92DBFD8F8}.Release|Any CPU.ActiveCfg = Release|Any CPU
		{841FCCCF-6284-4868-96EE-23A92DBFD8F8}.Release|Any CPU.Build.0 = Release|Any CPU
		{841FCCCF-6284-4868-96EE-23A92DBFD8F8}.Release|ARM.ActiveCfg = Release|Any CPU
		{841FCCCF-6284-4868-96EE-23A92DBFD8F8}.Release|iPhone.ActiveCfg = Release|Any CPU
		{841FCCCF-6284-4868-96EE-23A92DBFD8F8}.Release|iPhoneSimulator.ActiveCfg = Release|Any CPU
		{841FCCCF-6284-4868-96EE-23A92DBFD8F8}.Release|Mixed Platforms.ActiveCfg = Release|Any CPU
		{841FCCCF-6284-4868-96EE-23A92DBFD8F8}.Release|Mixed Platforms.Build.0 = Release|Any CPU
		{841FCCCF-6284-4868-96EE-23A92DBFD8F8}.Release|x86.ActiveCfg = Release|Any CPU
		{F2AA2B81-431F-4F5C-A662-BC75358BE5CC}.Ad-Hoc|Any CPU.ActiveCfg = Release|Any CPU
		{F2AA2B81-431F-4F5C-A662-BC75358BE5CC}.Ad-Hoc|Any CPU.Build.0 = Release|Any CPU
		{F2AA2B81-431F-4F5C-A662-BC75358BE5CC}.Ad-Hoc|ARM.ActiveCfg = Release|Any CPU
		{F2AA2B81-431F-4F5C-A662-BC75358BE5CC}.Ad-Hoc|iPhone.ActiveCfg = Release|Any CPU
		{F2AA2B81-431F-4F5C-A662-BC75358BE5CC}.Ad-Hoc|iPhoneSimulator.ActiveCfg = Release|Any CPU
		{F2AA2B81-431F-4F5C-A662-BC75358BE5CC}.Ad-Hoc|Mixed Platforms.ActiveCfg = Release|Any CPU
		{F2AA2B81-431F-4F5C-A662-BC75358BE5CC}.Ad-Hoc|Mixed Platforms.Build.0 = Release|Any CPU
		{F2AA2B81-431F-4F5C-A662-BC75358BE5CC}.Ad-Hoc|x86.ActiveCfg = Release|Any CPU
		{F2AA2B81-431F-4F5C-A662-BC75358BE5CC}.AppStore|Any CPU.ActiveCfg = Release|Any CPU
		{F2AA2B81-431F-4F5C-A662-BC75358BE5CC}.AppStore|Any CPU.Build.0 = Release|Any CPU
		{F2AA2B81-431F-4F5C-A662-BC75358BE5CC}.AppStore|ARM.ActiveCfg = Release|Any CPU
		{F2AA2B81-431F-4F5C-A662-BC75358BE5CC}.AppStore|iPhone.ActiveCfg = Release|Any CPU
		{F2AA2B81-431F-4F5C-A662-BC75358BE5CC}.AppStore|iPhoneSimulator.ActiveCfg = Release|Any CPU
		{F2AA2B81-431F-4F5C-A662-BC75358BE5CC}.AppStore|Mixed Platforms.ActiveCfg = Release|Any CPU
		{F2AA2B81-431F-4F5C-A662-BC75358BE5CC}.AppStore|Mixed Platforms.Build.0 = Release|Any CPU
		{F2AA2B81-431F-4F5C-A662-BC75358BE5CC}.AppStore|x86.ActiveCfg = Release|Any CPU
		{F2AA2B81-431F-4F5C-A662-BC75358BE5CC}.Debug|Any CPU.ActiveCfg = Debug|Any CPU
		{F2AA2B81-431F-4F5C-A662-BC75358BE5CC}.Debug|Any CPU.Build.0 = Debug|Any CPU
		{F2AA2B81-431F-4F5C-A662-BC75358BE5CC}.Debug|ARM.ActiveCfg = Debug|Any CPU
		{F2AA2B81-431F-4F5C-A662-BC75358BE5CC}.Debug|iPhone.ActiveCfg = Debug|Any CPU
		{F2AA2B81-431F-4F5C-A662-BC75358BE5CC}.Debug|iPhoneSimulator.ActiveCfg = Debug|Any CPU
		{F2AA2B81-431F-4F5C-A662-BC75358BE5CC}.Debug|Mixed Platforms.ActiveCfg = Debug|Any CPU
		{F2AA2B81-431F-4F5C-A662-BC75358BE5CC}.Debug|Mixed Platforms.Build.0 = Debug|Any CPU
		{F2AA2B81-431F-4F5C-A662-BC75358BE5CC}.Debug|x86.ActiveCfg = Debug|Any CPU
		{F2AA2B81-431F-4F5C-A662-BC75358BE5CC}.Release|Any CPU.ActiveCfg = Release|Any CPU
		{F2AA2B81-431F-4F5C-A662-BC75358BE5CC}.Release|Any CPU.Build.0 = Release|Any CPU
		{F2AA2B81-431F-4F5C-A662-BC75358BE5CC}.Release|ARM.ActiveCfg = Release|Any CPU
		{F2AA2B81-431F-4F5C-A662-BC75358BE5CC}.Release|iPhone.ActiveCfg = Release|Any CPU
		{F2AA2B81-431F-4F5C-A662-BC75358BE5CC}.Release|iPhoneSimulator.ActiveCfg = Release|Any CPU
		{F2AA2B81-431F-4F5C-A662-BC75358BE5CC}.Release|Mixed Platforms.ActiveCfg = Release|Any CPU
		{F2AA2B81-431F-4F5C-A662-BC75358BE5CC}.Release|Mixed Platforms.Build.0 = Release|Any CPU
		{F2AA2B81-431F-4F5C-A662-BC75358BE5CC}.Release|x86.ActiveCfg = Release|Any CPU
		{E8568E2D-EB6E-4742-90A8-671AC91F94BD}.Ad-Hoc|Any CPU.ActiveCfg = Ad-Hoc|iPhone
		{E8568E2D-EB6E-4742-90A8-671AC91F94BD}.Ad-Hoc|ARM.ActiveCfg = Ad-Hoc|iPhone
		{E8568E2D-EB6E-4742-90A8-671AC91F94BD}.Ad-Hoc|iPhone.ActiveCfg = Ad-Hoc|iPhone
		{E8568E2D-EB6E-4742-90A8-671AC91F94BD}.Ad-Hoc|iPhone.Build.0 = Ad-Hoc|iPhone
		{E8568E2D-EB6E-4742-90A8-671AC91F94BD}.Ad-Hoc|iPhone.Deploy.0 = Ad-Hoc|iPhone
		{E8568E2D-EB6E-4742-90A8-671AC91F94BD}.Ad-Hoc|iPhoneSimulator.ActiveCfg = Ad-Hoc|iPhoneSimulator
		{E8568E2D-EB6E-4742-90A8-671AC91F94BD}.Ad-Hoc|iPhoneSimulator.Build.0 = Ad-Hoc|iPhoneSimulator
		{E8568E2D-EB6E-4742-90A8-671AC91F94BD}.Ad-Hoc|iPhoneSimulator.Deploy.0 = Ad-Hoc|iPhoneSimulator
		{E8568E2D-EB6E-4742-90A8-671AC91F94BD}.Ad-Hoc|Mixed Platforms.ActiveCfg = Ad-Hoc|iPhone
		{E8568E2D-EB6E-4742-90A8-671AC91F94BD}.Ad-Hoc|Mixed Platforms.Build.0 = Ad-Hoc|iPhone
		{E8568E2D-EB6E-4742-90A8-671AC91F94BD}.Ad-Hoc|Mixed Platforms.Deploy.0 = Ad-Hoc|iPhone
		{E8568E2D-EB6E-4742-90A8-671AC91F94BD}.Ad-Hoc|x86.ActiveCfg = Ad-Hoc|iPhone
		{E8568E2D-EB6E-4742-90A8-671AC91F94BD}.AppStore|Any CPU.ActiveCfg = AppStore|iPhone
		{E8568E2D-EB6E-4742-90A8-671AC91F94BD}.AppStore|ARM.ActiveCfg = AppStore|iPhone
		{E8568E2D-EB6E-4742-90A8-671AC91F94BD}.AppStore|iPhone.ActiveCfg = AppStore|iPhone
		{E8568E2D-EB6E-4742-90A8-671AC91F94BD}.AppStore|iPhone.Build.0 = AppStore|iPhone
		{E8568E2D-EB6E-4742-90A8-671AC91F94BD}.AppStore|iPhone.Deploy.0 = AppStore|iPhone
		{E8568E2D-EB6E-4742-90A8-671AC91F94BD}.AppStore|iPhoneSimulator.ActiveCfg = AppStore|iPhoneSimulator
		{E8568E2D-EB6E-4742-90A8-671AC91F94BD}.AppStore|iPhoneSimulator.Build.0 = AppStore|iPhoneSimulator
		{E8568E2D-EB6E-4742-90A8-671AC91F94BD}.AppStore|iPhoneSimulator.Deploy.0 = AppStore|iPhoneSimulator
		{E8568E2D-EB6E-4742-90A8-671AC91F94BD}.AppStore|Mixed Platforms.ActiveCfg = AppStore|iPhone
		{E8568E2D-EB6E-4742-90A8-671AC91F94BD}.AppStore|Mixed Platforms.Build.0 = AppStore|iPhone
		{E8568E2D-EB6E-4742-90A8-671AC91F94BD}.AppStore|Mixed Platforms.Deploy.0 = AppStore|iPhone
		{E8568E2D-EB6E-4742-90A8-671AC91F94BD}.AppStore|x86.ActiveCfg = AppStore|iPhone
		{E8568E2D-EB6E-4742-90A8-671AC91F94BD}.Debug|Any CPU.ActiveCfg = Debug|iPhone
		{E8568E2D-EB6E-4742-90A8-671AC91F94BD}.Debug|ARM.ActiveCfg = Debug|iPhone
		{E8568E2D-EB6E-4742-90A8-671AC91F94BD}.Debug|iPhone.ActiveCfg = Debug|iPhone
		{E8568E2D-EB6E-4742-90A8-671AC91F94BD}.Debug|iPhone.Build.0 = Debug|iPhone
		{E8568E2D-EB6E-4742-90A8-671AC91F94BD}.Debug|iPhone.Deploy.0 = Debug|iPhone
		{E8568E2D-EB6E-4742-90A8-671AC91F94BD}.Debug|iPhoneSimulator.ActiveCfg = Debug|iPhoneSimulator
		{E8568E2D-EB6E-4742-90A8-671AC91F94BD}.Debug|iPhoneSimulator.Build.0 = Debug|iPhoneSimulator
		{E8568E2D-EB6E-4742-90A8-671AC91F94BD}.Debug|iPhoneSimulator.Deploy.0 = Debug|iPhoneSimulator
		{E8568E2D-EB6E-4742-90A8-671AC91F94BD}.Debug|Mixed Platforms.ActiveCfg = Debug|iPhone
		{E8568E2D-EB6E-4742-90A8-671AC91F94BD}.Debug|Mixed Platforms.Build.0 = Debug|iPhone
		{E8568E2D-EB6E-4742-90A8-671AC91F94BD}.Debug|Mixed Platforms.Deploy.0 = Debug|iPhone
		{E8568E2D-EB6E-4742-90A8-671AC91F94BD}.Debug|x86.ActiveCfg = Debug|iPhone
		{E8568E2D-EB6E-4742-90A8-671AC91F94BD}.Release|Any CPU.ActiveCfg = Release|iPhone
		{E8568E2D-EB6E-4742-90A8-671AC91F94BD}.Release|ARM.ActiveCfg = Release|iPhone
		{E8568E2D-EB6E-4742-90A8-671AC91F94BD}.Release|iPhone.ActiveCfg = Release|iPhone
		{E8568E2D-EB6E-4742-90A8-671AC91F94BD}.Release|iPhone.Build.0 = Release|iPhone
		{E8568E2D-EB6E-4742-90A8-671AC91F94BD}.Release|iPhone.Deploy.0 = Release|iPhone
		{E8568E2D-EB6E-4742-90A8-671AC91F94BD}.Release|iPhoneSimulator.ActiveCfg = Release|iPhoneSimulator
		{E8568E2D-EB6E-4742-90A8-671AC91F94BD}.Release|iPhoneSimulator.Build.0 = Release|iPhoneSimulator
		{E8568E2D-EB6E-4742-90A8-671AC91F94BD}.Release|iPhoneSimulator.Deploy.0 = Release|iPhoneSimulator
		{E8568E2D-EB6E-4742-90A8-671AC91F94BD}.Release|Mixed Platforms.ActiveCfg = Release|iPhone
		{E8568E2D-EB6E-4742-90A8-671AC91F94BD}.Release|Mixed Platforms.Build.0 = Release|iPhone
		{E8568E2D-EB6E-4742-90A8-671AC91F94BD}.Release|Mixed Platforms.Deploy.0 = Release|iPhone
		{E8568E2D-EB6E-4742-90A8-671AC91F94BD}.Release|x86.ActiveCfg = Release|iPhone
		{A85244E8-3C0F-4017-ABC6-A341A2F04D40}.Ad-Hoc|Any CPU.ActiveCfg = Release|Any CPU
		{A85244E8-3C0F-4017-ABC6-A341A2F04D40}.Ad-Hoc|Any CPU.Build.0 = Release|Any CPU
		{A85244E8-3C0F-4017-ABC6-A341A2F04D40}.Ad-Hoc|Any CPU.Deploy.0 = Release|Any CPU
		{A85244E8-3C0F-4017-ABC6-A341A2F04D40}.Ad-Hoc|ARM.ActiveCfg = Release|Any CPU
		{A85244E8-3C0F-4017-ABC6-A341A2F04D40}.Ad-Hoc|iPhone.ActiveCfg = Release|Any CPU
		{A85244E8-3C0F-4017-ABC6-A341A2F04D40}.Ad-Hoc|iPhoneSimulator.ActiveCfg = Release|Any CPU
		{A85244E8-3C0F-4017-ABC6-A341A2F04D40}.Ad-Hoc|Mixed Platforms.ActiveCfg = Release|Any CPU
		{A85244E8-3C0F-4017-ABC6-A341A2F04D40}.Ad-Hoc|Mixed Platforms.Build.0 = Release|Any CPU
		{A85244E8-3C0F-4017-ABC6-A341A2F04D40}.Ad-Hoc|Mixed Platforms.Deploy.0 = Release|Any CPU
		{A85244E8-3C0F-4017-ABC6-A341A2F04D40}.Ad-Hoc|x86.ActiveCfg = Release|Any CPU
		{A85244E8-3C0F-4017-ABC6-A341A2F04D40}.AppStore|Any CPU.ActiveCfg = Release|Any CPU
		{A85244E8-3C0F-4017-ABC6-A341A2F04D40}.AppStore|Any CPU.Build.0 = Release|Any CPU
		{A85244E8-3C0F-4017-ABC6-A341A2F04D40}.AppStore|Any CPU.Deploy.0 = Release|Any CPU
		{A85244E8-3C0F-4017-ABC6-A341A2F04D40}.AppStore|ARM.ActiveCfg = Release|Any CPU
		{A85244E8-3C0F-4017-ABC6-A341A2F04D40}.AppStore|iPhone.ActiveCfg = Release|Any CPU
		{A85244E8-3C0F-4017-ABC6-A341A2F04D40}.AppStore|iPhoneSimulator.ActiveCfg = Release|Any CPU
		{A85244E8-3C0F-4017-ABC6-A341A2F04D40}.AppStore|Mixed Platforms.ActiveCfg = Release|Any CPU
		{A85244E8-3C0F-4017-ABC6-A341A2F04D40}.AppStore|Mixed Platforms.Build.0 = Release|Any CPU
		{A85244E8-3C0F-4017-ABC6-A341A2F04D40}.AppStore|Mixed Platforms.Deploy.0 = Release|Any CPU
		{A85244E8-3C0F-4017-ABC6-A341A2F04D40}.AppStore|x86.ActiveCfg = Release|Any CPU
		{A85244E8-3C0F-4017-ABC6-A341A2F04D40}.Debug|Any CPU.ActiveCfg = Debug|Any CPU
		{A85244E8-3C0F-4017-ABC6-A341A2F04D40}.Debug|Any CPU.Build.0 = Debug|Any CPU
		{A85244E8-3C0F-4017-ABC6-A341A2F04D40}.Debug|Any CPU.Deploy.0 = Debug|Any CPU
		{A85244E8-3C0F-4017-ABC6-A341A2F04D40}.Debug|ARM.ActiveCfg = Debug|Any CPU
		{A85244E8-3C0F-4017-ABC6-A341A2F04D40}.Debug|iPhone.ActiveCfg = Debug|Any CPU
		{A85244E8-3C0F-4017-ABC6-A341A2F04D40}.Debug|iPhoneSimulator.ActiveCfg = Debug|Any CPU
		{A85244E8-3C0F-4017-ABC6-A341A2F04D40}.Debug|Mixed Platforms.ActiveCfg = Debug|Any CPU
		{A85244E8-3C0F-4017-ABC6-A341A2F04D40}.Debug|Mixed Platforms.Build.0 = Debug|Any CPU
		{A85244E8-3C0F-4017-ABC6-A341A2F04D40}.Debug|Mixed Platforms.Deploy.0 = Debug|Any CPU
		{A85244E8-3C0F-4017-ABC6-A341A2F04D40}.Debug|x86.ActiveCfg = Debug|Any CPU
		{A85244E8-3C0F-4017-ABC6-A341A2F04D40}.Release|Any CPU.ActiveCfg = Release|Any CPU
		{A85244E8-3C0F-4017-ABC6-A341A2F04D40}.Release|Any CPU.Build.0 = Release|Any CPU
		{A85244E8-3C0F-4017-ABC6-A341A2F04D40}.Release|Any CPU.Deploy.0 = Release|Any CPU
		{A85244E8-3C0F-4017-ABC6-A341A2F04D40}.Release|ARM.ActiveCfg = Release|Any CPU
		{A85244E8-3C0F-4017-ABC6-A341A2F04D40}.Release|iPhone.ActiveCfg = Release|Any CPU
		{A85244E8-3C0F-4017-ABC6-A341A2F04D40}.Release|iPhoneSimulator.ActiveCfg = Release|Any CPU
		{A85244E8-3C0F-4017-ABC6-A341A2F04D40}.Release|Mixed Platforms.ActiveCfg = Release|Any CPU
		{A85244E8-3C0F-4017-ABC6-A341A2F04D40}.Release|Mixed Platforms.Build.0 = Release|Any CPU
		{A85244E8-3C0F-4017-ABC6-A341A2F04D40}.Release|Mixed Platforms.Deploy.0 = Release|Any CPU
		{A85244E8-3C0F-4017-ABC6-A341A2F04D40}.Release|x86.ActiveCfg = Release|Any CPU
	EndGlobalSection
	GlobalSection(SolutionProperties) = preSolution
		HideSolutionNode = FALSE
	EndGlobalSection
	GlobalSection(NestedProjects) = preSolution
		{841FCCCF-6284-4868-96EE-23A92DBFD8F8} = {2D1C52B7-E25D-4BD5-8688-A642A6842AA5}
		{F2AA2B81-431F-4F5C-A662-BC75358BE5CC} = {2D1C52B7-E25D-4BD5-8688-A642A6842AA5}
		{E8568E2D-EB6E-4742-90A8-671AC91F94BD} = {963262D0-9FD5-4741-8C0E-E2F34F110EF3}
		{A85244E8-3C0F-4017-ABC6-A341A2F04D40} = {963262D0-9FD5-4741-8C0E-E2F34F110EF3}
	EndGlobalSection
EndGlobal
