
Microsoft Visual Studio Solution File, Format Version 12.00
# Visual Studio 14
VisualStudioVersion = 14.0.25123.0
MinimumVisualStudioVersion = 10.0.40219.1
Project("{2150E333-8FDC-42A3-9474-1A3956D46DE8}") = "Solution Items", "Solution Items", "{E5A0B454-22D4-4694-99FF-D6A8B7DE7DA3}"
	ProjectSection(SolutionItems) = preProject
		Build.Package.bat = Build.Package.bat
		Default.testsettings = Default.testsettings
		Src\FluentAssertions.JSon.nuspec = Src\FluentAssertions.JSon.nuspec
		Src\FluentAssertions.nuspec = Src\FluentAssertions.nuspec
		.nuget\nuget.config = .nuget\nuget.config
		README.md = README.md
		Settings.StyleCop = Settings.StyleCop
		Src\SolutionInfo.cs = Src\SolutionInfo.cs
	EndProjectSection
EndProject
Project("{2150E333-8FDC-42A3-9474-1A3956D46DE8}") = "Frameworks", "Frameworks", "{2D1C52B7-E25D-4BD5-8688-A642A6842AA5}"
EndProject
Project("{FAE04EC0-301F-11D3-BF4B-00C04F79EFBC}") = "Silverlight", "Src\FluentAssertions.Silverlight\Silverlight.csproj", "{135391A1-B669-423F-8D8C-04B60DCFB8B1}"
EndProject
Project("{FAE04EC0-301F-11D3-BF4B-00C04F79EFBC}") = "Net40", "Src\FluentAssertions.Net40\Net40.csproj", "{F673CC6B-5747-466F-9AB5-0C7EAD5E5F95}"
EndProject
Project("{FAE04EC0-301F-11D3-BF4B-00C04F79EFBC}") = "WinRT81", "Src\FluentAssertions.WinRT\WinRT81.csproj", "{CE8A220A-FAA6-469D-B9B8-5F1834685861}"
EndProject
Project("{FAE04EC0-301F-11D3-BF4B-00C04F79EFBC}") = "Net45", "Src\FluentAssertions.Net45\Net45.csproj", "{81D1792F-3C87-49CF-A502-9F232FF3719C}"
EndProject
Project("{FAE04EC0-301F-11D3-BF4B-00C04F79EFBC}") = "Core.pcl", "Src\FluentAssertions.Core\Core.pcl.csproj", "{8931C5EF-3BAC-473A-A343-57791D0917B1}"
EndProject
Project("{FAE04EC0-301F-11D3-BF4B-00C04F79EFBC}") = "WP8", "Src\FluentAssertions.WP8\WP8.csproj", "{0EC1CB90-4D32-4020-BCDB-0AB290A355C2}"
EndProject
Project("{FAE04EC0-301F-11D3-BF4B-00C04F79EFBC}") = "Portable", "Src\FluentAssertions.Portable\Portable.csproj", "{E6F895FA-AE44-4750-87F1-D18A7D974377}"
EndProject
Project("{D954291E-2A0B-460D-934E-DC6B0785DB48}") = "Shared", "Src\Shared\Shared.shproj", "{46445A29-4242-4FD4-9138-A47B2DBEA736}"
EndProject
Project("{2150E333-8FDC-42A3-9474-1A3956D46DE8}") = "Specs", "Specs", "{963262D0-9FD5-4741-8C0E-E2F34F110EF3}"
EndProject
Project("{FAE04EC0-301F-11D3-BF4B-00C04F79EFBC}") = "Silverlight.Specs", "Tests\FluentAssertions.Silverlight.Specs\Silverlight.Specs.csproj", "{D09FC2D5-A5E5-4344-9E42-BCED86D21A57}"
EndProject
Project("{FAE04EC0-301F-11D3-BF4B-00C04F79EFBC}") = "Net45.Specs", "Tests\FluentAssertions.Net45.Specs\Net45.Specs.csproj", "{442C9B50-6F91-4CBA-8D4E-B470E5CC3D5F}"
EndProject
Project("{FAE04EC0-301F-11D3-BF4B-00C04F79EFBC}") = "WP8.Specs", "Tests\FluentAssertions.WP8.Specs\WP8.Specs.csproj", "{00A8D405-6687-47B4-A81C-76B5331D094D}"
EndProject
Project("{FAE04EC0-301F-11D3-BF4B-00C04F79EFBC}") = "Net40.Specs", "Tests\FluentAssertions.Net40.Specs\Net40.Specs.csproj", "{11E362B9-2A11-4452-AD28-1F8AC14AE87B}"
EndProject
Project("{FAE04EC0-301F-11D3-BF4B-00C04F79EFBC}") = "Portable.Specs", "Tests\FluentAssertions.Portable.Specs\Portable.Specs.csproj", "{0220D206-62E4-4352-89EC-424E0F04D2D3}"
EndProject
Project("{FAE04EC0-301F-11D3-BF4B-00C04F79EFBC}") = "WP81.Specs", "Tests\FluentAssertions.WPA81.Specs\WP81.Specs.csproj", "{6D8311F2-7599-4BD0-B66C-05E8CF77AAB0}"
EndProject
Project("{D954291E-2A0B-460D-934E-DC6B0785DB48}") = "Shared.Specs", "Tests\FluentAssertions.Shared.Specs\Shared.Specs.shproj", "{0C23C12C-899F-4AD1-B737-B967A9910C08}"
EndProject
Project("{FAE04EC0-301F-11D3-BF4B-00C04F79EFBC}") = "AssemblyA", "Tests\AssemblyA\AssemblyA.csproj", "{7144BD9D-2A5F-45B6-AC5B-E35578D03350}"
EndProject
Project("{FAE04EC0-301F-11D3-BF4B-00C04F79EFBC}") = "AssemblyB", "Tests\AssemblyB\AssemblyB.csproj", "{D9CCCAF6-FF9E-4688-9D96-645E27616AC4}"
EndProject
Project("{FAE04EC0-301F-11D3-BF4B-00C04F79EFBC}") = "WinRT81.Specs", "Tests\FluentAssertions.WinRT81.Specs\WinRT81.Specs.csproj", "{F3E17430-FAD7-40AD-BF66-E6F23B70BD92}"
EndProject
Project("{2150E333-8FDC-42A3-9474-1A3956D46DE8}") = "TestFrameworks", "TestFrameworks", "{4D8FA213-8724-4C43-B68A-F018148D238C}"
EndProject
Project("{FAE04EC0-301F-11D3-BF4B-00C04F79EFBC}") = "XUnit2.Specs", "Tests\TestFrameworks\XUnit2.Specs\XUnit2.Specs.csproj", "{F50C8F77-3778-4432-84EC-B9B2B502E708}"
EndProject
Project("{FAE04EC0-301F-11D3-BF4B-00C04F79EFBC}") = "Dotnet", "Src\FluentAssertions.Dotnet\Dotnet.csproj", "{A5AAD876-E48D-4584-B88C-2BBC52E2D875}"
EndProject
Project("{FAE04EC0-301F-11D3-BF4B-00C04F79EFBC}") = "Core.Dotnet", "Src\FluentAssertions.Core.Dotnet\Core.Dotnet.csproj", "{DB576B1B-F074-49D6-ACDD-B2140F8E140F}"
EndProject
Project("{D954291E-2A0B-460D-934E-DC6B0785DB48}") = "Core", "Src\Core\Core.shproj", "{F33AD06B-9CC4-4E7E-9FB2-EA37890658FF}"
EndProject
Project("{FAE04EC0-301F-11D3-BF4B-00C04F79EFBC}") = "Dotnet.specs", "Tests\FluentAssertions.Dotnet.specs\Dotnet.specs.csproj", "{BFA9C5E5-8838-4EB1-BFE6-2CFAFBC95E5C}"
EndProject
Project("{2150E333-8FDC-42A3-9474-1A3956D46DE8}") = "Core", "Core", "{31891850-3EDC-480A-9B6C-F60540E9C90F}"
EndProject
Project("{D954291E-2A0B-460D-934E-DC6B0785DB48}") = "Shared.Json", "Src\FluentAssertions.Json.Shared\Shared.Json.shproj", "{F702FE37-CA91-4C85-A8A2-61647577EF2C}"
EndProject
Project("{D954291E-2A0B-460D-934E-DC6B0785DB48}") = "Json.Shared.Specs", "Tests\FluentAssertions.Json.Shared.Specs\Json.Shared.Specs.shproj", "{845ED06B-1F6D-4442-BCCC-52483561F447}"
EndProject
Project("{FAE04EC0-301F-11D3-BF4B-00C04F79EFBC}") = "Json.Net45.Specs", "Tests\FluentAssertions.Json.Net45.Specs\Json.Net45.Specs.csproj", "{63A1554C-DB57-463A-9DF4-2748EB403DD9}"
EndProject
Project("{FAE04EC0-301F-11D3-BF4B-00C04F79EFBC}") = "Json.Portable", "Src\FluentAssertions.Json.Portable\Json.Portable.csproj", "{74372C82-492F-4C48-8138-ED91A2B23C40}"
EndProject
Project("{FAE04EC0-301F-11D3-BF4B-00C04F79EFBC}") = "Json.Dotnet", "Src\FluentAssertions.Json.Dotnet\Json.Dotnet.csproj", "{674338E4-7F78-48B8-857F-F0555CB5A703}"
EndProject
Project("{FAE04EC0-301F-11D3-BF4B-00C04F79EFBC}") = "Json.Net40", "Src\FluentAssertions.Json.Net40\Json.Net40.csproj", "{5BFD9D5F-431A-4461-A9F6-8B36EADA1DCF}"
EndProject
Project("{FAE04EC0-301F-11D3-BF4B-00C04F79EFBC}") = "Json.Net45", "Src\FluentAssertions.Json.Net45\Json.Net45.csproj", "{0D460CE7-4B94-4D2C-9F2A-97426A29C533}"
EndProject
Global
	GlobalSection(SharedMSBuildProjectFiles) = preSolution
		Src\Core\Core.projitems*{f33ad06b-9cc4-4e7e-9fb2-ea37890658ff}*SharedItemsImports = 13
		Src\FluentAssertions.Json.Shared\Shared.Json.projitems*{5bfd9d5f-431a-4461-a9f6-8b36eada1dcf}*SharedItemsImports = 4
		Src\Core\Core.projitems*{db576b1b-f074-49d6-acdd-b2140f8e140f}*SharedItemsImports = 4
		Src\Shared\Shared.projitems*{e6f895fa-ae44-4750-87f1-d18a7d974377}*SharedItemsImports = 4
		Tests\FluentAssertions.Shared.Specs\Shared.Specs.projitems*{442c9b50-6f91-4cba-8d4e-b470e5cc3d5f}*SharedItemsImports = 4
		Tests\FluentAssertions.Json.Shared.Specs\Shared.Json.Specs.projitems*{63a1554c-db57-463a-9df4-2748eb403dd9}*SharedItemsImports = 4
		Src\Shared\Shared.projitems*{46445a29-4242-4fd4-9138-a47b2dbea736}*SharedItemsImports = 13
		Src\Shared\Shared.projitems*{135391a1-b669-423f-8d8c-04b60dcfb8b1}*SharedItemsImports = 4
		Src\Shared\Shared.projitems*{f673cc6b-5747-466f-9ab5-0c7ead5e5f95}*SharedItemsImports = 4
		Tests\FluentAssertions.Json.Shared.Specs\Shared.Json.Specs.projitems*{845ed06b-1f6d-4442-bccc-52483561f447}*SharedItemsImports = 13
		Tests\FluentAssertions.Shared.Specs\Shared.Specs.projitems*{d09fc2d5-a5e5-4344-9e42-bced86d21a57}*SharedItemsImports = 4
		Src\FluentAssertions.Json.Shared\Shared.Json.projitems*{74372c82-492f-4c48-8138-ed91a2b23c40}*SharedItemsImports = 4
		Src\FluentAssertions.Json.Shared\Shared.Json.projitems*{0d460ce7-4b94-4d2c-9f2a-97426a29c533}*SharedItemsImports = 4
		Src\Core\Core.projitems*{8931c5ef-3bac-473a-a343-57791d0917b1}*SharedItemsImports = 4
		Src\FluentAssertions.Json.Shared\Shared.Json.projitems*{674338e4-7f78-48b8-857f-f0555cb5a703}*SharedItemsImports = 4
		Tests\FluentAssertions.Shared.Specs\Shared.Specs.projitems*{f3e17430-fad7-40ad-bf66-e6f23b70bd92}*SharedItemsImports = 4
		Tests\FluentAssertions.Shared.Specs\Shared.Specs.projitems*{00a8d405-6687-47b4-a81c-76b5331d094d}*SharedItemsImports = 4
		Tests\FluentAssertions.Shared.Specs\Shared.Specs.projitems*{bfa9c5e5-8838-4eb1-bfe6-2cfafbc95e5c}*SharedItemsImports = 4
		Tests\FluentAssertions.Shared.Specs\Shared.Specs.projitems*{6d8311f2-7599-4bd0-b66c-05e8cf77aab0}*SharedItemsImports = 4
		Src\Shared\Shared.projitems*{81d1792f-3c87-49cf-a502-9f232ff3719c}*SharedItemsImports = 4
		Tests\FluentAssertions.Shared.Specs\Shared.Specs.projitems*{0220d206-62e4-4352-89ec-424e0f04d2d3}*SharedItemsImports = 4
		Tests\FluentAssertions.Shared.Specs\Shared.Specs.projitems*{11e362b9-2a11-4452-ad28-1f8ac14ae87b}*SharedItemsImports = 4
		Tests\FluentAssertions.Shared.Specs\Shared.Specs.projitems*{0c23c12c-899f-4ad1-b737-b967a9910c08}*SharedItemsImports = 13
		Src\Shared\Shared.projitems*{0ec1cb90-4d32-4020-bcdb-0ab290a355c2}*SharedItemsImports = 4
		Src\Shared\Shared.projitems*{a5aad876-e48d-4584-b88c-2bbc52e2d875}*SharedItemsImports = 4
		Src\Shared\Shared.projitems*{ce8a220a-faa6-469d-b9b8-5f1834685861}*SharedItemsImports = 4
	EndGlobalSection
	GlobalSection(SolutionConfigurationPlatforms) = preSolution
		Debug|Any CPU = Debug|Any CPU
		Debug|ARM = Debug|ARM
		Debug|Mixed Platforms = Debug|Mixed Platforms
		Debug|x64 = Debug|x64
		Debug|x86 = Debug|x86
		Release|Any CPU = Release|Any CPU
		Release|ARM = Release|ARM
		Release|Mixed Platforms = Release|Mixed Platforms
		Release|x64 = Release|x64
		Release|x86 = Release|x86
	EndGlobalSection
	GlobalSection(ProjectConfigurationPlatforms) = postSolution
		{135391A1-B669-423F-8D8C-04B60DCFB8B1}.Debug|Any CPU.ActiveCfg = Debug|Any CPU
		{135391A1-B669-423F-8D8C-04B60DCFB8B1}.Debug|Any CPU.Build.0 = Debug|Any CPU
		{135391A1-B669-423F-8D8C-04B60DCFB8B1}.Debug|ARM.ActiveCfg = Debug|Any CPU
		{135391A1-B669-423F-8D8C-04B60DCFB8B1}.Debug|Mixed Platforms.ActiveCfg = Debug|Any CPU
		{135391A1-B669-423F-8D8C-04B60DCFB8B1}.Debug|Mixed Platforms.Build.0 = Debug|Any CPU
		{135391A1-B669-423F-8D8C-04B60DCFB8B1}.Debug|x64.ActiveCfg = Debug|Any CPU
		{135391A1-B669-423F-8D8C-04B60DCFB8B1}.Debug|x86.ActiveCfg = Debug|Any CPU
		{135391A1-B669-423F-8D8C-04B60DCFB8B1}.Release|Any CPU.ActiveCfg = Release|Any CPU
		{135391A1-B669-423F-8D8C-04B60DCFB8B1}.Release|Any CPU.Build.0 = Release|Any CPU
		{135391A1-B669-423F-8D8C-04B60DCFB8B1}.Release|ARM.ActiveCfg = Release|Any CPU
		{135391A1-B669-423F-8D8C-04B60DCFB8B1}.Release|Mixed Platforms.ActiveCfg = Release|Any CPU
		{135391A1-B669-423F-8D8C-04B60DCFB8B1}.Release|Mixed Platforms.Build.0 = Release|Any CPU
		{135391A1-B669-423F-8D8C-04B60DCFB8B1}.Release|x64.ActiveCfg = Release|Any CPU
		{135391A1-B669-423F-8D8C-04B60DCFB8B1}.Release|x86.ActiveCfg = Release|Any CPU
		{F673CC6B-5747-466F-9AB5-0C7EAD5E5F95}.Debug|Any CPU.ActiveCfg = Debug|Any CPU
		{F673CC6B-5747-466F-9AB5-0C7EAD5E5F95}.Debug|Any CPU.Build.0 = Debug|Any CPU
		{F673CC6B-5747-466F-9AB5-0C7EAD5E5F95}.Debug|ARM.ActiveCfg = Debug|Any CPU
		{F673CC6B-5747-466F-9AB5-0C7EAD5E5F95}.Debug|Mixed Platforms.ActiveCfg = Debug|Any CPU
		{F673CC6B-5747-466F-9AB5-0C7EAD5E5F95}.Debug|Mixed Platforms.Build.0 = Debug|Any CPU
		{F673CC6B-5747-466F-9AB5-0C7EAD5E5F95}.Debug|x64.ActiveCfg = Debug|Any CPU
		{F673CC6B-5747-466F-9AB5-0C7EAD5E5F95}.Debug|x86.ActiveCfg = Debug|Any CPU
		{F673CC6B-5747-466F-9AB5-0C7EAD5E5F95}.Release|Any CPU.ActiveCfg = Release|Any CPU
		{F673CC6B-5747-466F-9AB5-0C7EAD5E5F95}.Release|Any CPU.Build.0 = Release|Any CPU
		{F673CC6B-5747-466F-9AB5-0C7EAD5E5F95}.Release|ARM.ActiveCfg = Release|Any CPU
		{F673CC6B-5747-466F-9AB5-0C7EAD5E5F95}.Release|Mixed Platforms.ActiveCfg = Release|Any CPU
		{F673CC6B-5747-466F-9AB5-0C7EAD5E5F95}.Release|Mixed Platforms.Build.0 = Release|Any CPU
		{F673CC6B-5747-466F-9AB5-0C7EAD5E5F95}.Release|x64.ActiveCfg = Release|Any CPU
		{F673CC6B-5747-466F-9AB5-0C7EAD5E5F95}.Release|x86.ActiveCfg = Release|Any CPU
		{CE8A220A-FAA6-469D-B9B8-5F1834685861}.Debug|Any CPU.ActiveCfg = Debug|Any CPU
		{CE8A220A-FAA6-469D-B9B8-5F1834685861}.Debug|Any CPU.Build.0 = Debug|Any CPU
		{CE8A220A-FAA6-469D-B9B8-5F1834685861}.Debug|ARM.ActiveCfg = Debug|Any CPU
		{CE8A220A-FAA6-469D-B9B8-5F1834685861}.Debug|Mixed Platforms.ActiveCfg = Debug|Any CPU
		{CE8A220A-FAA6-469D-B9B8-5F1834685861}.Debug|Mixed Platforms.Build.0 = Debug|Any CPU
		{CE8A220A-FAA6-469D-B9B8-5F1834685861}.Debug|x64.ActiveCfg = Debug|Any CPU
		{CE8A220A-FAA6-469D-B9B8-5F1834685861}.Debug|x86.ActiveCfg = Debug|Any CPU
		{CE8A220A-FAA6-469D-B9B8-5F1834685861}.Release|Any CPU.ActiveCfg = Release|Any CPU
		{CE8A220A-FAA6-469D-B9B8-5F1834685861}.Release|Any CPU.Build.0 = Release|Any CPU
		{CE8A220A-FAA6-469D-B9B8-5F1834685861}.Release|ARM.ActiveCfg = Release|Any CPU
		{CE8A220A-FAA6-469D-B9B8-5F1834685861}.Release|Mixed Platforms.ActiveCfg = Release|Any CPU
		{CE8A220A-FAA6-469D-B9B8-5F1834685861}.Release|Mixed Platforms.Build.0 = Release|Any CPU
		{CE8A220A-FAA6-469D-B9B8-5F1834685861}.Release|x64.ActiveCfg = Release|Any CPU
		{CE8A220A-FAA6-469D-B9B8-5F1834685861}.Release|x86.ActiveCfg = Release|Any CPU
		{81D1792F-3C87-49CF-A502-9F232FF3719C}.Debug|Any CPU.ActiveCfg = Debug|Any CPU
		{81D1792F-3C87-49CF-A502-9F232FF3719C}.Debug|Any CPU.Build.0 = Debug|Any CPU
		{81D1792F-3C87-49CF-A502-9F232FF3719C}.Debug|ARM.ActiveCfg = Debug|Any CPU
		{81D1792F-3C87-49CF-A502-9F232FF3719C}.Debug|Mixed Platforms.ActiveCfg = Debug|Any CPU
		{81D1792F-3C87-49CF-A502-9F232FF3719C}.Debug|Mixed Platforms.Build.0 = Debug|Any CPU
		{81D1792F-3C87-49CF-A502-9F232FF3719C}.Debug|x64.ActiveCfg = Debug|Any CPU
		{81D1792F-3C87-49CF-A502-9F232FF3719C}.Debug|x86.ActiveCfg = Debug|Any CPU
		{81D1792F-3C87-49CF-A502-9F232FF3719C}.Release|Any CPU.ActiveCfg = Release|Any CPU
		{81D1792F-3C87-49CF-A502-9F232FF3719C}.Release|Any CPU.Build.0 = Release|Any CPU
		{81D1792F-3C87-49CF-A502-9F232FF3719C}.Release|ARM.ActiveCfg = Release|Any CPU
		{81D1792F-3C87-49CF-A502-9F232FF3719C}.Release|Mixed Platforms.ActiveCfg = Release|Any CPU
		{81D1792F-3C87-49CF-A502-9F232FF3719C}.Release|Mixed Platforms.Build.0 = Release|Any CPU
		{81D1792F-3C87-49CF-A502-9F232FF3719C}.Release|x64.ActiveCfg = Release|Any CPU
		{81D1792F-3C87-49CF-A502-9F232FF3719C}.Release|x86.ActiveCfg = Release|Any CPU
		{8931C5EF-3BAC-473A-A343-57791D0917B1}.Debug|Any CPU.ActiveCfg = Debug|Any CPU
		{8931C5EF-3BAC-473A-A343-57791D0917B1}.Debug|Any CPU.Build.0 = Debug|Any CPU
		{8931C5EF-3BAC-473A-A343-57791D0917B1}.Debug|ARM.ActiveCfg = Debug|Any CPU
		{8931C5EF-3BAC-473A-A343-57791D0917B1}.Debug|Mixed Platforms.ActiveCfg = Debug|Any CPU
		{8931C5EF-3BAC-473A-A343-57791D0917B1}.Debug|Mixed Platforms.Build.0 = Debug|Any CPU
		{8931C5EF-3BAC-473A-A343-57791D0917B1}.Debug|x64.ActiveCfg = Debug|Any CPU
		{8931C5EF-3BAC-473A-A343-57791D0917B1}.Debug|x86.ActiveCfg = Debug|Any CPU
		{8931C5EF-3BAC-473A-A343-57791D0917B1}.Release|Any CPU.ActiveCfg = Release|Any CPU
		{8931C5EF-3BAC-473A-A343-57791D0917B1}.Release|Any CPU.Build.0 = Release|Any CPU
		{8931C5EF-3BAC-473A-A343-57791D0917B1}.Release|ARM.ActiveCfg = Release|Any CPU
		{8931C5EF-3BAC-473A-A343-57791D0917B1}.Release|Mixed Platforms.ActiveCfg = Release|Any CPU
		{8931C5EF-3BAC-473A-A343-57791D0917B1}.Release|Mixed Platforms.Build.0 = Release|Any CPU
		{8931C5EF-3BAC-473A-A343-57791D0917B1}.Release|x64.ActiveCfg = Release|Any CPU
		{8931C5EF-3BAC-473A-A343-57791D0917B1}.Release|x86.ActiveCfg = Release|Any CPU
		{0EC1CB90-4D32-4020-BCDB-0AB290A355C2}.Debug|Any CPU.ActiveCfg = Debug|Any CPU
		{0EC1CB90-4D32-4020-BCDB-0AB290A355C2}.Debug|Any CPU.Build.0 = Debug|Any CPU
		{0EC1CB90-4D32-4020-BCDB-0AB290A355C2}.Debug|ARM.ActiveCfg = Debug|ARM
		{0EC1CB90-4D32-4020-BCDB-0AB290A355C2}.Debug|ARM.Build.0 = Debug|ARM
		{0EC1CB90-4D32-4020-BCDB-0AB290A355C2}.Debug|Mixed Platforms.ActiveCfg = Debug|Any CPU
		{0EC1CB90-4D32-4020-BCDB-0AB290A355C2}.Debug|Mixed Platforms.Build.0 = Debug|Any CPU
		{0EC1CB90-4D32-4020-BCDB-0AB290A355C2}.Debug|x64.ActiveCfg = Debug|Any CPU
		{0EC1CB90-4D32-4020-BCDB-0AB290A355C2}.Debug|x86.ActiveCfg = Debug|x86
		{0EC1CB90-4D32-4020-BCDB-0AB290A355C2}.Debug|x86.Build.0 = Debug|x86
		{0EC1CB90-4D32-4020-BCDB-0AB290A355C2}.Release|Any CPU.ActiveCfg = Release|Any CPU
		{0EC1CB90-4D32-4020-BCDB-0AB290A355C2}.Release|Any CPU.Build.0 = Release|Any CPU
		{0EC1CB90-4D32-4020-BCDB-0AB290A355C2}.Release|ARM.ActiveCfg = Release|ARM
		{0EC1CB90-4D32-4020-BCDB-0AB290A355C2}.Release|ARM.Build.0 = Release|ARM
		{0EC1CB90-4D32-4020-BCDB-0AB290A355C2}.Release|Mixed Platforms.ActiveCfg = Release|Any CPU
		{0EC1CB90-4D32-4020-BCDB-0AB290A355C2}.Release|Mixed Platforms.Build.0 = Release|Any CPU
		{0EC1CB90-4D32-4020-BCDB-0AB290A355C2}.Release|x64.ActiveCfg = Release|Any CPU
		{0EC1CB90-4D32-4020-BCDB-0AB290A355C2}.Release|x86.ActiveCfg = Release|x86
		{0EC1CB90-4D32-4020-BCDB-0AB290A355C2}.Release|x86.Build.0 = Release|x86
		{E6F895FA-AE44-4750-87F1-D18A7D974377}.Debug|Any CPU.ActiveCfg = Debug|Any CPU
		{E6F895FA-AE44-4750-87F1-D18A7D974377}.Debug|Any CPU.Build.0 = Debug|Any CPU
		{E6F895FA-AE44-4750-87F1-D18A7D974377}.Debug|ARM.ActiveCfg = Debug|Any CPU
		{E6F895FA-AE44-4750-87F1-D18A7D974377}.Debug|Mixed Platforms.ActiveCfg = Debug|Any CPU
		{E6F895FA-AE44-4750-87F1-D18A7D974377}.Debug|Mixed Platforms.Build.0 = Debug|Any CPU
		{E6F895FA-AE44-4750-87F1-D18A7D974377}.Debug|x64.ActiveCfg = Debug|Any CPU
		{E6F895FA-AE44-4750-87F1-D18A7D974377}.Debug|x86.ActiveCfg = Debug|Any CPU
		{E6F895FA-AE44-4750-87F1-D18A7D974377}.Release|Any CPU.ActiveCfg = Release|Any CPU
		{E6F895FA-AE44-4750-87F1-D18A7D974377}.Release|Any CPU.Build.0 = Release|Any CPU
		{E6F895FA-AE44-4750-87F1-D18A7D974377}.Release|ARM.ActiveCfg = Release|Any CPU
		{E6F895FA-AE44-4750-87F1-D18A7D974377}.Release|Mixed Platforms.ActiveCfg = Release|Any CPU
		{E6F895FA-AE44-4750-87F1-D18A7D974377}.Release|Mixed Platforms.Build.0 = Release|Any CPU
		{E6F895FA-AE44-4750-87F1-D18A7D974377}.Release|x64.ActiveCfg = Release|Any CPU
		{E6F895FA-AE44-4750-87F1-D18A7D974377}.Release|x86.ActiveCfg = Release|Any CPU
		{D09FC2D5-A5E5-4344-9E42-BCED86D21A57}.Debug|Any CPU.ActiveCfg = Debug|Any CPU
		{D09FC2D5-A5E5-4344-9E42-BCED86D21A57}.Debug|Any CPU.Build.0 = Debug|Any CPU
		{D09FC2D5-A5E5-4344-9E42-BCED86D21A57}.Debug|ARM.ActiveCfg = Debug|Any CPU
		{D09FC2D5-A5E5-4344-9E42-BCED86D21A57}.Debug|Mixed Platforms.ActiveCfg = Debug|Any CPU
		{D09FC2D5-A5E5-4344-9E42-BCED86D21A57}.Debug|Mixed Platforms.Build.0 = Debug|Any CPU
		{D09FC2D5-A5E5-4344-9E42-BCED86D21A57}.Debug|x64.ActiveCfg = Debug|Any CPU
		{D09FC2D5-A5E5-4344-9E42-BCED86D21A57}.Debug|x86.ActiveCfg = Debug|Any CPU
		{D09FC2D5-A5E5-4344-9E42-BCED86D21A57}.Release|Any CPU.ActiveCfg = Release|Any CPU
		{D09FC2D5-A5E5-4344-9E42-BCED86D21A57}.Release|Any CPU.Build.0 = Release|Any CPU
		{D09FC2D5-A5E5-4344-9E42-BCED86D21A57}.Release|ARM.ActiveCfg = Release|Any CPU
		{D09FC2D5-A5E5-4344-9E42-BCED86D21A57}.Release|Mixed Platforms.ActiveCfg = Release|Any CPU
		{D09FC2D5-A5E5-4344-9E42-BCED86D21A57}.Release|Mixed Platforms.Build.0 = Release|Any CPU
		{D09FC2D5-A5E5-4344-9E42-BCED86D21A57}.Release|x64.ActiveCfg = Release|Any CPU
		{D09FC2D5-A5E5-4344-9E42-BCED86D21A57}.Release|x86.ActiveCfg = Release|Any CPU
		{442C9B50-6F91-4CBA-8D4E-B470E5CC3D5F}.Debug|Any CPU.ActiveCfg = Debug|Any CPU
		{442C9B50-6F91-4CBA-8D4E-B470E5CC3D5F}.Debug|Any CPU.Build.0 = Debug|Any CPU
		{442C9B50-6F91-4CBA-8D4E-B470E5CC3D5F}.Debug|ARM.ActiveCfg = Debug|Any CPU
		{442C9B50-6F91-4CBA-8D4E-B470E5CC3D5F}.Debug|Mixed Platforms.ActiveCfg = Debug|Any CPU
		{442C9B50-6F91-4CBA-8D4E-B470E5CC3D5F}.Debug|Mixed Platforms.Build.0 = Debug|Any CPU
		{442C9B50-6F91-4CBA-8D4E-B470E5CC3D5F}.Debug|x64.ActiveCfg = Debug|Any CPU
		{442C9B50-6F91-4CBA-8D4E-B470E5CC3D5F}.Debug|x86.ActiveCfg = Debug|Any CPU
		{442C9B50-6F91-4CBA-8D4E-B470E5CC3D5F}.Release|Any CPU.ActiveCfg = Release|Any CPU
		{442C9B50-6F91-4CBA-8D4E-B470E5CC3D5F}.Release|Any CPU.Build.0 = Release|Any CPU
		{442C9B50-6F91-4CBA-8D4E-B470E5CC3D5F}.Release|ARM.ActiveCfg = Release|Any CPU
		{442C9B50-6F91-4CBA-8D4E-B470E5CC3D5F}.Release|Mixed Platforms.ActiveCfg = Release|Any CPU
		{442C9B50-6F91-4CBA-8D4E-B470E5CC3D5F}.Release|Mixed Platforms.Build.0 = Release|Any CPU
		{442C9B50-6F91-4CBA-8D4E-B470E5CC3D5F}.Release|x64.ActiveCfg = Release|Any CPU
		{442C9B50-6F91-4CBA-8D4E-B470E5CC3D5F}.Release|x86.ActiveCfg = Release|Any CPU
		{00A8D405-6687-47B4-A81C-76B5331D094D}.Debug|Any CPU.ActiveCfg = Debug|x86
		{00A8D405-6687-47B4-A81C-76B5331D094D}.Debug|ARM.ActiveCfg = Debug|ARM
		{00A8D405-6687-47B4-A81C-76B5331D094D}.Debug|ARM.Build.0 = Debug|ARM
		{00A8D405-6687-47B4-A81C-76B5331D094D}.Debug|ARM.Deploy.0 = Debug|ARM
		{00A8D405-6687-47B4-A81C-76B5331D094D}.Debug|Mixed Platforms.ActiveCfg = Debug|x86
		{00A8D405-6687-47B4-A81C-76B5331D094D}.Debug|Mixed Platforms.Build.0 = Debug|x86
		{00A8D405-6687-47B4-A81C-76B5331D094D}.Debug|Mixed Platforms.Deploy.0 = Debug|x86
		{00A8D405-6687-47B4-A81C-76B5331D094D}.Debug|x64.ActiveCfg = Debug|x86
		{00A8D405-6687-47B4-A81C-76B5331D094D}.Debug|x86.ActiveCfg = Debug|x86
		{00A8D405-6687-47B4-A81C-76B5331D094D}.Debug|x86.Build.0 = Debug|x86
		{00A8D405-6687-47B4-A81C-76B5331D094D}.Debug|x86.Deploy.0 = Debug|x86
		{00A8D405-6687-47B4-A81C-76B5331D094D}.Release|Any CPU.ActiveCfg = Release|x86
		{00A8D405-6687-47B4-A81C-76B5331D094D}.Release|ARM.ActiveCfg = Release|ARM
		{00A8D405-6687-47B4-A81C-76B5331D094D}.Release|ARM.Build.0 = Release|ARM
		{00A8D405-6687-47B4-A81C-76B5331D094D}.Release|ARM.Deploy.0 = Release|ARM
		{00A8D405-6687-47B4-A81C-76B5331D094D}.Release|Mixed Platforms.ActiveCfg = Release|x86
		{00A8D405-6687-47B4-A81C-76B5331D094D}.Release|Mixed Platforms.Build.0 = Release|x86
		{00A8D405-6687-47B4-A81C-76B5331D094D}.Release|Mixed Platforms.Deploy.0 = Release|x86
		{00A8D405-6687-47B4-A81C-76B5331D094D}.Release|x64.ActiveCfg = Release|x86
		{00A8D405-6687-47B4-A81C-76B5331D094D}.Release|x86.ActiveCfg = Release|x86
		{00A8D405-6687-47B4-A81C-76B5331D094D}.Release|x86.Build.0 = Release|x86
		{00A8D405-6687-47B4-A81C-76B5331D094D}.Release|x86.Deploy.0 = Release|x86
		{11E362B9-2A11-4452-AD28-1F8AC14AE87B}.Debug|Any CPU.ActiveCfg = Debug|Any CPU
		{11E362B9-2A11-4452-AD28-1F8AC14AE87B}.Debug|Any CPU.Build.0 = Debug|Any CPU
		{11E362B9-2A11-4452-AD28-1F8AC14AE87B}.Debug|ARM.ActiveCfg = Debug|Any CPU
		{11E362B9-2A11-4452-AD28-1F8AC14AE87B}.Debug|Mixed Platforms.ActiveCfg = Debug|Any CPU
		{11E362B9-2A11-4452-AD28-1F8AC14AE87B}.Debug|Mixed Platforms.Build.0 = Debug|Any CPU
		{11E362B9-2A11-4452-AD28-1F8AC14AE87B}.Debug|x64.ActiveCfg = Debug|Any CPU
		{11E362B9-2A11-4452-AD28-1F8AC14AE87B}.Debug|x86.ActiveCfg = Debug|Any CPU
		{11E362B9-2A11-4452-AD28-1F8AC14AE87B}.Release|Any CPU.ActiveCfg = Release|Any CPU
		{11E362B9-2A11-4452-AD28-1F8AC14AE87B}.Release|Any CPU.Build.0 = Release|Any CPU
		{11E362B9-2A11-4452-AD28-1F8AC14AE87B}.Release|ARM.ActiveCfg = Release|Any CPU
		{11E362B9-2A11-4452-AD28-1F8AC14AE87B}.Release|Mixed Platforms.ActiveCfg = Release|Any CPU
		{11E362B9-2A11-4452-AD28-1F8AC14AE87B}.Release|Mixed Platforms.Build.0 = Release|Any CPU
		{11E362B9-2A11-4452-AD28-1F8AC14AE87B}.Release|x64.ActiveCfg = Release|Any CPU
		{11E362B9-2A11-4452-AD28-1F8AC14AE87B}.Release|x86.ActiveCfg = Release|Any CPU
		{0220D206-62E4-4352-89EC-424E0F04D2D3}.Debug|Any CPU.ActiveCfg = Debug|Any CPU
		{0220D206-62E4-4352-89EC-424E0F04D2D3}.Debug|Any CPU.Build.0 = Debug|Any CPU
		{0220D206-62E4-4352-89EC-424E0F04D2D3}.Debug|ARM.ActiveCfg = Debug|Any CPU
		{0220D206-62E4-4352-89EC-424E0F04D2D3}.Debug|Mixed Platforms.ActiveCfg = Debug|Any CPU
		{0220D206-62E4-4352-89EC-424E0F04D2D3}.Debug|Mixed Platforms.Build.0 = Debug|Any CPU
		{0220D206-62E4-4352-89EC-424E0F04D2D3}.Debug|x64.ActiveCfg = Debug|Any CPU
		{0220D206-62E4-4352-89EC-424E0F04D2D3}.Debug|x86.ActiveCfg = Debug|Any CPU
		{0220D206-62E4-4352-89EC-424E0F04D2D3}.Release|Any CPU.ActiveCfg = Release|Any CPU
		{0220D206-62E4-4352-89EC-424E0F04D2D3}.Release|Any CPU.Build.0 = Release|Any CPU
		{0220D206-62E4-4352-89EC-424E0F04D2D3}.Release|ARM.ActiveCfg = Release|Any CPU
		{0220D206-62E4-4352-89EC-424E0F04D2D3}.Release|Mixed Platforms.ActiveCfg = Release|Any CPU
		{0220D206-62E4-4352-89EC-424E0F04D2D3}.Release|Mixed Platforms.Build.0 = Release|Any CPU
		{0220D206-62E4-4352-89EC-424E0F04D2D3}.Release|x64.ActiveCfg = Release|Any CPU
		{0220D206-62E4-4352-89EC-424E0F04D2D3}.Release|x86.ActiveCfg = Release|Any CPU
		{6D8311F2-7599-4BD0-B66C-05E8CF77AAB0}.Debug|Any CPU.ActiveCfg = Debug|x86
		{6D8311F2-7599-4BD0-B66C-05E8CF77AAB0}.Debug|ARM.ActiveCfg = Debug|ARM
		{6D8311F2-7599-4BD0-B66C-05E8CF77AAB0}.Debug|ARM.Build.0 = Debug|ARM
		{6D8311F2-7599-4BD0-B66C-05E8CF77AAB0}.Debug|ARM.Deploy.0 = Debug|ARM
		{6D8311F2-7599-4BD0-B66C-05E8CF77AAB0}.Debug|Mixed Platforms.ActiveCfg = Debug|x86
		{6D8311F2-7599-4BD0-B66C-05E8CF77AAB0}.Debug|Mixed Platforms.Build.0 = Debug|x86
		{6D8311F2-7599-4BD0-B66C-05E8CF77AAB0}.Debug|Mixed Platforms.Deploy.0 = Debug|x86
		{6D8311F2-7599-4BD0-B66C-05E8CF77AAB0}.Debug|x64.ActiveCfg = Debug|x86
		{6D8311F2-7599-4BD0-B66C-05E8CF77AAB0}.Debug|x86.ActiveCfg = Debug|x86
		{6D8311F2-7599-4BD0-B66C-05E8CF77AAB0}.Debug|x86.Build.0 = Debug|x86
		{6D8311F2-7599-4BD0-B66C-05E8CF77AAB0}.Debug|x86.Deploy.0 = Debug|x86
		{6D8311F2-7599-4BD0-B66C-05E8CF77AAB0}.Release|Any CPU.ActiveCfg = Release|x86
		{6D8311F2-7599-4BD0-B66C-05E8CF77AAB0}.Release|ARM.ActiveCfg = Release|ARM
		{6D8311F2-7599-4BD0-B66C-05E8CF77AAB0}.Release|ARM.Build.0 = Release|ARM
		{6D8311F2-7599-4BD0-B66C-05E8CF77AAB0}.Release|ARM.Deploy.0 = Release|ARM
		{6D8311F2-7599-4BD0-B66C-05E8CF77AAB0}.Release|Mixed Platforms.ActiveCfg = Release|x86
		{6D8311F2-7599-4BD0-B66C-05E8CF77AAB0}.Release|Mixed Platforms.Build.0 = Release|x86
		{6D8311F2-7599-4BD0-B66C-05E8CF77AAB0}.Release|Mixed Platforms.Deploy.0 = Release|x86
		{6D8311F2-7599-4BD0-B66C-05E8CF77AAB0}.Release|x64.ActiveCfg = Release|x86
		{6D8311F2-7599-4BD0-B66C-05E8CF77AAB0}.Release|x86.ActiveCfg = Release|x86
		{6D8311F2-7599-4BD0-B66C-05E8CF77AAB0}.Release|x86.Build.0 = Release|x86
		{6D8311F2-7599-4BD0-B66C-05E8CF77AAB0}.Release|x86.Deploy.0 = Release|x86
		{7144BD9D-2A5F-45B6-AC5B-E35578D03350}.Debug|Any CPU.ActiveCfg = Debug|Any CPU
		{7144BD9D-2A5F-45B6-AC5B-E35578D03350}.Debug|Any CPU.Build.0 = Debug|Any CPU
		{7144BD9D-2A5F-45B6-AC5B-E35578D03350}.Debug|ARM.ActiveCfg = Debug|Any CPU
		{7144BD9D-2A5F-45B6-AC5B-E35578D03350}.Debug|Mixed Platforms.ActiveCfg = Debug|Any CPU
		{7144BD9D-2A5F-45B6-AC5B-E35578D03350}.Debug|Mixed Platforms.Build.0 = Debug|Any CPU
		{7144BD9D-2A5F-45B6-AC5B-E35578D03350}.Debug|x64.ActiveCfg = Debug|Any CPU
		{7144BD9D-2A5F-45B6-AC5B-E35578D03350}.Debug|x86.ActiveCfg = Debug|Any CPU
		{7144BD9D-2A5F-45B6-AC5B-E35578D03350}.Release|Any CPU.ActiveCfg = Release|Any CPU
		{7144BD9D-2A5F-45B6-AC5B-E35578D03350}.Release|Any CPU.Build.0 = Release|Any CPU
		{7144BD9D-2A5F-45B6-AC5B-E35578D03350}.Release|ARM.ActiveCfg = Release|Any CPU
		{7144BD9D-2A5F-45B6-AC5B-E35578D03350}.Release|Mixed Platforms.ActiveCfg = Release|Any CPU
		{7144BD9D-2A5F-45B6-AC5B-E35578D03350}.Release|Mixed Platforms.Build.0 = Release|Any CPU
		{7144BD9D-2A5F-45B6-AC5B-E35578D03350}.Release|x64.ActiveCfg = Release|Any CPU
		{7144BD9D-2A5F-45B6-AC5B-E35578D03350}.Release|x86.ActiveCfg = Release|Any CPU
		{D9CCCAF6-FF9E-4688-9D96-645E27616AC4}.Debug|Any CPU.ActiveCfg = Debug|Any CPU
		{D9CCCAF6-FF9E-4688-9D96-645E27616AC4}.Debug|Any CPU.Build.0 = Debug|Any CPU
		{D9CCCAF6-FF9E-4688-9D96-645E27616AC4}.Debug|ARM.ActiveCfg = Debug|Any CPU
		{D9CCCAF6-FF9E-4688-9D96-645E27616AC4}.Debug|Mixed Platforms.ActiveCfg = Debug|Any CPU
		{D9CCCAF6-FF9E-4688-9D96-645E27616AC4}.Debug|Mixed Platforms.Build.0 = Debug|Any CPU
		{D9CCCAF6-FF9E-4688-9D96-645E27616AC4}.Debug|x64.ActiveCfg = Debug|Any CPU
		{D9CCCAF6-FF9E-4688-9D96-645E27616AC4}.Debug|x86.ActiveCfg = Debug|Any CPU
		{D9CCCAF6-FF9E-4688-9D96-645E27616AC4}.Release|Any CPU.ActiveCfg = Release|Any CPU
		{D9CCCAF6-FF9E-4688-9D96-645E27616AC4}.Release|Any CPU.Build.0 = Release|Any CPU
		{D9CCCAF6-FF9E-4688-9D96-645E27616AC4}.Release|ARM.ActiveCfg = Release|Any CPU
		{D9CCCAF6-FF9E-4688-9D96-645E27616AC4}.Release|Mixed Platforms.ActiveCfg = Release|Any CPU
		{D9CCCAF6-FF9E-4688-9D96-645E27616AC4}.Release|Mixed Platforms.Build.0 = Release|Any CPU
		{D9CCCAF6-FF9E-4688-9D96-645E27616AC4}.Release|x64.ActiveCfg = Release|Any CPU
		{D9CCCAF6-FF9E-4688-9D96-645E27616AC4}.Release|x86.ActiveCfg = Release|Any CPU
		{F3E17430-FAD7-40AD-BF66-E6F23B70BD92}.Debug|Any CPU.ActiveCfg = Debug|Any CPU
		{F3E17430-FAD7-40AD-BF66-E6F23B70BD92}.Debug|Any CPU.Build.0 = Debug|Any CPU
		{F3E17430-FAD7-40AD-BF66-E6F23B70BD92}.Debug|Any CPU.Deploy.0 = Debug|Any CPU
		{F3E17430-FAD7-40AD-BF66-E6F23B70BD92}.Debug|ARM.ActiveCfg = Debug|Any CPU
		{F3E17430-FAD7-40AD-BF66-E6F23B70BD92}.Debug|Mixed Platforms.ActiveCfg = Debug|Any CPU
		{F3E17430-FAD7-40AD-BF66-E6F23B70BD92}.Debug|Mixed Platforms.Build.0 = Debug|Any CPU
		{F3E17430-FAD7-40AD-BF66-E6F23B70BD92}.Debug|Mixed Platforms.Deploy.0 = Debug|Any CPU
		{F3E17430-FAD7-40AD-BF66-E6F23B70BD92}.Debug|x64.ActiveCfg = Debug|Any CPU
		{F3E17430-FAD7-40AD-BF66-E6F23B70BD92}.Debug|x86.ActiveCfg = Debug|Any CPU
		{F3E17430-FAD7-40AD-BF66-E6F23B70BD92}.Release|Any CPU.ActiveCfg = Release|Any CPU
		{F3E17430-FAD7-40AD-BF66-E6F23B70BD92}.Release|Any CPU.Build.0 = Release|Any CPU
		{F3E17430-FAD7-40AD-BF66-E6F23B70BD92}.Release|Any CPU.Deploy.0 = Release|Any CPU
		{F3E17430-FAD7-40AD-BF66-E6F23B70BD92}.Release|ARM.ActiveCfg = Release|Any CPU
		{F3E17430-FAD7-40AD-BF66-E6F23B70BD92}.Release|Mixed Platforms.ActiveCfg = Release|Any CPU
		{F3E17430-FAD7-40AD-BF66-E6F23B70BD92}.Release|Mixed Platforms.Build.0 = Release|Any CPU
		{F3E17430-FAD7-40AD-BF66-E6F23B70BD92}.Release|Mixed Platforms.Deploy.0 = Release|Any CPU
		{F3E17430-FAD7-40AD-BF66-E6F23B70BD92}.Release|x64.ActiveCfg = Release|Any CPU
		{F3E17430-FAD7-40AD-BF66-E6F23B70BD92}.Release|x86.ActiveCfg = Release|Any CPU
		{F50C8F77-3778-4432-84EC-B9B2B502E708}.Debug|Any CPU.ActiveCfg = Debug|Any CPU
		{F50C8F77-3778-4432-84EC-B9B2B502E708}.Debug|Any CPU.Build.0 = Debug|Any CPU
		{F50C8F77-3778-4432-84EC-B9B2B502E708}.Debug|ARM.ActiveCfg = Debug|Any CPU
		{F50C8F77-3778-4432-84EC-B9B2B502E708}.Debug|Mixed Platforms.ActiveCfg = Debug|Any CPU
		{F50C8F77-3778-4432-84EC-B9B2B502E708}.Debug|Mixed Platforms.Build.0 = Debug|Any CPU
		{F50C8F77-3778-4432-84EC-B9B2B502E708}.Debug|x64.ActiveCfg = Debug|Any CPU
		{F50C8F77-3778-4432-84EC-B9B2B502E708}.Debug|x86.ActiveCfg = Debug|Any CPU
		{F50C8F77-3778-4432-84EC-B9B2B502E708}.Release|Any CPU.ActiveCfg = Release|Any CPU
		{F50C8F77-3778-4432-84EC-B9B2B502E708}.Release|Any CPU.Build.0 = Release|Any CPU
		{F50C8F77-3778-4432-84EC-B9B2B502E708}.Release|ARM.ActiveCfg = Release|Any CPU
		{F50C8F77-3778-4432-84EC-B9B2B502E708}.Release|Mixed Platforms.ActiveCfg = Release|Any CPU
		{F50C8F77-3778-4432-84EC-B9B2B502E708}.Release|Mixed Platforms.Build.0 = Release|Any CPU
		{F50C8F77-3778-4432-84EC-B9B2B502E708}.Release|x64.ActiveCfg = Release|Any CPU
		{F50C8F77-3778-4432-84EC-B9B2B502E708}.Release|x86.ActiveCfg = Release|Any CPU
		{A5AAD876-E48D-4584-B88C-2BBC52E2D875}.Debug|Any CPU.ActiveCfg = Debug|Any CPU
		{A5AAD876-E48D-4584-B88C-2BBC52E2D875}.Debug|Any CPU.Build.0 = Debug|Any CPU
		{A5AAD876-E48D-4584-B88C-2BBC52E2D875}.Debug|ARM.ActiveCfg = Debug|Any CPU
		{A5AAD876-E48D-4584-B88C-2BBC52E2D875}.Debug|ARM.Build.0 = Debug|Any CPU
		{A5AAD876-E48D-4584-B88C-2BBC52E2D875}.Debug|Mixed Platforms.ActiveCfg = Debug|Any CPU
		{A5AAD876-E48D-4584-B88C-2BBC52E2D875}.Debug|Mixed Platforms.Build.0 = Debug|Any CPU
		{A5AAD876-E48D-4584-B88C-2BBC52E2D875}.Debug|x64.ActiveCfg = Debug|Any CPU
		{A5AAD876-E48D-4584-B88C-2BBC52E2D875}.Debug|x64.Build.0 = Debug|Any CPU
		{A5AAD876-E48D-4584-B88C-2BBC52E2D875}.Debug|x86.ActiveCfg = Debug|Any CPU
		{A5AAD876-E48D-4584-B88C-2BBC52E2D875}.Debug|x86.Build.0 = Debug|Any CPU
		{A5AAD876-E48D-4584-B88C-2BBC52E2D875}.Release|Any CPU.ActiveCfg = Release|Any CPU
		{A5AAD876-E48D-4584-B88C-2BBC52E2D875}.Release|Any CPU.Build.0 = Release|Any CPU
		{A5AAD876-E48D-4584-B88C-2BBC52E2D875}.Release|ARM.ActiveCfg = Release|Any CPU
		{A5AAD876-E48D-4584-B88C-2BBC52E2D875}.Release|ARM.Build.0 = Release|Any CPU
		{A5AAD876-E48D-4584-B88C-2BBC52E2D875}.Release|Mixed Platforms.ActiveCfg = Release|Any CPU
		{A5AAD876-E48D-4584-B88C-2BBC52E2D875}.Release|Mixed Platforms.Build.0 = Release|Any CPU
		{A5AAD876-E48D-4584-B88C-2BBC52E2D875}.Release|x64.ActiveCfg = Release|Any CPU
		{A5AAD876-E48D-4584-B88C-2BBC52E2D875}.Release|x64.Build.0 = Release|Any CPU
		{A5AAD876-E48D-4584-B88C-2BBC52E2D875}.Release|x86.ActiveCfg = Release|Any CPU
		{A5AAD876-E48D-4584-B88C-2BBC52E2D875}.Release|x86.Build.0 = Release|Any CPU
		{DB576B1B-F074-49D6-ACDD-B2140F8E140F}.Debug|Any CPU.ActiveCfg = Debug|Any CPU
		{DB576B1B-F074-49D6-ACDD-B2140F8E140F}.Debug|Any CPU.Build.0 = Debug|Any CPU
		{DB576B1B-F074-49D6-ACDD-B2140F8E140F}.Debug|ARM.ActiveCfg = Debug|Any CPU
		{DB576B1B-F074-49D6-ACDD-B2140F8E140F}.Debug|ARM.Build.0 = Debug|Any CPU
		{DB576B1B-F074-49D6-ACDD-B2140F8E140F}.Debug|Mixed Platforms.ActiveCfg = Debug|Any CPU
		{DB576B1B-F074-49D6-ACDD-B2140F8E140F}.Debug|Mixed Platforms.Build.0 = Debug|Any CPU
		{DB576B1B-F074-49D6-ACDD-B2140F8E140F}.Debug|x64.ActiveCfg = Debug|Any CPU
		{DB576B1B-F074-49D6-ACDD-B2140F8E140F}.Debug|x64.Build.0 = Debug|Any CPU
		{DB576B1B-F074-49D6-ACDD-B2140F8E140F}.Debug|x86.ActiveCfg = Debug|Any CPU
		{DB576B1B-F074-49D6-ACDD-B2140F8E140F}.Debug|x86.Build.0 = Debug|Any CPU
		{DB576B1B-F074-49D6-ACDD-B2140F8E140F}.Release|Any CPU.ActiveCfg = Release|Any CPU
		{DB576B1B-F074-49D6-ACDD-B2140F8E140F}.Release|Any CPU.Build.0 = Release|Any CPU
		{DB576B1B-F074-49D6-ACDD-B2140F8E140F}.Release|ARM.ActiveCfg = Release|Any CPU
		{DB576B1B-F074-49D6-ACDD-B2140F8E140F}.Release|ARM.Build.0 = Release|Any CPU
		{DB576B1B-F074-49D6-ACDD-B2140F8E140F}.Release|Mixed Platforms.ActiveCfg = Release|Any CPU
		{DB576B1B-F074-49D6-ACDD-B2140F8E140F}.Release|Mixed Platforms.Build.0 = Release|Any CPU
		{DB576B1B-F074-49D6-ACDD-B2140F8E140F}.Release|x64.ActiveCfg = Release|Any CPU
		{DB576B1B-F074-49D6-ACDD-B2140F8E140F}.Release|x64.Build.0 = Release|Any CPU
		{DB576B1B-F074-49D6-ACDD-B2140F8E140F}.Release|x86.ActiveCfg = Release|Any CPU
		{DB576B1B-F074-49D6-ACDD-B2140F8E140F}.Release|x86.Build.0 = Release|Any CPU
		{BFA9C5E5-8838-4EB1-BFE6-2CFAFBC95E5C}.Debug|Any CPU.ActiveCfg = Debug|x86
		{BFA9C5E5-8838-4EB1-BFE6-2CFAFBC95E5C}.Debug|ARM.ActiveCfg = Debug|ARM
		{BFA9C5E5-8838-4EB1-BFE6-2CFAFBC95E5C}.Debug|ARM.Build.0 = Debug|ARM
		{BFA9C5E5-8838-4EB1-BFE6-2CFAFBC95E5C}.Debug|ARM.Deploy.0 = Debug|ARM
		{BFA9C5E5-8838-4EB1-BFE6-2CFAFBC95E5C}.Debug|Mixed Platforms.ActiveCfg = Debug|x86
		{BFA9C5E5-8838-4EB1-BFE6-2CFAFBC95E5C}.Debug|Mixed Platforms.Build.0 = Debug|x86
		{BFA9C5E5-8838-4EB1-BFE6-2CFAFBC95E5C}.Debug|Mixed Platforms.Deploy.0 = Debug|x86
		{BFA9C5E5-8838-4EB1-BFE6-2CFAFBC95E5C}.Debug|x64.ActiveCfg = Debug|x64
		{BFA9C5E5-8838-4EB1-BFE6-2CFAFBC95E5C}.Debug|x64.Build.0 = Debug|x64
		{BFA9C5E5-8838-4EB1-BFE6-2CFAFBC95E5C}.Debug|x64.Deploy.0 = Debug|x64
		{BFA9C5E5-8838-4EB1-BFE6-2CFAFBC95E5C}.Debug|x86.ActiveCfg = Debug|x86
		{BFA9C5E5-8838-4EB1-BFE6-2CFAFBC95E5C}.Debug|x86.Build.0 = Debug|x86
		{BFA9C5E5-8838-4EB1-BFE6-2CFAFBC95E5C}.Debug|x86.Deploy.0 = Debug|x86
		{BFA9C5E5-8838-4EB1-BFE6-2CFAFBC95E5C}.Release|Any CPU.ActiveCfg = Release|x86
		{BFA9C5E5-8838-4EB1-BFE6-2CFAFBC95E5C}.Release|ARM.ActiveCfg = Release|ARM
		{BFA9C5E5-8838-4EB1-BFE6-2CFAFBC95E5C}.Release|ARM.Build.0 = Release|ARM
		{BFA9C5E5-8838-4EB1-BFE6-2CFAFBC95E5C}.Release|ARM.Deploy.0 = Release|ARM
		{BFA9C5E5-8838-4EB1-BFE6-2CFAFBC95E5C}.Release|Mixed Platforms.ActiveCfg = Release|x86
		{BFA9C5E5-8838-4EB1-BFE6-2CFAFBC95E5C}.Release|Mixed Platforms.Build.0 = Release|x86
		{BFA9C5E5-8838-4EB1-BFE6-2CFAFBC95E5C}.Release|Mixed Platforms.Deploy.0 = Release|x86
		{BFA9C5E5-8838-4EB1-BFE6-2CFAFBC95E5C}.Release|x64.ActiveCfg = Release|x64
		{BFA9C5E5-8838-4EB1-BFE6-2CFAFBC95E5C}.Release|x64.Build.0 = Release|x64
		{BFA9C5E5-8838-4EB1-BFE6-2CFAFBC95E5C}.Release|x64.Deploy.0 = Release|x64
		{BFA9C5E5-8838-4EB1-BFE6-2CFAFBC95E5C}.Release|x86.ActiveCfg = Release|x86
		{BFA9C5E5-8838-4EB1-BFE6-2CFAFBC95E5C}.Release|x86.Build.0 = Release|x86
		{BFA9C5E5-8838-4EB1-BFE6-2CFAFBC95E5C}.Release|x86.Deploy.0 = Release|x86
		{63A1554C-DB57-463A-9DF4-2748EB403DD9}.Debug|Any CPU.ActiveCfg = Debug|Any CPU
		{63A1554C-DB57-463A-9DF4-2748EB403DD9}.Debug|Any CPU.Build.0 = Debug|Any CPU
		{63A1554C-DB57-463A-9DF4-2748EB403DD9}.Debug|ARM.ActiveCfg = Debug|Any CPU
		{63A1554C-DB57-463A-9DF4-2748EB403DD9}.Debug|ARM.Build.0 = Debug|Any CPU
		{63A1554C-DB57-463A-9DF4-2748EB403DD9}.Debug|Mixed Platforms.ActiveCfg = Debug|Any CPU
		{63A1554C-DB57-463A-9DF4-2748EB403DD9}.Debug|Mixed Platforms.Build.0 = Debug|Any CPU
		{63A1554C-DB57-463A-9DF4-2748EB403DD9}.Debug|x64.ActiveCfg = Debug|Any CPU
		{63A1554C-DB57-463A-9DF4-2748EB403DD9}.Debug|x64.Build.0 = Debug|Any CPU
		{63A1554C-DB57-463A-9DF4-2748EB403DD9}.Debug|x86.ActiveCfg = Debug|Any CPU
		{63A1554C-DB57-463A-9DF4-2748EB403DD9}.Debug|x86.Build.0 = Debug|Any CPU
		{63A1554C-DB57-463A-9DF4-2748EB403DD9}.Release|Any CPU.ActiveCfg = Release|Any CPU
		{63A1554C-DB57-463A-9DF4-2748EB403DD9}.Release|Any CPU.Build.0 = Release|Any CPU
		{63A1554C-DB57-463A-9DF4-2748EB403DD9}.Release|ARM.ActiveCfg = Release|Any CPU
		{63A1554C-DB57-463A-9DF4-2748EB403DD9}.Release|ARM.Build.0 = Release|Any CPU
		{63A1554C-DB57-463A-9DF4-2748EB403DD9}.Release|Mixed Platforms.ActiveCfg = Release|Any CPU
		{63A1554C-DB57-463A-9DF4-2748EB403DD9}.Release|Mixed Platforms.Build.0 = Release|Any CPU
		{63A1554C-DB57-463A-9DF4-2748EB403DD9}.Release|x64.ActiveCfg = Release|Any CPU
		{63A1554C-DB57-463A-9DF4-2748EB403DD9}.Release|x64.Build.0 = Release|Any CPU
		{63A1554C-DB57-463A-9DF4-2748EB403DD9}.Release|x86.ActiveCfg = Release|Any CPU
		{63A1554C-DB57-463A-9DF4-2748EB403DD9}.Release|x86.Build.0 = Release|Any CPU
		{74372C82-492F-4C48-8138-ED91A2B23C40}.Debug|Any CPU.ActiveCfg = Debug|Any CPU
		{74372C82-492F-4C48-8138-ED91A2B23C40}.Debug|Any CPU.Build.0 = Debug|Any CPU
		{74372C82-492F-4C48-8138-ED91A2B23C40}.Debug|ARM.ActiveCfg = Debug|Any CPU
		{74372C82-492F-4C48-8138-ED91A2B23C40}.Debug|ARM.Build.0 = Debug|Any CPU
		{74372C82-492F-4C48-8138-ED91A2B23C40}.Debug|Mixed Platforms.ActiveCfg = Debug|Any CPU
		{74372C82-492F-4C48-8138-ED91A2B23C40}.Debug|Mixed Platforms.Build.0 = Debug|Any CPU
		{74372C82-492F-4C48-8138-ED91A2B23C40}.Debug|x64.ActiveCfg = Debug|Any CPU
		{74372C82-492F-4C48-8138-ED91A2B23C40}.Debug|x64.Build.0 = Debug|Any CPU
		{74372C82-492F-4C48-8138-ED91A2B23C40}.Debug|x86.ActiveCfg = Debug|Any CPU
		{74372C82-492F-4C48-8138-ED91A2B23C40}.Debug|x86.Build.0 = Debug|Any CPU
		{74372C82-492F-4C48-8138-ED91A2B23C40}.Release|Any CPU.ActiveCfg = Release|Any CPU
		{74372C82-492F-4C48-8138-ED91A2B23C40}.Release|Any CPU.Build.0 = Release|Any CPU
		{74372C82-492F-4C48-8138-ED91A2B23C40}.Release|ARM.ActiveCfg = Release|Any CPU
		{74372C82-492F-4C48-8138-ED91A2B23C40}.Release|ARM.Build.0 = Release|Any CPU
		{74372C82-492F-4C48-8138-ED91A2B23C40}.Release|Mixed Platforms.ActiveCfg = Release|Any CPU
		{74372C82-492F-4C48-8138-ED91A2B23C40}.Release|Mixed Platforms.Build.0 = Release|Any CPU
		{74372C82-492F-4C48-8138-ED91A2B23C40}.Release|x64.ActiveCfg = Release|Any CPU
		{74372C82-492F-4C48-8138-ED91A2B23C40}.Release|x64.Build.0 = Release|Any CPU
		{74372C82-492F-4C48-8138-ED91A2B23C40}.Release|x86.ActiveCfg = Release|Any CPU
		{74372C82-492F-4C48-8138-ED91A2B23C40}.Release|x86.Build.0 = Release|Any CPU
		{674338E4-7F78-48B8-857F-F0555CB5A703}.Debug|Any CPU.ActiveCfg = Debug|Any CPU
		{674338E4-7F78-48B8-857F-F0555CB5A703}.Debug|Any CPU.Build.0 = Debug|Any CPU
		{674338E4-7F78-48B8-857F-F0555CB5A703}.Debug|ARM.ActiveCfg = Debug|Any CPU
		{674338E4-7F78-48B8-857F-F0555CB5A703}.Debug|ARM.Build.0 = Debug|Any CPU
		{674338E4-7F78-48B8-857F-F0555CB5A703}.Debug|Mixed Platforms.ActiveCfg = Debug|Any CPU
		{674338E4-7F78-48B8-857F-F0555CB5A703}.Debug|Mixed Platforms.Build.0 = Debug|Any CPU
		{674338E4-7F78-48B8-857F-F0555CB5A703}.Debug|x64.ActiveCfg = Debug|Any CPU
		{674338E4-7F78-48B8-857F-F0555CB5A703}.Debug|x64.Build.0 = Debug|Any CPU
		{674338E4-7F78-48B8-857F-F0555CB5A703}.Debug|x86.ActiveCfg = Debug|Any CPU
		{674338E4-7F78-48B8-857F-F0555CB5A703}.Debug|x86.Build.0 = Debug|Any CPU
		{674338E4-7F78-48B8-857F-F0555CB5A703}.Release|Any CPU.ActiveCfg = Release|Any CPU
		{674338E4-7F78-48B8-857F-F0555CB5A703}.Release|Any CPU.Build.0 = Release|Any CPU
		{674338E4-7F78-48B8-857F-F0555CB5A703}.Release|ARM.ActiveCfg = Release|Any CPU
		{674338E4-7F78-48B8-857F-F0555CB5A703}.Release|ARM.Build.0 = Release|Any CPU
		{674338E4-7F78-48B8-857F-F0555CB5A703}.Release|Mixed Platforms.ActiveCfg = Release|Any CPU
		{674338E4-7F78-48B8-857F-F0555CB5A703}.Release|Mixed Platforms.Build.0 = Release|Any CPU
		{674338E4-7F78-48B8-857F-F0555CB5A703}.Release|x64.ActiveCfg = Release|Any CPU
		{674338E4-7F78-48B8-857F-F0555CB5A703}.Release|x64.Build.0 = Release|Any CPU
		{674338E4-7F78-48B8-857F-F0555CB5A703}.Release|x86.ActiveCfg = Release|Any CPU
		{674338E4-7F78-48B8-857F-F0555CB5A703}.Release|x86.Build.0 = Release|Any CPU
		{5BFD9D5F-431A-4461-A9F6-8B36EADA1DCF}.Debug|Any CPU.ActiveCfg = Debug|Any CPU
		{5BFD9D5F-431A-4461-A9F6-8B36EADA1DCF}.Debug|Any CPU.Build.0 = Debug|Any CPU
		{5BFD9D5F-431A-4461-A9F6-8B36EADA1DCF}.Debug|ARM.ActiveCfg = Debug|Any CPU
		{5BFD9D5F-431A-4461-A9F6-8B36EADA1DCF}.Debug|ARM.Build.0 = Debug|Any CPU
		{5BFD9D5F-431A-4461-A9F6-8B36EADA1DCF}.Debug|Mixed Platforms.ActiveCfg = Debug|Any CPU
		{5BFD9D5F-431A-4461-A9F6-8B36EADA1DCF}.Debug|Mixed Platforms.Build.0 = Debug|Any CPU
		{5BFD9D5F-431A-4461-A9F6-8B36EADA1DCF}.Debug|x64.ActiveCfg = Debug|Any CPU
		{5BFD9D5F-431A-4461-A9F6-8B36EADA1DCF}.Debug|x64.Build.0 = Debug|Any CPU
		{5BFD9D5F-431A-4461-A9F6-8B36EADA1DCF}.Debug|x86.ActiveCfg = Debug|Any CPU
		{5BFD9D5F-431A-4461-A9F6-8B36EADA1DCF}.Debug|x86.Build.0 = Debug|Any CPU
		{5BFD9D5F-431A-4461-A9F6-8B36EADA1DCF}.Release|Any CPU.ActiveCfg = Release|Any CPU
		{5BFD9D5F-431A-4461-A9F6-8B36EADA1DCF}.Release|Any CPU.Build.0 = Release|Any CPU
		{5BFD9D5F-431A-4461-A9F6-8B36EADA1DCF}.Release|ARM.ActiveCfg = Release|Any CPU
		{5BFD9D5F-431A-4461-A9F6-8B36EADA1DCF}.Release|ARM.Build.0 = Release|Any CPU
		{5BFD9D5F-431A-4461-A9F6-8B36EADA1DCF}.Release|Mixed Platforms.ActiveCfg = Release|Any CPU
		{5BFD9D5F-431A-4461-A9F6-8B36EADA1DCF}.Release|Mixed Platforms.Build.0 = Release|Any CPU
		{5BFD9D5F-431A-4461-A9F6-8B36EADA1DCF}.Release|x64.ActiveCfg = Release|Any CPU
		{5BFD9D5F-431A-4461-A9F6-8B36EADA1DCF}.Release|x64.Build.0 = Release|Any CPU
		{5BFD9D5F-431A-4461-A9F6-8B36EADA1DCF}.Release|x86.ActiveCfg = Release|Any CPU
		{5BFD9D5F-431A-4461-A9F6-8B36EADA1DCF}.Release|x86.Build.0 = Release|Any CPU
		{0D460CE7-4B94-4D2C-9F2A-97426A29C533}.Debug|Any CPU.ActiveCfg = Debug|Any CPU
		{0D460CE7-4B94-4D2C-9F2A-97426A29C533}.Debug|Any CPU.Build.0 = Debug|Any CPU
		{0D460CE7-4B94-4D2C-9F2A-97426A29C533}.Debug|ARM.ActiveCfg = Debug|Any CPU
		{0D460CE7-4B94-4D2C-9F2A-97426A29C533}.Debug|ARM.Build.0 = Debug|Any CPU
		{0D460CE7-4B94-4D2C-9F2A-97426A29C533}.Debug|Mixed Platforms.ActiveCfg = Debug|Any CPU
		{0D460CE7-4B94-4D2C-9F2A-97426A29C533}.Debug|Mixed Platforms.Build.0 = Debug|Any CPU
		{0D460CE7-4B94-4D2C-9F2A-97426A29C533}.Debug|x64.ActiveCfg = Debug|Any CPU
		{0D460CE7-4B94-4D2C-9F2A-97426A29C533}.Debug|x64.Build.0 = Debug|Any CPU
		{0D460CE7-4B94-4D2C-9F2A-97426A29C533}.Debug|x86.ActiveCfg = Debug|Any CPU
		{0D460CE7-4B94-4D2C-9F2A-97426A29C533}.Debug|x86.Build.0 = Debug|Any CPU
		{0D460CE7-4B94-4D2C-9F2A-97426A29C533}.Release|Any CPU.ActiveCfg = Release|Any CPU
		{0D460CE7-4B94-4D2C-9F2A-97426A29C533}.Release|Any CPU.Build.0 = Release|Any CPU
		{0D460CE7-4B94-4D2C-9F2A-97426A29C533}.Release|ARM.ActiveCfg = Release|Any CPU
		{0D460CE7-4B94-4D2C-9F2A-97426A29C533}.Release|ARM.Build.0 = Release|Any CPU
		{0D460CE7-4B94-4D2C-9F2A-97426A29C533}.Release|Mixed Platforms.ActiveCfg = Release|Any CPU
		{0D460CE7-4B94-4D2C-9F2A-97426A29C533}.Release|Mixed Platforms.Build.0 = Release|Any CPU
		{0D460CE7-4B94-4D2C-9F2A-97426A29C533}.Release|x64.ActiveCfg = Release|Any CPU
		{0D460CE7-4B94-4D2C-9F2A-97426A29C533}.Release|x64.Build.0 = Release|Any CPU
		{0D460CE7-4B94-4D2C-9F2A-97426A29C533}.Release|x86.ActiveCfg = Release|Any CPU
		{0D460CE7-4B94-4D2C-9F2A-97426A29C533}.Release|x86.Build.0 = Release|Any CPU
	EndGlobalSection
	GlobalSection(SolutionProperties) = preSolution
		HideSolutionNode = FALSE
	EndGlobalSection
	GlobalSection(NestedProjects) = preSolution
		{135391A1-B669-423F-8D8C-04B60DCFB8B1} = {2D1C52B7-E25D-4BD5-8688-A642A6842AA5}
		{F673CC6B-5747-466F-9AB5-0C7EAD5E5F95} = {2D1C52B7-E25D-4BD5-8688-A642A6842AA5}
		{CE8A220A-FAA6-469D-B9B8-5F1834685861} = {2D1C52B7-E25D-4BD5-8688-A642A6842AA5}
		{81D1792F-3C87-49CF-A502-9F232FF3719C} = {2D1C52B7-E25D-4BD5-8688-A642A6842AA5}
		{8931C5EF-3BAC-473A-A343-57791D0917B1} = {31891850-3EDC-480A-9B6C-F60540E9C90F}
		{0EC1CB90-4D32-4020-BCDB-0AB290A355C2} = {2D1C52B7-E25D-4BD5-8688-A642A6842AA5}
		{E6F895FA-AE44-4750-87F1-D18A7D974377} = {2D1C52B7-E25D-4BD5-8688-A642A6842AA5}
		{46445A29-4242-4FD4-9138-A47B2DBEA736} = {2D1C52B7-E25D-4BD5-8688-A642A6842AA5}
		{D09FC2D5-A5E5-4344-9E42-BCED86D21A57} = {963262D0-9FD5-4741-8C0E-E2F34F110EF3}
		{442C9B50-6F91-4CBA-8D4E-B470E5CC3D5F} = {963262D0-9FD5-4741-8C0E-E2F34F110EF3}
		{00A8D405-6687-47B4-A81C-76B5331D094D} = {963262D0-9FD5-4741-8C0E-E2F34F110EF3}
		{11E362B9-2A11-4452-AD28-1F8AC14AE87B} = {963262D0-9FD5-4741-8C0E-E2F34F110EF3}
		{0220D206-62E4-4352-89EC-424E0F04D2D3} = {963262D0-9FD5-4741-8C0E-E2F34F110EF3}
		{6D8311F2-7599-4BD0-B66C-05E8CF77AAB0} = {963262D0-9FD5-4741-8C0E-E2F34F110EF3}
		{0C23C12C-899F-4AD1-B737-B967A9910C08} = {963262D0-9FD5-4741-8C0E-E2F34F110EF3}
		{7144BD9D-2A5F-45B6-AC5B-E35578D03350} = {963262D0-9FD5-4741-8C0E-E2F34F110EF3}
		{D9CCCAF6-FF9E-4688-9D96-645E27616AC4} = {963262D0-9FD5-4741-8C0E-E2F34F110EF3}
		{F3E17430-FAD7-40AD-BF66-E6F23B70BD92} = {963262D0-9FD5-4741-8C0E-E2F34F110EF3}
		{F50C8F77-3778-4432-84EC-B9B2B502E708} = {4D8FA213-8724-4C43-B68A-F018148D238C}
		{A5AAD876-E48D-4584-B88C-2BBC52E2D875} = {2D1C52B7-E25D-4BD5-8688-A642A6842AA5}
		{DB576B1B-F074-49D6-ACDD-B2140F8E140F} = {31891850-3EDC-480A-9B6C-F60540E9C90F}
		{F33AD06B-9CC4-4E7E-9FB2-EA37890658FF} = {31891850-3EDC-480A-9B6C-F60540E9C90F}
		{BFA9C5E5-8838-4EB1-BFE6-2CFAFBC95E5C} = {963262D0-9FD5-4741-8C0E-E2F34F110EF3}
		{F702FE37-CA91-4C85-A8A2-61647577EF2C} = {31891850-3EDC-480A-9B6C-F60540E9C90F}
		{845ED06B-1F6D-4442-BCCC-52483561F447} = {963262D0-9FD5-4741-8C0E-E2F34F110EF3}
		{63A1554C-DB57-463A-9DF4-2748EB403DD9} = {963262D0-9FD5-4741-8C0E-E2F34F110EF3}
		{74372C82-492F-4C48-8138-ED91A2B23C40} = {2D1C52B7-E25D-4BD5-8688-A642A6842AA5}
		{674338E4-7F78-48B8-857F-F0555CB5A703} = {2D1C52B7-E25D-4BD5-8688-A642A6842AA5}
		{5BFD9D5F-431A-4461-A9F6-8B36EADA1DCF} = {2D1C52B7-E25D-4BD5-8688-A642A6842AA5}
		{0D460CE7-4B94-4D2C-9F2A-97426A29C533} = {2D1C52B7-E25D-4BD5-8688-A642A6842AA5}
	EndGlobalSection
	GlobalSection(MonoDevelopProperties) = preSolution
		StartupItem = FluentAssertions.Silverlight\Silverlight.csproj
	EndGlobalSection
EndGlobal
