
Microsoft Visual Studio Solution File, Format Version 12.00
# Visual Studio 2012
Project("{2150E333-8FDC-42A3-9474-1A3956D46DE8}") = "Solution Items", "Solution Items", "{E5A0B454-22D4-4694-99FF-D6A8B7DE7DA3}"
	ProjectSection(SolutionItems) = preProject
		Package\.nuspec = Package\.nuspec
		BuildRelease.bat = BuildRelease.bat
		Default.testsettings = Default.testsettings
		FluentAssertions.snk = FluentAssertions.snk
		SolutionInfo.cs = SolutionInfo.cs
	EndProjectSection
EndProject
Project("{2150E333-8FDC-42A3-9474-1A3956D46DE8}") = "Sources", "Sources", "{2D1C52B7-E25D-4BD5-8688-A642A6842AA5}"
EndProject
Project("{2150E333-8FDC-42A3-9474-1A3956D46DE8}") = "Specs", "Specs", "{963262D0-9FD5-4741-8C0E-E2F34F110EF3}"
EndProject
Project("{FAE04EC0-301F-11D3-BF4B-00C04F79EFBC}") = "FluentAssertions.Net35", "FluentAssertions.Net35\FluentAssertions.Net35.csproj", "{B41571A3-A982-40E1-8308-7B70F5DE9CA2}"
EndProject
Project("{FAE04EC0-301F-11D3-BF4B-00C04F79EFBC}") = "FluentAssertions.Specs", "FluentAssertions.Specs\FluentAssertions.Specs.csproj", "{11E362B9-2A11-4452-AD28-1F8AC14AE87B}"
EndProject
Project("{FAE04EC0-301F-11D3-BF4B-00C04F79EFBC}") = "FluentAssertions.Silverlight", "FluentAssertions.Silverlight\FluentAssertions.Silverlight.csproj", "{135391A1-B669-423F-8D8C-04B60DCFB8B1}"
EndProject
Project("{FAE04EC0-301F-11D3-BF4B-00C04F79EFBC}") = "FluentAssertions.Net40", "FluentAssertions.Net40\FluentAssertions.Net40.csproj", "{F673CC6B-5747-466F-9AB5-0C7EAD5E5F95}"
EndProject
Project("{FAE04EC0-301F-11D3-BF4B-00C04F79EFBC}") = "FluentAssertions.Silverlight.Specs", "FluentAssertions.Silverlight.Specs\FluentAssertions.Silverlight.Specs.csproj", "{D09FC2D5-A5E5-4344-9E42-BCED86D21A57}"
EndProject
Project("{FAE04EC0-301F-11D3-BF4B-00C04F79EFBC}") = "FluentAssertions.WindowsPhone", "FluentAssertions.WindowsPhone\FluentAssertions.WindowsPhone.csproj", "{0EC1CB90-4D32-4020-BCDB-0AB290A355C2}"
EndProject
Project("{FAE04EC0-301F-11D3-BF4B-00C04F79EFBC}") = "FluentAssertions.WindowsPhone.Specs", "FluentAssertions.WindowsPhone.Specs\FluentAssertions.WindowsPhone.Specs.csproj", "{16EA57DA-8A0C-4804-BBDF-E9289C87E4E0}"
EndProject
Project("{FAE04EC0-301F-11D3-BF4B-00C04F79EFBC}") = "FluentAssertions.WinRT", "FluentAssertions.WinRT\FluentAssertions.WinRT.csproj", "{CE8A220A-FAA6-469D-B9B8-5F1834685861}"
EndProject
Project("{FAE04EC0-301F-11D3-BF4B-00C04F79EFBC}") = "FluentAssertions.WinRT.Specs", "FluentAssertions.WinRT.Specs\FluentAssertions.WinRT.Specs.csproj", "{F3E17430-FAD7-40AD-BF66-E6F23B70BD92}"
EndProject
Project("{FAE04EC0-301F-11D3-BF4B-00C04F79EFBC}") = "FluentAssertions.Net45", "FluentAssertions.Net45\FluentAssertions.Net45.csproj", "{81D1792F-3C87-49CF-A502-9F232FF3719C}"
EndProject
Project("{FAE04EC0-301F-11D3-BF4B-00C04F79EFBC}") = "FluentAssertions.Net45.Specs", "FluentAssertions.Net45.Specs\FluentAssertions.Net45.Specs.csproj", "{442C9B50-6F91-4CBA-8D4E-B470E5CC3D5F}"
EndProject
Project("{FAE04EC0-301F-11D3-BF4B-00C04F79EFBC}") = "FluentAssertions.Net40.Specs", "FluentAssertions.Net40.Specs\FluentAssertions.Net40.Specs.csproj", "{48AC561C-E086-4CE6-9AA4-D712742E204C}"
EndProject
Project("{FAE04EC0-301F-11D3-BF4B-00C04F79EFBC}") = "FluentAssertions.iOS", "FluentAssertions.iOS\FluentAssertions.iOS.csproj", "{841FCCCF-6284-4868-96EE-23A92DBFD8F8}"
EndProject
Project("{FAE04EC0-301F-11D3-BF4B-00C04F79EFBC}") = "FluentAssertions.iOS.Specs", "FluentAssertions.iOS.Specs\FluentAssertions.iOS.Specs.csproj", "{E8568E2D-EB6E-4742-90A8-671AC91F94BD}"
EndProject
Global
	GlobalSection(SolutionConfigurationPlatforms) = preSolution
		Ad-Hoc|Any CPU = Ad-Hoc|Any CPU
		Ad-Hoc|iPhone = Ad-Hoc|iPhone
		Ad-Hoc|iPhoneSimulator = Ad-Hoc|iPhoneSimulator
		Ad-Hoc|Mixed Platforms = Ad-Hoc|Mixed Platforms
		AppStore|Any CPU = AppStore|Any CPU
		AppStore|iPhone = AppStore|iPhone
		AppStore|iPhoneSimulator = AppStore|iPhoneSimulator
		AppStore|Mixed Platforms = AppStore|Mixed Platforms
		Debug|Any CPU = Debug|Any CPU
		Debug|iPhone = Debug|iPhone
		Debug|iPhoneSimulator = Debug|iPhoneSimulator
		Debug|Mixed Platforms = Debug|Mixed Platforms
		Release|Any CPU = Release|Any CPU
		Release|iPhone = Release|iPhone
		Release|iPhoneSimulator = Release|iPhoneSimulator
		Release|Mixed Platforms = Release|Mixed Platforms
	EndGlobalSection
	GlobalSection(ProjectConfigurationPlatforms) = postSolution
		{B41571A3-A982-40E1-8308-7B70F5DE9CA2}.Ad-Hoc|Any CPU.ActiveCfg = Release|Any CPU
		{B41571A3-A982-40E1-8308-7B70F5DE9CA2}.Ad-Hoc|Any CPU.Build.0 = Release|Any CPU
		{B41571A3-A982-40E1-8308-7B70F5DE9CA2}.Ad-Hoc|iPhone.ActiveCfg = Release|Any CPU
		{B41571A3-A982-40E1-8308-7B70F5DE9CA2}.Ad-Hoc|iPhoneSimulator.ActiveCfg = Release|Any CPU
		{B41571A3-A982-40E1-8308-7B70F5DE9CA2}.Ad-Hoc|Mixed Platforms.ActiveCfg = Release|Any CPU
		{B41571A3-A982-40E1-8308-7B70F5DE9CA2}.Ad-Hoc|Mixed Platforms.Build.0 = Release|Any CPU
		{B41571A3-A982-40E1-8308-7B70F5DE9CA2}.AppStore|Any CPU.ActiveCfg = Release|Any CPU
		{B41571A3-A982-40E1-8308-7B70F5DE9CA2}.AppStore|Any CPU.Build.0 = Release|Any CPU
		{B41571A3-A982-40E1-8308-7B70F5DE9CA2}.AppStore|iPhone.ActiveCfg = Release|Any CPU
		{B41571A3-A982-40E1-8308-7B70F5DE9CA2}.AppStore|iPhoneSimulator.ActiveCfg = Release|Any CPU
		{B41571A3-A982-40E1-8308-7B70F5DE9CA2}.AppStore|Mixed Platforms.ActiveCfg = Release|Any CPU
		{B41571A3-A982-40E1-8308-7B70F5DE9CA2}.AppStore|Mixed Platforms.Build.0 = Release|Any CPU
		{B41571A3-A982-40E1-8308-7B70F5DE9CA2}.Debug|Any CPU.ActiveCfg = Debug|Any CPU
		{B41571A3-A982-40E1-8308-7B70F5DE9CA2}.Debug|Any CPU.Build.0 = Debug|Any CPU
		{B41571A3-A982-40E1-8308-7B70F5DE9CA2}.Debug|iPhone.ActiveCfg = Debug|Any CPU
		{B41571A3-A982-40E1-8308-7B70F5DE9CA2}.Debug|iPhoneSimulator.ActiveCfg = Debug|Any CPU
		{B41571A3-A982-40E1-8308-7B70F5DE9CA2}.Debug|Mixed Platforms.ActiveCfg = Debug|Any CPU
		{B41571A3-A982-40E1-8308-7B70F5DE9CA2}.Debug|Mixed Platforms.Build.0 = Debug|Any CPU
		{B41571A3-A982-40E1-8308-7B70F5DE9CA2}.Release|Any CPU.ActiveCfg = Release|Any CPU
		{B41571A3-A982-40E1-8308-7B70F5DE9CA2}.Release|Any CPU.Build.0 = Release|Any CPU
		{B41571A3-A982-40E1-8308-7B70F5DE9CA2}.Release|iPhone.ActiveCfg = Release|Any CPU
		{B41571A3-A982-40E1-8308-7B70F5DE9CA2}.Release|iPhoneSimulator.ActiveCfg = Release|Any CPU
		{B41571A3-A982-40E1-8308-7B70F5DE9CA2}.Release|Mixed Platforms.ActiveCfg = Release|Any CPU
		{B41571A3-A982-40E1-8308-7B70F5DE9CA2}.Release|Mixed Platforms.Build.0 = Release|Any CPU
		{11E362B9-2A11-4452-AD28-1F8AC14AE87B}.Ad-Hoc|Any CPU.ActiveCfg = Release|Any CPU
		{11E362B9-2A11-4452-AD28-1F8AC14AE87B}.Ad-Hoc|Any CPU.Build.0 = Release|Any CPU
		{11E362B9-2A11-4452-AD28-1F8AC14AE87B}.Ad-Hoc|iPhone.ActiveCfg = Release|Any CPU
		{11E362B9-2A11-4452-AD28-1F8AC14AE87B}.Ad-Hoc|iPhoneSimulator.ActiveCfg = Release|Any CPU
		{11E362B9-2A11-4452-AD28-1F8AC14AE87B}.Ad-Hoc|Mixed Platforms.ActiveCfg = Release|Any CPU
		{11E362B9-2A11-4452-AD28-1F8AC14AE87B}.Ad-Hoc|Mixed Platforms.Build.0 = Release|Any CPU
		{11E362B9-2A11-4452-AD28-1F8AC14AE87B}.AppStore|Any CPU.ActiveCfg = Release|Any CPU
		{11E362B9-2A11-4452-AD28-1F8AC14AE87B}.AppStore|Any CPU.Build.0 = Release|Any CPU
		{11E362B9-2A11-4452-AD28-1F8AC14AE87B}.AppStore|iPhone.ActiveCfg = Release|Any CPU
		{11E362B9-2A11-4452-AD28-1F8AC14AE87B}.AppStore|iPhoneSimulator.ActiveCfg = Release|Any CPU
		{11E362B9-2A11-4452-AD28-1F8AC14AE87B}.AppStore|Mixed Platforms.ActiveCfg = Release|Any CPU
		{11E362B9-2A11-4452-AD28-1F8AC14AE87B}.AppStore|Mixed Platforms.Build.0 = Release|Any CPU
		{11E362B9-2A11-4452-AD28-1F8AC14AE87B}.Debug|Any CPU.ActiveCfg = Debug|Any CPU
		{11E362B9-2A11-4452-AD28-1F8AC14AE87B}.Debug|Any CPU.Build.0 = Debug|Any CPU
		{11E362B9-2A11-4452-AD28-1F8AC14AE87B}.Debug|iPhone.ActiveCfg = Debug|Any CPU
		{11E362B9-2A11-4452-AD28-1F8AC14AE87B}.Debug|iPhoneSimulator.ActiveCfg = Debug|Any CPU
		{11E362B9-2A11-4452-AD28-1F8AC14AE87B}.Debug|Mixed Platforms.ActiveCfg = Debug|Any CPU
		{11E362B9-2A11-4452-AD28-1F8AC14AE87B}.Debug|Mixed Platforms.Build.0 = Debug|Any CPU
		{11E362B9-2A11-4452-AD28-1F8AC14AE87B}.Release|Any CPU.ActiveCfg = Release|Any CPU
		{11E362B9-2A11-4452-AD28-1F8AC14AE87B}.Release|Any CPU.Build.0 = Release|Any CPU
		{11E362B9-2A11-4452-AD28-1F8AC14AE87B}.Release|iPhone.ActiveCfg = Release|Any CPU
		{11E362B9-2A11-4452-AD28-1F8AC14AE87B}.Release|iPhoneSimulator.ActiveCfg = Release|Any CPU
		{11E362B9-2A11-4452-AD28-1F8AC14AE87B}.Release|Mixed Platforms.ActiveCfg = Release|Any CPU
		{11E362B9-2A11-4452-AD28-1F8AC14AE87B}.Release|Mixed Platforms.Build.0 = Release|Any CPU
		{135391A1-B669-423F-8D8C-04B60DCFB8B1}.Ad-Hoc|Any CPU.ActiveCfg = Release|Any CPU
		{135391A1-B669-423F-8D8C-04B60DCFB8B1}.Ad-Hoc|Any CPU.Build.0 = Release|Any CPU
		{135391A1-B669-423F-8D8C-04B60DCFB8B1}.Ad-Hoc|iPhone.ActiveCfg = Release|Any CPU
		{135391A1-B669-423F-8D8C-04B60DCFB8B1}.Ad-Hoc|iPhoneSimulator.ActiveCfg = Release|Any CPU
		{135391A1-B669-423F-8D8C-04B60DCFB8B1}.Ad-Hoc|Mixed Platforms.ActiveCfg = Release|Any CPU
		{135391A1-B669-423F-8D8C-04B60DCFB8B1}.Ad-Hoc|Mixed Platforms.Build.0 = Release|Any CPU
		{135391A1-B669-423F-8D8C-04B60DCFB8B1}.AppStore|Any CPU.ActiveCfg = Release|Any CPU
		{135391A1-B669-423F-8D8C-04B60DCFB8B1}.AppStore|Any CPU.Build.0 = Release|Any CPU
		{135391A1-B669-423F-8D8C-04B60DCFB8B1}.AppStore|iPhone.ActiveCfg = Release|Any CPU
		{135391A1-B669-423F-8D8C-04B60DCFB8B1}.AppStore|iPhoneSimulator.ActiveCfg = Release|Any CPU
		{135391A1-B669-423F-8D8C-04B60DCFB8B1}.AppStore|Mixed Platforms.ActiveCfg = Release|Any CPU
		{135391A1-B669-423F-8D8C-04B60DCFB8B1}.AppStore|Mixed Platforms.Build.0 = Release|Any CPU
		{135391A1-B669-423F-8D8C-04B60DCFB8B1}.Debug|Any CPU.ActiveCfg = Debug|Any CPU
		{135391A1-B669-423F-8D8C-04B60DCFB8B1}.Debug|Any CPU.Build.0 = Debug|Any CPU
		{135391A1-B669-423F-8D8C-04B60DCFB8B1}.Debug|iPhone.ActiveCfg = Debug|Any CPU
		{135391A1-B669-423F-8D8C-04B60DCFB8B1}.Debug|iPhoneSimulator.ActiveCfg = Debug|Any CPU
		{135391A1-B669-423F-8D8C-04B60DCFB8B1}.Debug|Mixed Platforms.ActiveCfg = Debug|Any CPU
		{135391A1-B669-423F-8D8C-04B60DCFB8B1}.Debug|Mixed Platforms.Build.0 = Debug|Any CPU
		{135391A1-B669-423F-8D8C-04B60DCFB8B1}.Release|Any CPU.ActiveCfg = Release|Any CPU
		{135391A1-B669-423F-8D8C-04B60DCFB8B1}.Release|Any CPU.Build.0 = Release|Any CPU
		{135391A1-B669-423F-8D8C-04B60DCFB8B1}.Release|iPhone.ActiveCfg = Release|Any CPU
		{135391A1-B669-423F-8D8C-04B60DCFB8B1}.Release|iPhoneSimulator.ActiveCfg = Release|Any CPU
		{135391A1-B669-423F-8D8C-04B60DCFB8B1}.Release|Mixed Platforms.ActiveCfg = Release|Any CPU
		{135391A1-B669-423F-8D8C-04B60DCFB8B1}.Release|Mixed Platforms.Build.0 = Release|Any CPU
		{F673CC6B-5747-466F-9AB5-0C7EAD5E5F95}.Ad-Hoc|Any CPU.ActiveCfg = Release|Any CPU
		{F673CC6B-5747-466F-9AB5-0C7EAD5E5F95}.Ad-Hoc|Any CPU.Build.0 = Release|Any CPU
		{F673CC6B-5747-466F-9AB5-0C7EAD5E5F95}.Ad-Hoc|iPhone.ActiveCfg = Release|Any CPU
		{F673CC6B-5747-466F-9AB5-0C7EAD5E5F95}.Ad-Hoc|iPhoneSimulator.ActiveCfg = Release|Any CPU
		{F673CC6B-5747-466F-9AB5-0C7EAD5E5F95}.Ad-Hoc|Mixed Platforms.ActiveCfg = Release|Any CPU
		{F673CC6B-5747-466F-9AB5-0C7EAD5E5F95}.Ad-Hoc|Mixed Platforms.Build.0 = Release|Any CPU
		{F673CC6B-5747-466F-9AB5-0C7EAD5E5F95}.AppStore|Any CPU.ActiveCfg = Release|Any CPU
		{F673CC6B-5747-466F-9AB5-0C7EAD5E5F95}.AppStore|Any CPU.Build.0 = Release|Any CPU
		{F673CC6B-5747-466F-9AB5-0C7EAD5E5F95}.AppStore|iPhone.ActiveCfg = Release|Any CPU
		{F673CC6B-5747-466F-9AB5-0C7EAD5E5F95}.AppStore|iPhoneSimulator.ActiveCfg = Release|Any CPU
		{F673CC6B-5747-466F-9AB5-0C7EAD5E5F95}.AppStore|Mixed Platforms.ActiveCfg = Release|Any CPU
		{F673CC6B-5747-466F-9AB5-0C7EAD5E5F95}.AppStore|Mixed Platforms.Build.0 = Release|Any CPU
		{F673CC6B-5747-466F-9AB5-0C7EAD5E5F95}.Debug|Any CPU.ActiveCfg = Debug|Any CPU
		{F673CC6B-5747-466F-9AB5-0C7EAD5E5F95}.Debug|Any CPU.Build.0 = Debug|Any CPU
		{F673CC6B-5747-466F-9AB5-0C7EAD5E5F95}.Debug|iPhone.ActiveCfg = Debug|Any CPU
		{F673CC6B-5747-466F-9AB5-0C7EAD5E5F95}.Debug|iPhoneSimulator.ActiveCfg = Debug|Any CPU
		{F673CC6B-5747-466F-9AB5-0C7EAD5E5F95}.Debug|Mixed Platforms.ActiveCfg = Debug|Any CPU
		{F673CC6B-5747-466F-9AB5-0C7EAD5E5F95}.Debug|Mixed Platforms.Build.0 = Debug|Any CPU
		{F673CC6B-5747-466F-9AB5-0C7EAD5E5F95}.Release|Any CPU.ActiveCfg = Release|Any CPU
		{F673CC6B-5747-466F-9AB5-0C7EAD5E5F95}.Release|Any CPU.Build.0 = Release|Any CPU
		{F673CC6B-5747-466F-9AB5-0C7EAD5E5F95}.Release|iPhone.ActiveCfg = Release|Any CPU
		{F673CC6B-5747-466F-9AB5-0C7EAD5E5F95}.Release|iPhoneSimulator.ActiveCfg = Release|Any CPU
		{F673CC6B-5747-466F-9AB5-0C7EAD5E5F95}.Release|Mixed Platforms.ActiveCfg = Release|Any CPU
		{F673CC6B-5747-466F-9AB5-0C7EAD5E5F95}.Release|Mixed Platforms.Build.0 = Release|Any CPU
		{D09FC2D5-A5E5-4344-9E42-BCED86D21A57}.Ad-Hoc|Any CPU.ActiveCfg = Release|Any CPU
		{D09FC2D5-A5E5-4344-9E42-BCED86D21A57}.Ad-Hoc|Any CPU.Build.0 = Release|Any CPU
		{D09FC2D5-A5E5-4344-9E42-BCED86D21A57}.Ad-Hoc|iPhone.ActiveCfg = Release|Any CPU
		{D09FC2D5-A5E5-4344-9E42-BCED86D21A57}.Ad-Hoc|iPhoneSimulator.ActiveCfg = Release|Any CPU
		{D09FC2D5-A5E5-4344-9E42-BCED86D21A57}.Ad-Hoc|Mixed Platforms.ActiveCfg = Release|Any CPU
		{D09FC2D5-A5E5-4344-9E42-BCED86D21A57}.Ad-Hoc|Mixed Platforms.Build.0 = Release|Any CPU
		{D09FC2D5-A5E5-4344-9E42-BCED86D21A57}.AppStore|Any CPU.ActiveCfg = Release|Any CPU
		{D09FC2D5-A5E5-4344-9E42-BCED86D21A57}.AppStore|Any CPU.Build.0 = Release|Any CPU
		{D09FC2D5-A5E5-4344-9E42-BCED86D21A57}.AppStore|iPhone.ActiveCfg = Release|Any CPU
		{D09FC2D5-A5E5-4344-9E42-BCED86D21A57}.AppStore|iPhoneSimulator.ActiveCfg = Release|Any CPU
		{D09FC2D5-A5E5-4344-9E42-BCED86D21A57}.AppStore|Mixed Platforms.ActiveCfg = Release|Any CPU
		{D09FC2D5-A5E5-4344-9E42-BCED86D21A57}.AppStore|Mixed Platforms.Build.0 = Release|Any CPU
		{D09FC2D5-A5E5-4344-9E42-BCED86D21A57}.Debug|Any CPU.ActiveCfg = Debug|Any CPU
		{D09FC2D5-A5E5-4344-9E42-BCED86D21A57}.Debug|Any CPU.Build.0 = Debug|Any CPU
		{D09FC2D5-A5E5-4344-9E42-BCED86D21A57}.Debug|iPhone.ActiveCfg = Debug|Any CPU
		{D09FC2D5-A5E5-4344-9E42-BCED86D21A57}.Debug|iPhoneSimulator.ActiveCfg = Debug|Any CPU
		{D09FC2D5-A5E5-4344-9E42-BCED86D21A57}.Debug|Mixed Platforms.ActiveCfg = Debug|Any CPU
		{D09FC2D5-A5E5-4344-9E42-BCED86D21A57}.Debug|Mixed Platforms.Build.0 = Debug|Any CPU
		{D09FC2D5-A5E5-4344-9E42-BCED86D21A57}.Release|Any CPU.ActiveCfg = Release|Any CPU
		{D09FC2D5-A5E5-4344-9E42-BCED86D21A57}.Release|Any CPU.Build.0 = Release|Any CPU
		{D09FC2D5-A5E5-4344-9E42-BCED86D21A57}.Release|iPhone.ActiveCfg = Release|Any CPU
		{D09FC2D5-A5E5-4344-9E42-BCED86D21A57}.Release|iPhoneSimulator.ActiveCfg = Release|Any CPU
		{D09FC2D5-A5E5-4344-9E42-BCED86D21A57}.Release|Mixed Platforms.ActiveCfg = Release|Any CPU
		{D09FC2D5-A5E5-4344-9E42-BCED86D21A57}.Release|Mixed Platforms.Build.0 = Release|Any CPU
		{0EC1CB90-4D32-4020-BCDB-0AB290A355C2}.Ad-Hoc|Any CPU.ActiveCfg = Release|Any CPU
		{0EC1CB90-4D32-4020-BCDB-0AB290A355C2}.Ad-Hoc|Any CPU.Build.0 = Release|Any CPU
		{0EC1CB90-4D32-4020-BCDB-0AB290A355C2}.Ad-Hoc|iPhone.ActiveCfg = Release|Any CPU
		{0EC1CB90-4D32-4020-BCDB-0AB290A355C2}.Ad-Hoc|iPhoneSimulator.ActiveCfg = Release|Any CPU
		{0EC1CB90-4D32-4020-BCDB-0AB290A355C2}.Ad-Hoc|Mixed Platforms.ActiveCfg = Release|Any CPU
		{0EC1CB90-4D32-4020-BCDB-0AB290A355C2}.Ad-Hoc|Mixed Platforms.Build.0 = Release|Any CPU
		{0EC1CB90-4D32-4020-BCDB-0AB290A355C2}.AppStore|Any CPU.ActiveCfg = Release|Any CPU
		{0EC1CB90-4D32-4020-BCDB-0AB290A355C2}.AppStore|Any CPU.Build.0 = Release|Any CPU
		{0EC1CB90-4D32-4020-BCDB-0AB290A355C2}.AppStore|iPhone.ActiveCfg = Release|Any CPU
		{0EC1CB90-4D32-4020-BCDB-0AB290A355C2}.AppStore|iPhoneSimulator.ActiveCfg = Release|Any CPU
		{0EC1CB90-4D32-4020-BCDB-0AB290A355C2}.AppStore|Mixed Platforms.ActiveCfg = Release|Any CPU
		{0EC1CB90-4D32-4020-BCDB-0AB290A355C2}.AppStore|Mixed Platforms.Build.0 = Release|Any CPU
		{0EC1CB90-4D32-4020-BCDB-0AB290A355C2}.Debug|Any CPU.ActiveCfg = Debug|Any CPU
		{0EC1CB90-4D32-4020-BCDB-0AB290A355C2}.Debug|Any CPU.Build.0 = Debug|Any CPU
		{0EC1CB90-4D32-4020-BCDB-0AB290A355C2}.Debug|iPhone.ActiveCfg = Debug|Any CPU
		{0EC1CB90-4D32-4020-BCDB-0AB290A355C2}.Debug|iPhoneSimulator.ActiveCfg = Debug|Any CPU
		{0EC1CB90-4D32-4020-BCDB-0AB290A355C2}.Debug|Mixed Platforms.ActiveCfg = Debug|Any CPU
		{0EC1CB90-4D32-4020-BCDB-0AB290A355C2}.Debug|Mixed Platforms.Build.0 = Debug|Any CPU
		{0EC1CB90-4D32-4020-BCDB-0AB290A355C2}.Release|Any CPU.ActiveCfg = Release|Any CPU
		{0EC1CB90-4D32-4020-BCDB-0AB290A355C2}.Release|Any CPU.Build.0 = Release|Any CPU
		{0EC1CB90-4D32-4020-BCDB-0AB290A355C2}.Release|iPhone.ActiveCfg = Release|Any CPU
		{0EC1CB90-4D32-4020-BCDB-0AB290A355C2}.Release|iPhoneSimulator.ActiveCfg = Release|Any CPU
		{0EC1CB90-4D32-4020-BCDB-0AB290A355C2}.Release|Mixed Platforms.ActiveCfg = Release|Any CPU
		{0EC1CB90-4D32-4020-BCDB-0AB290A355C2}.Release|Mixed Platforms.Build.0 = Release|Any CPU
		{16EA57DA-8A0C-4804-BBDF-E9289C87E4E0}.Ad-Hoc|Any CPU.ActiveCfg = Release|Any CPU
		{16EA57DA-8A0C-4804-BBDF-E9289C87E4E0}.Ad-Hoc|Any CPU.Build.0 = Release|Any CPU
		{16EA57DA-8A0C-4804-BBDF-E9289C87E4E0}.Ad-Hoc|Any CPU.Deploy.0 = Release|Any CPU
		{16EA57DA-8A0C-4804-BBDF-E9289C87E4E0}.Ad-Hoc|iPhone.ActiveCfg = Release|Any CPU
		{16EA57DA-8A0C-4804-BBDF-E9289C87E4E0}.Ad-Hoc|iPhoneSimulator.ActiveCfg = Release|Any CPU
		{16EA57DA-8A0C-4804-BBDF-E9289C87E4E0}.Ad-Hoc|Mixed Platforms.ActiveCfg = Release|Any CPU
		{16EA57DA-8A0C-4804-BBDF-E9289C87E4E0}.Ad-Hoc|Mixed Platforms.Build.0 = Release|Any CPU
		{16EA57DA-8A0C-4804-BBDF-E9289C87E4E0}.Ad-Hoc|Mixed Platforms.Deploy.0 = Release|Any CPU
		{16EA57DA-8A0C-4804-BBDF-E9289C87E4E0}.AppStore|Any CPU.ActiveCfg = Release|Any CPU
		{16EA57DA-8A0C-4804-BBDF-E9289C87E4E0}.AppStore|Any CPU.Build.0 = Release|Any CPU
		{16EA57DA-8A0C-4804-BBDF-E9289C87E4E0}.AppStore|Any CPU.Deploy.0 = Release|Any CPU
		{16EA57DA-8A0C-4804-BBDF-E9289C87E4E0}.AppStore|iPhone.ActiveCfg = Release|Any CPU
		{16EA57DA-8A0C-4804-BBDF-E9289C87E4E0}.AppStore|iPhoneSimulator.ActiveCfg = Release|Any CPU
		{16EA57DA-8A0C-4804-BBDF-E9289C87E4E0}.AppStore|Mixed Platforms.ActiveCfg = Release|Any CPU
		{16EA57DA-8A0C-4804-BBDF-E9289C87E4E0}.AppStore|Mixed Platforms.Build.0 = Release|Any CPU
		{16EA57DA-8A0C-4804-BBDF-E9289C87E4E0}.AppStore|Mixed Platforms.Deploy.0 = Release|Any CPU
		{16EA57DA-8A0C-4804-BBDF-E9289C87E4E0}.Debug|Any CPU.ActiveCfg = Debug|Any CPU
		{16EA57DA-8A0C-4804-BBDF-E9289C87E4E0}.Debug|Any CPU.Build.0 = Debug|Any CPU
		{16EA57DA-8A0C-4804-BBDF-E9289C87E4E0}.Debug|Any CPU.Deploy.0 = Debug|Any CPU
		{16EA57DA-8A0C-4804-BBDF-E9289C87E4E0}.Debug|iPhone.ActiveCfg = Debug|Any CPU
		{16EA57DA-8A0C-4804-BBDF-E9289C87E4E0}.Debug|iPhoneSimulator.ActiveCfg = Debug|Any CPU
		{16EA57DA-8A0C-4804-BBDF-E9289C87E4E0}.Debug|Mixed Platforms.ActiveCfg = Debug|Any CPU
		{16EA57DA-8A0C-4804-BBDF-E9289C87E4E0}.Debug|Mixed Platforms.Build.0 = Debug|Any CPU
		{16EA57DA-8A0C-4804-BBDF-E9289C87E4E0}.Debug|Mixed Platforms.Deploy.0 = Debug|Any CPU
		{16EA57DA-8A0C-4804-BBDF-E9289C87E4E0}.Release|Any CPU.ActiveCfg = Release|Any CPU
		{16EA57DA-8A0C-4804-BBDF-E9289C87E4E0}.Release|Any CPU.Build.0 = Release|Any CPU
		{16EA57DA-8A0C-4804-BBDF-E9289C87E4E0}.Release|Any CPU.Deploy.0 = Release|Any CPU
		{16EA57DA-8A0C-4804-BBDF-E9289C87E4E0}.Release|iPhone.ActiveCfg = Release|Any CPU
		{16EA57DA-8A0C-4804-BBDF-E9289C87E4E0}.Release|iPhoneSimulator.ActiveCfg = Release|Any CPU
		{16EA57DA-8A0C-4804-BBDF-E9289C87E4E0}.Release|Mixed Platforms.ActiveCfg = Release|Any CPU
		{16EA57DA-8A0C-4804-BBDF-E9289C87E4E0}.Release|Mixed Platforms.Build.0 = Release|Any CPU
		{16EA57DA-8A0C-4804-BBDF-E9289C87E4E0}.Release|Mixed Platforms.Deploy.0 = Release|Any CPU
		{CE8A220A-FAA6-469D-B9B8-5F1834685861}.Ad-Hoc|Any CPU.ActiveCfg = Release|Any CPU
		{CE8A220A-FAA6-469D-B9B8-5F1834685861}.Ad-Hoc|Any CPU.Build.0 = Release|Any CPU
		{CE8A220A-FAA6-469D-B9B8-5F1834685861}.Ad-Hoc|iPhone.ActiveCfg = Release|Any CPU
		{CE8A220A-FAA6-469D-B9B8-5F1834685861}.Ad-Hoc|iPhoneSimulator.ActiveCfg = Release|Any CPU
		{CE8A220A-FAA6-469D-B9B8-5F1834685861}.Ad-Hoc|Mixed Platforms.ActiveCfg = Release|Any CPU
		{CE8A220A-FAA6-469D-B9B8-5F1834685861}.Ad-Hoc|Mixed Platforms.Build.0 = Release|Any CPU
		{CE8A220A-FAA6-469D-B9B8-5F1834685861}.AppStore|Any CPU.ActiveCfg = Release|Any CPU
		{CE8A220A-FAA6-469D-B9B8-5F1834685861}.AppStore|Any CPU.Build.0 = Release|Any CPU
		{CE8A220A-FAA6-469D-B9B8-5F1834685861}.AppStore|iPhone.ActiveCfg = Release|Any CPU
		{CE8A220A-FAA6-469D-B9B8-5F1834685861}.AppStore|iPhoneSimulator.ActiveCfg = Release|Any CPU
		{CE8A220A-FAA6-469D-B9B8-5F1834685861}.AppStore|Mixed Platforms.ActiveCfg = Release|Any CPU
		{CE8A220A-FAA6-469D-B9B8-5F1834685861}.AppStore|Mixed Platforms.Build.0 = Release|Any CPU
		{CE8A220A-FAA6-469D-B9B8-5F1834685861}.Debug|Any CPU.ActiveCfg = Debug|Any CPU
		{CE8A220A-FAA6-469D-B9B8-5F1834685861}.Debug|Any CPU.Build.0 = Debug|Any CPU
		{CE8A220A-FAA6-469D-B9B8-5F1834685861}.Debug|iPhone.ActiveCfg = Debug|Any CPU
		{CE8A220A-FAA6-469D-B9B8-5F1834685861}.Debug|iPhoneSimulator.ActiveCfg = Debug|Any CPU
		{CE8A220A-FAA6-469D-B9B8-5F1834685861}.Debug|Mixed Platforms.ActiveCfg = Debug|Any CPU
		{CE8A220A-FAA6-469D-B9B8-5F1834685861}.Debug|Mixed Platforms.Build.0 = Debug|Any CPU
		{CE8A220A-FAA6-469D-B9B8-5F1834685861}.Release|Any CPU.ActiveCfg = Release|Any CPU
		{CE8A220A-FAA6-469D-B9B8-5F1834685861}.Release|Any CPU.Build.0 = Release|Any CPU
		{CE8A220A-FAA6-469D-B9B8-5F1834685861}.Release|iPhone.ActiveCfg = Release|Any CPU
		{CE8A220A-FAA6-469D-B9B8-5F1834685861}.Release|iPhoneSimulator.ActiveCfg = Release|Any CPU
		{CE8A220A-FAA6-469D-B9B8-5F1834685861}.Release|Mixed Platforms.ActiveCfg = Release|Any CPU
		{CE8A220A-FAA6-469D-B9B8-5F1834685861}.Release|Mixed Platforms.Build.0 = Release|Any CPU
		{F3E17430-FAD7-40AD-BF66-E6F23B70BD92}.Ad-Hoc|Any CPU.ActiveCfg = Release|Any CPU
		{F3E17430-FAD7-40AD-BF66-E6F23B70BD92}.Ad-Hoc|Any CPU.Build.0 = Release|Any CPU
		{F3E17430-FAD7-40AD-BF66-E6F23B70BD92}.Ad-Hoc|Any CPU.Deploy.0 = Release|Any CPU
		{F3E17430-FAD7-40AD-BF66-E6F23B70BD92}.Ad-Hoc|iPhone.ActiveCfg = Release|Any CPU
		{F3E17430-FAD7-40AD-BF66-E6F23B70BD92}.Ad-Hoc|iPhoneSimulator.ActiveCfg = Release|Any CPU
		{F3E17430-FAD7-40AD-BF66-E6F23B70BD92}.Ad-Hoc|Mixed Platforms.ActiveCfg = Release|Any CPU
		{F3E17430-FAD7-40AD-BF66-E6F23B70BD92}.Ad-Hoc|Mixed Platforms.Build.0 = Release|Any CPU
		{F3E17430-FAD7-40AD-BF66-E6F23B70BD92}.Ad-Hoc|Mixed Platforms.Deploy.0 = Release|Any CPU
		{F3E17430-FAD7-40AD-BF66-E6F23B70BD92}.AppStore|Any CPU.ActiveCfg = Release|Any CPU
		{F3E17430-FAD7-40AD-BF66-E6F23B70BD92}.AppStore|Any CPU.Build.0 = Release|Any CPU
		{F3E17430-FAD7-40AD-BF66-E6F23B70BD92}.AppStore|Any CPU.Deploy.0 = Release|Any CPU
		{F3E17430-FAD7-40AD-BF66-E6F23B70BD92}.AppStore|iPhone.ActiveCfg = Release|Any CPU
		{F3E17430-FAD7-40AD-BF66-E6F23B70BD92}.AppStore|iPhoneSimulator.ActiveCfg = Release|Any CPU
		{F3E17430-FAD7-40AD-BF66-E6F23B70BD92}.AppStore|Mixed Platforms.ActiveCfg = Release|Any CPU
		{F3E17430-FAD7-40AD-BF66-E6F23B70BD92}.AppStore|Mixed Platforms.Build.0 = Release|Any CPU
		{F3E17430-FAD7-40AD-BF66-E6F23B70BD92}.AppStore|Mixed Platforms.Deploy.0 = Release|Any CPU
		{F3E17430-FAD7-40AD-BF66-E6F23B70BD92}.Debug|Any CPU.ActiveCfg = Debug|Any CPU
		{F3E17430-FAD7-40AD-BF66-E6F23B70BD92}.Debug|Any CPU.Build.0 = Debug|Any CPU
		{F3E17430-FAD7-40AD-BF66-E6F23B70BD92}.Debug|Any CPU.Deploy.0 = Debug|Any CPU
		{F3E17430-FAD7-40AD-BF66-E6F23B70BD92}.Debug|iPhone.ActiveCfg = Debug|Any CPU
		{F3E17430-FAD7-40AD-BF66-E6F23B70BD92}.Debug|iPhoneSimulator.ActiveCfg = Debug|Any CPU
		{F3E17430-FAD7-40AD-BF66-E6F23B70BD92}.Debug|Mixed Platforms.ActiveCfg = Debug|Any CPU
		{F3E17430-FAD7-40AD-BF66-E6F23B70BD92}.Debug|Mixed Platforms.Build.0 = Debug|Any CPU
		{F3E17430-FAD7-40AD-BF66-E6F23B70BD92}.Debug|Mixed Platforms.Deploy.0 = Debug|Any CPU
		{F3E17430-FAD7-40AD-BF66-E6F23B70BD92}.Release|Any CPU.ActiveCfg = Release|Any CPU
		{F3E17430-FAD7-40AD-BF66-E6F23B70BD92}.Release|Any CPU.Build.0 = Release|Any CPU
		{F3E17430-FAD7-40AD-BF66-E6F23B70BD92}.Release|iPhone.ActiveCfg = Release|Any CPU
		{F3E17430-FAD7-40AD-BF66-E6F23B70BD92}.Release|iPhoneSimulator.ActiveCfg = Release|Any CPU
		{F3E17430-FAD7-40AD-BF66-E6F23B70BD92}.Release|Mixed Platforms.ActiveCfg = Release|Any CPU
		{F3E17430-FAD7-40AD-BF66-E6F23B70BD92}.Release|Mixed Platforms.Build.0 = Release|Any CPU
		{F3E17430-FAD7-40AD-BF66-E6F23B70BD92}.Release|Mixed Platforms.Deploy.0 = Release|Any CPU
		{81D1792F-3C87-49CF-A502-9F232FF3719C}.Ad-Hoc|Any CPU.ActiveCfg = Release|Any CPU
		{81D1792F-3C87-49CF-A502-9F232FF3719C}.Ad-Hoc|Any CPU.Build.0 = Release|Any CPU
		{81D1792F-3C87-49CF-A502-9F232FF3719C}.Ad-Hoc|iPhone.ActiveCfg = Release|Any CPU
		{81D1792F-3C87-49CF-A502-9F232FF3719C}.Ad-Hoc|iPhoneSimulator.ActiveCfg = Release|Any CPU
		{81D1792F-3C87-49CF-A502-9F232FF3719C}.Ad-Hoc|Mixed Platforms.ActiveCfg = Release|Any CPU
		{81D1792F-3C87-49CF-A502-9F232FF3719C}.Ad-Hoc|Mixed Platforms.Build.0 = Release|Any CPU
		{81D1792F-3C87-49CF-A502-9F232FF3719C}.AppStore|Any CPU.ActiveCfg = Release|Any CPU
		{81D1792F-3C87-49CF-A502-9F232FF3719C}.AppStore|Any CPU.Build.0 = Release|Any CPU
		{81D1792F-3C87-49CF-A502-9F232FF3719C}.AppStore|iPhone.ActiveCfg = Release|Any CPU
		{81D1792F-3C87-49CF-A502-9F232FF3719C}.AppStore|iPhoneSimulator.ActiveCfg = Release|Any CPU
		{81D1792F-3C87-49CF-A502-9F232FF3719C}.AppStore|Mixed Platforms.ActiveCfg = Release|Any CPU
		{81D1792F-3C87-49CF-A502-9F232FF3719C}.AppStore|Mixed Platforms.Build.0 = Release|Any CPU
		{81D1792F-3C87-49CF-A502-9F232FF3719C}.Debug|Any CPU.ActiveCfg = Debug|Any CPU
		{81D1792F-3C87-49CF-A502-9F232FF3719C}.Debug|Any CPU.Build.0 = Debug|Any CPU
		{81D1792F-3C87-49CF-A502-9F232FF3719C}.Debug|iPhone.ActiveCfg = Debug|Any CPU
		{81D1792F-3C87-49CF-A502-9F232FF3719C}.Debug|iPhoneSimulator.ActiveCfg = Debug|Any CPU
		{81D1792F-3C87-49CF-A502-9F232FF3719C}.Debug|Mixed Platforms.ActiveCfg = Debug|Any CPU
		{81D1792F-3C87-49CF-A502-9F232FF3719C}.Debug|Mixed Platforms.Build.0 = Debug|Any CPU
		{81D1792F-3C87-49CF-A502-9F232FF3719C}.Release|Any CPU.ActiveCfg = Release|Any CPU
		{81D1792F-3C87-49CF-A502-9F232FF3719C}.Release|Any CPU.Build.0 = Release|Any CPU
		{81D1792F-3C87-49CF-A502-9F232FF3719C}.Release|iPhone.ActiveCfg = Release|Any CPU
		{81D1792F-3C87-49CF-A502-9F232FF3719C}.Release|iPhoneSimulator.ActiveCfg = Release|Any CPU
		{81D1792F-3C87-49CF-A502-9F232FF3719C}.Release|Mixed Platforms.ActiveCfg = Release|Any CPU
		{81D1792F-3C87-49CF-A502-9F232FF3719C}.Release|Mixed Platforms.Build.0 = Release|Any CPU
		{442C9B50-6F91-4CBA-8D4E-B470E5CC3D5F}.Ad-Hoc|Any CPU.ActiveCfg = Release|Any CPU
		{442C9B50-6F91-4CBA-8D4E-B470E5CC3D5F}.Ad-Hoc|Any CPU.Build.0 = Release|Any CPU
		{442C9B50-6F91-4CBA-8D4E-B470E5CC3D5F}.Ad-Hoc|iPhone.ActiveCfg = Release|Any CPU
		{442C9B50-6F91-4CBA-8D4E-B470E5CC3D5F}.Ad-Hoc|iPhoneSimulator.ActiveCfg = Release|Any CPU
		{442C9B50-6F91-4CBA-8D4E-B470E5CC3D5F}.Ad-Hoc|Mixed Platforms.ActiveCfg = Release|Any CPU
		{442C9B50-6F91-4CBA-8D4E-B470E5CC3D5F}.Ad-Hoc|Mixed Platforms.Build.0 = Release|Any CPU
		{442C9B50-6F91-4CBA-8D4E-B470E5CC3D5F}.AppStore|Any CPU.ActiveCfg = Release|Any CPU
		{442C9B50-6F91-4CBA-8D4E-B470E5CC3D5F}.AppStore|Any CPU.Build.0 = Release|Any CPU
		{442C9B50-6F91-4CBA-8D4E-B470E5CC3D5F}.AppStore|iPhone.ActiveCfg = Release|Any CPU
		{442C9B50-6F91-4CBA-8D4E-B470E5CC3D5F}.AppStore|iPhoneSimulator.ActiveCfg = Release|Any CPU
		{442C9B50-6F91-4CBA-8D4E-B470E5CC3D5F}.AppStore|Mixed Platforms.ActiveCfg = Release|Any CPU
		{442C9B50-6F91-4CBA-8D4E-B470E5CC3D5F}.AppStore|Mixed Platforms.Build.0 = Release|Any CPU
		{442C9B50-6F91-4CBA-8D4E-B470E5CC3D5F}.Debug|Any CPU.ActiveCfg = Debug|Any CPU
		{442C9B50-6F91-4CBA-8D4E-B470E5CC3D5F}.Debug|Any CPU.Build.0 = Debug|Any CPU
		{442C9B50-6F91-4CBA-8D4E-B470E5CC3D5F}.Debug|iPhone.ActiveCfg = Debug|Any CPU
		{442C9B50-6F91-4CBA-8D4E-B470E5CC3D5F}.Debug|iPhoneSimulator.ActiveCfg = Debug|Any CPU
		{442C9B50-6F91-4CBA-8D4E-B470E5CC3D5F}.Debug|Mixed Platforms.ActiveCfg = Debug|Any CPU
		{442C9B50-6F91-4CBA-8D4E-B470E5CC3D5F}.Debug|Mixed Platforms.Build.0 = Debug|Any CPU
		{442C9B50-6F91-4CBA-8D4E-B470E5CC3D5F}.Release|Any CPU.ActiveCfg = Release|Any CPU
		{442C9B50-6F91-4CBA-8D4E-B470E5CC3D5F}.Release|Any CPU.Build.0 = Release|Any CPU
		{442C9B50-6F91-4CBA-8D4E-B470E5CC3D5F}.Release|iPhone.ActiveCfg = Release|Any CPU
		{442C9B50-6F91-4CBA-8D4E-B470E5CC3D5F}.Release|iPhoneSimulator.ActiveCfg = Release|Any CPU
		{442C9B50-6F91-4CBA-8D4E-B470E5CC3D5F}.Release|Mixed Platforms.ActiveCfg = Release|Any CPU
		{442C9B50-6F91-4CBA-8D4E-B470E5CC3D5F}.Release|Mixed Platforms.Build.0 = Release|Any CPU
		{48AC561C-E086-4CE6-9AA4-D712742E204C}.Ad-Hoc|Any CPU.ActiveCfg = Release|Any CPU
		{48AC561C-E086-4CE6-9AA4-D712742E204C}.Ad-Hoc|Any CPU.Build.0 = Release|Any CPU
		{48AC561C-E086-4CE6-9AA4-D712742E204C}.Ad-Hoc|iPhone.ActiveCfg = Release|Any CPU
		{48AC561C-E086-4CE6-9AA4-D712742E204C}.Ad-Hoc|iPhoneSimulator.ActiveCfg = Release|Any CPU
		{48AC561C-E086-4CE6-9AA4-D712742E204C}.Ad-Hoc|Mixed Platforms.ActiveCfg = Release|Any CPU
		{48AC561C-E086-4CE6-9AA4-D712742E204C}.Ad-Hoc|Mixed Platforms.Build.0 = Release|Any CPU
		{48AC561C-E086-4CE6-9AA4-D712742E204C}.AppStore|Any CPU.ActiveCfg = Release|Any CPU
		{48AC561C-E086-4CE6-9AA4-D712742E204C}.AppStore|Any CPU.Build.0 = Release|Any CPU
		{48AC561C-E086-4CE6-9AA4-D712742E204C}.AppStore|iPhone.ActiveCfg = Release|Any CPU
		{48AC561C-E086-4CE6-9AA4-D712742E204C}.AppStore|iPhoneSimulator.ActiveCfg = Release|Any CPU
		{48AC561C-E086-4CE6-9AA4-D712742E204C}.AppStore|Mixed Platforms.ActiveCfg = Release|Any CPU
		{48AC561C-E086-4CE6-9AA4-D712742E204C}.AppStore|Mixed Platforms.Build.0 = Release|Any CPU
		{48AC561C-E086-4CE6-9AA4-D712742E204C}.Debug|Any CPU.ActiveCfg = Debug|Any CPU
		{48AC561C-E086-4CE6-9AA4-D712742E204C}.Debug|Any CPU.Build.0 = Debug|Any CPU
		{48AC561C-E086-4CE6-9AA4-D712742E204C}.Debug|iPhone.ActiveCfg = Debug|Any CPU
		{48AC561C-E086-4CE6-9AA4-D712742E204C}.Debug|iPhoneSimulator.ActiveCfg = Debug|Any CPU
		{48AC561C-E086-4CE6-9AA4-D712742E204C}.Debug|Mixed Platforms.ActiveCfg = Debug|Any CPU
		{48AC561C-E086-4CE6-9AA4-D712742E204C}.Debug|Mixed Platforms.Build.0 = Debug|Any CPU
		{48AC561C-E086-4CE6-9AA4-D712742E204C}.Release|Any CPU.ActiveCfg = Release|Any CPU
		{48AC561C-E086-4CE6-9AA4-D712742E204C}.Release|Any CPU.Build.0 = Release|Any CPU
		{48AC561C-E086-4CE6-9AA4-D712742E204C}.Release|iPhone.ActiveCfg = Release|Any CPU
		{48AC561C-E086-4CE6-9AA4-D712742E204C}.Release|iPhoneSimulator.ActiveCfg = Release|Any CPU
		{48AC561C-E086-4CE6-9AA4-D712742E204C}.Release|Mixed Platforms.ActiveCfg = Release|Any CPU
		{48AC561C-E086-4CE6-9AA4-D712742E204C}.Release|Mixed Platforms.Build.0 = Release|Any CPU
		{841FCCCF-6284-4868-96EE-23A92DBFD8F8}.Ad-Hoc|Any CPU.ActiveCfg = Release|Any CPU
		{841FCCCF-6284-4868-96EE-23A92DBFD8F8}.Ad-Hoc|Any CPU.Build.0 = Release|Any CPU
		{841FCCCF-6284-4868-96EE-23A92DBFD8F8}.Ad-Hoc|iPhone.ActiveCfg = Release|Any CPU
		{841FCCCF-6284-4868-96EE-23A92DBFD8F8}.Ad-Hoc|iPhoneSimulator.ActiveCfg = Release|Any CPU
		{841FCCCF-6284-4868-96EE-23A92DBFD8F8}.Ad-Hoc|Mixed Platforms.ActiveCfg = Release|Any CPU
		{841FCCCF-6284-4868-96EE-23A92DBFD8F8}.Ad-Hoc|Mixed Platforms.Build.0 = Release|Any CPU
		{841FCCCF-6284-4868-96EE-23A92DBFD8F8}.AppStore|Any CPU.ActiveCfg = Release|Any CPU
		{841FCCCF-6284-4868-96EE-23A92DBFD8F8}.AppStore|Any CPU.Build.0 = Release|Any CPU
		{841FCCCF-6284-4868-96EE-23A92DBFD8F8}.AppStore|iPhone.ActiveCfg = Release|Any CPU
		{841FCCCF-6284-4868-96EE-23A92DBFD8F8}.AppStore|iPhoneSimulator.ActiveCfg = Release|Any CPU
		{841FCCCF-6284-4868-96EE-23A92DBFD8F8}.AppStore|Mixed Platforms.ActiveCfg = Release|Any CPU
		{841FCCCF-6284-4868-96EE-23A92DBFD8F8}.AppStore|Mixed Platforms.Build.0 = Release|Any CPU
		{841FCCCF-6284-4868-96EE-23A92DBFD8F8}.Debug|Any CPU.ActiveCfg = Debug|Any CPU
		{841FCCCF-6284-4868-96EE-23A92DBFD8F8}.Debug|Any CPU.Build.0 = Debug|Any CPU
		{841FCCCF-6284-4868-96EE-23A92DBFD8F8}.Debug|iPhone.ActiveCfg = Debug|Any CPU
		{841FCCCF-6284-4868-96EE-23A92DBFD8F8}.Debug|iPhone.Build.0 = Debug|Any CPU
		{841FCCCF-6284-4868-96EE-23A92DBFD8F8}.Debug|iPhoneSimulator.ActiveCfg = Debug|Any CPU
		{841FCCCF-6284-4868-96EE-23A92DBFD8F8}.Debug|iPhoneSimulator.Build.0 = Debug|Any CPU
		{841FCCCF-6284-4868-96EE-23A92DBFD8F8}.Debug|Mixed Platforms.ActiveCfg = Debug|Any CPU
		{841FCCCF-6284-4868-96EE-23A92DBFD8F8}.Debug|Mixed Platforms.Build.0 = Debug|Any CPU
		{841FCCCF-6284-4868-96EE-23A92DBFD8F8}.Release|Any CPU.ActiveCfg = Release|Any CPU
		{841FCCCF-6284-4868-96EE-23A92DBFD8F8}.Release|Any CPU.Build.0 = Release|Any CPU
		{841FCCCF-6284-4868-96EE-23A92DBFD8F8}.Release|iPhone.ActiveCfg = Release|Any CPU
		{841FCCCF-6284-4868-96EE-23A92DBFD8F8}.Release|iPhone.Build.0 = Release|Any CPU
		{841FCCCF-6284-4868-96EE-23A92DBFD8F8}.Release|iPhoneSimulator.ActiveCfg = Release|Any CPU
		{841FCCCF-6284-4868-96EE-23A92DBFD8F8}.Release|iPhoneSimulator.Build.0 = Release|Any CPU
		{841FCCCF-6284-4868-96EE-23A92DBFD8F8}.Release|Mixed Platforms.ActiveCfg = Release|Any CPU
		{841FCCCF-6284-4868-96EE-23A92DBFD8F8}.Release|Mixed Platforms.Build.0 = Release|Any CPU
		{E8568E2D-EB6E-4742-90A8-671AC91F94BD}.Ad-Hoc|Any CPU.ActiveCfg = Ad-Hoc|iPhone
		{E8568E2D-EB6E-4742-90A8-671AC91F94BD}.Ad-Hoc|iPhone.ActiveCfg = Ad-Hoc|iPhone
		{E8568E2D-EB6E-4742-90A8-671AC91F94BD}.Ad-Hoc|iPhone.Build.0 = Ad-Hoc|iPhone
		{E8568E2D-EB6E-4742-90A8-671AC91F94BD}.Ad-Hoc|iPhone.Deploy.0 = Ad-Hoc|iPhone
		{E8568E2D-EB6E-4742-90A8-671AC91F94BD}.Ad-Hoc|iPhoneSimulator.ActiveCfg = Ad-Hoc|iPhoneSimulator
		{E8568E2D-EB6E-4742-90A8-671AC91F94BD}.Ad-Hoc|iPhoneSimulator.Build.0 = Ad-Hoc|iPhoneSimulator
		{E8568E2D-EB6E-4742-90A8-671AC91F94BD}.Ad-Hoc|iPhoneSimulator.Deploy.0 = Ad-Hoc|iPhoneSimulator
		{E8568E2D-EB6E-4742-90A8-671AC91F94BD}.Ad-Hoc|Mixed Platforms.ActiveCfg = Ad-Hoc|iPhone
		{E8568E2D-EB6E-4742-90A8-671AC91F94BD}.Ad-Hoc|Mixed Platforms.Build.0 = Ad-Hoc|iPhone
		{E8568E2D-EB6E-4742-90A8-671AC91F94BD}.Ad-Hoc|Mixed Platforms.Deploy.0 = Ad-Hoc|iPhone
		{E8568E2D-EB6E-4742-90A8-671AC91F94BD}.AppStore|Any CPU.ActiveCfg = AppStore|iPhone
		{E8568E2D-EB6E-4742-90A8-671AC91F94BD}.AppStore|iPhone.ActiveCfg = AppStore|iPhone
		{E8568E2D-EB6E-4742-90A8-671AC91F94BD}.AppStore|iPhone.Build.0 = AppStore|iPhone
		{E8568E2D-EB6E-4742-90A8-671AC91F94BD}.AppStore|iPhone.Deploy.0 = AppStore|iPhone
		{E8568E2D-EB6E-4742-90A8-671AC91F94BD}.AppStore|iPhoneSimulator.ActiveCfg = AppStore|iPhoneSimulator
		{E8568E2D-EB6E-4742-90A8-671AC91F94BD}.AppStore|iPhoneSimulator.Build.0 = AppStore|iPhoneSimulator
		{E8568E2D-EB6E-4742-90A8-671AC91F94BD}.AppStore|iPhoneSimulator.Deploy.0 = AppStore|iPhoneSimulator
		{E8568E2D-EB6E-4742-90A8-671AC91F94BD}.AppStore|Mixed Platforms.ActiveCfg = AppStore|iPhone
		{E8568E2D-EB6E-4742-90A8-671AC91F94BD}.AppStore|Mixed Platforms.Build.0 = AppStore|iPhone
		{E8568E2D-EB6E-4742-90A8-671AC91F94BD}.AppStore|Mixed Platforms.Deploy.0 = AppStore|iPhone
		{E8568E2D-EB6E-4742-90A8-671AC91F94BD}.Debug|Any CPU.ActiveCfg = Debug|iPhone
		{E8568E2D-EB6E-4742-90A8-671AC91F94BD}.Debug|iPhone.ActiveCfg = Debug|iPhone
		{E8568E2D-EB6E-4742-90A8-671AC91F94BD}.Debug|iPhone.Build.0 = Debug|iPhone
		{E8568E2D-EB6E-4742-90A8-671AC91F94BD}.Debug|iPhone.Deploy.0 = Debug|iPhone
		{E8568E2D-EB6E-4742-90A8-671AC91F94BD}.Debug|iPhoneSimulator.ActiveCfg = Debug|iPhoneSimulator
		{E8568E2D-EB6E-4742-90A8-671AC91F94BD}.Debug|iPhoneSimulator.Build.0 = Debug|iPhoneSimulator
		{E8568E2D-EB6E-4742-90A8-671AC91F94BD}.Debug|iPhoneSimulator.Deploy.0 = Debug|iPhoneSimulator
		{E8568E2D-EB6E-4742-90A8-671AC91F94BD}.Debug|Mixed Platforms.ActiveCfg = Debug|iPhone
		{E8568E2D-EB6E-4742-90A8-671AC91F94BD}.Debug|Mixed Platforms.Build.0 = Debug|iPhone
		{E8568E2D-EB6E-4742-90A8-671AC91F94BD}.Debug|Mixed Platforms.Deploy.0 = Debug|iPhone
		{E8568E2D-EB6E-4742-90A8-671AC91F94BD}.Release|Any CPU.ActiveCfg = Release|iPhone
		{E8568E2D-EB6E-4742-90A8-671AC91F94BD}.Release|iPhone.ActiveCfg = Release|iPhone
		{E8568E2D-EB6E-4742-90A8-671AC91F94BD}.Release|iPhone.Build.0 = Release|iPhone
		{E8568E2D-EB6E-4742-90A8-671AC91F94BD}.Release|iPhone.Deploy.0 = Release|iPhone
		{E8568E2D-EB6E-4742-90A8-671AC91F94BD}.Release|iPhoneSimulator.ActiveCfg = Release|iPhoneSimulator
		{E8568E2D-EB6E-4742-90A8-671AC91F94BD}.Release|iPhoneSimulator.Build.0 = Release|iPhoneSimulator
		{E8568E2D-EB6E-4742-90A8-671AC91F94BD}.Release|iPhoneSimulator.Deploy.0 = Release|iPhoneSimulator
		{E8568E2D-EB6E-4742-90A8-671AC91F94BD}.Release|Mixed Platforms.ActiveCfg = Release|iPhone
		{E8568E2D-EB6E-4742-90A8-671AC91F94BD}.Release|Mixed Platforms.Build.0 = Release|iPhone
		{E8568E2D-EB6E-4742-90A8-671AC91F94BD}.Release|Mixed Platforms.Deploy.0 = Release|iPhone
	EndGlobalSection
	GlobalSection(SolutionProperties) = preSolution
		HideSolutionNode = FALSE
	EndGlobalSection
	GlobalSection(NestedProjects) = preSolution
		{B41571A3-A982-40E1-8308-7B70F5DE9CA2} = {2D1C52B7-E25D-4BD5-8688-A642A6842AA5}
		{135391A1-B669-423F-8D8C-04B60DCFB8B1} = {2D1C52B7-E25D-4BD5-8688-A642A6842AA5}
		{F673CC6B-5747-466F-9AB5-0C7EAD5E5F95} = {2D1C52B7-E25D-4BD5-8688-A642A6842AA5}
		{0EC1CB90-4D32-4020-BCDB-0AB290A355C2} = {2D1C52B7-E25D-4BD5-8688-A642A6842AA5}
		{CE8A220A-FAA6-469D-B9B8-5F1834685861} = {2D1C52B7-E25D-4BD5-8688-A642A6842AA5}
		{81D1792F-3C87-49CF-A502-9F232FF3719C} = {2D1C52B7-E25D-4BD5-8688-A642A6842AA5}
		{841FCCCF-6284-4868-96EE-23A92DBFD8F8} = {2D1C52B7-E25D-4BD5-8688-A642A6842AA5}
		{11E362B9-2A11-4452-AD28-1F8AC14AE87B} = {963262D0-9FD5-4741-8C0E-E2F34F110EF3}
		{D09FC2D5-A5E5-4344-9E42-BCED86D21A57} = {963262D0-9FD5-4741-8C0E-E2F34F110EF3}
		{16EA57DA-8A0C-4804-BBDF-E9289C87E4E0} = {963262D0-9FD5-4741-8C0E-E2F34F110EF3}
		{F3E17430-FAD7-40AD-BF66-E6F23B70BD92} = {963262D0-9FD5-4741-8C0E-E2F34F110EF3}
		{442C9B50-6F91-4CBA-8D4E-B470E5CC3D5F} = {963262D0-9FD5-4741-8C0E-E2F34F110EF3}
		{48AC561C-E086-4CE6-9AA4-D712742E204C} = {963262D0-9FD5-4741-8C0E-E2F34F110EF3}
		{E8568E2D-EB6E-4742-90A8-671AC91F94BD} = {963262D0-9FD5-4741-8C0E-E2F34F110EF3}
	EndGlobalSection
EndGlobal
