
Microsoft Visual Studio Solution File, Format Version 11.00
# Visual Studio 2010
Project("{2150E333-8FDC-42A3-9474-1A3956D46DE8}") = "Solution Items", "Solution Items", "{E5A0B454-22D4-4694-99FF-D6A8B7DE7DA3}"
	ProjectSection(SolutionItems) = preProject
		FluentAssertions2.vsmdi = FluentAssertions2.vsmdi
		LocalTestRun.testrunconfig = LocalTestRun.testrunconfig
		SolutionInfo.cs = SolutionInfo.cs
	EndProjectSection
EndProject
Project("{FAE04EC0-301F-11D3-BF4B-00C04F79EFBC}") = "FluentAssertions", "FluentAssertions\FluentAssertions.csproj", "{B41571A3-A982-40E1-8308-7B70F5DE9CA2}"
EndProject
Project("{FAE04EC0-301F-11D3-BF4B-00C04F79EFBC}") = "FluentAssertions.Specs", "FluentAssertionSpecs\FluentAssertions.Specs.csproj", "{11E362B9-2A11-4452-AD28-1F8AC14AE87B}"
EndProject
Project("{FAE04EC0-301F-11D3-BF4B-00C04F79EFBC}") = "FluentAssertions.Silverlight", "FluentAssertions.Silverlight3\FluentAssertions.Silverlight.csproj", "{135391A1-B669-423F-8D8C-04B60DCFB8B1}"
EndProject
Project("{FAE04EC0-301F-11D3-BF4B-00C04F79EFBC}") = "FluentAssertions.VS2010", "FluentAssertions.Net40\FluentAssertions.VS2010.csproj", "{F673CC6B-5747-466F-9AB5-0C7EAD5E5F95}"
EndProject
Global
	GlobalSection(TeamFoundationVersionControl) = preSolution
		SccNumberOfProjects = 5
		SccEnterpriseProvider = {4CA58AB2-18FA-4F8D-95D4-32DDF27D184C}
		SccTeamFoundationServer = https://tfs05.codeplex.com/
		SccLocalPath0 = .
		SccProjectUniqueName1 = FluentAssertionSpecs\\FluentAssertions.Specs.csproj
		SccProjectName1 = FluentAssertionSpecs
		SccLocalPath1 = FluentAssertionSpecs
		SccProjectUniqueName2 = FluentAssertions.Silverlight3\\FluentAssertions.Silverlight.csproj
		SccProjectName2 = FluentAssertions.Silverlight3
		SccLocalPath2 = FluentAssertions.Silverlight3
		SccProjectUniqueName3 = FluentAssertions.Net40\\FluentAssertions.Vs2010.csproj
		SccProjectName3 = FluentAssertions.Net40
		SccLocalPath3 = FluentAssertions.Net40
		SccProjectUniqueName4 = FluentAssertions\\FluentAssertions.csproj
		SccProjectName4 = FluentAssertions
		SccLocalPath4 = FluentAssertions
	EndGlobalSection
	GlobalSection(TestCaseManagementSettings) = postSolution
		CategoryFile = FluentAssertions2.vsmdi
	EndGlobalSection
	GlobalSection(SolutionConfigurationPlatforms) = preSolution
		Debug|Any CPU = Debug|Any CPU
		Release MSTest|Any CPU = Release MSTest|Any CPU
		Release NUnit|Any CPU = Release NUnit|Any CPU
		Release xUnit|Any CPU = Release xUnit|Any CPU
		Release|Any CPU = Release|Any CPU
	EndGlobalSection
	GlobalSection(ProjectConfigurationPlatforms) = postSolution
		{B41571A3-A982-40E1-8308-7B70F5DE9CA2}.Debug|Any CPU.ActiveCfg = Debug|Any CPU
		{B41571A3-A982-40E1-8308-7B70F5DE9CA2}.Debug|Any CPU.Build.0 = Debug|Any CPU
		{B41571A3-A982-40E1-8308-7B70F5DE9CA2}.Release MSTest|Any CPU.ActiveCfg = Release MSTest|Any CPU
		{B41571A3-A982-40E1-8308-7B70F5DE9CA2}.Release MSTest|Any CPU.Build.0 = Release MSTest|Any CPU
		{B41571A3-A982-40E1-8308-7B70F5DE9CA2}.Release NUnit|Any CPU.ActiveCfg = Release NUnit|Any CPU
		{B41571A3-A982-40E1-8308-7B70F5DE9CA2}.Release NUnit|Any CPU.Build.0 = Release NUnit|Any CPU
		{B41571A3-A982-40E1-8308-7B70F5DE9CA2}.Release xUnit|Any CPU.ActiveCfg = Release xUnit|Any CPU
		{B41571A3-A982-40E1-8308-7B70F5DE9CA2}.Release xUnit|Any CPU.Build.0 = Release xUnit|Any CPU
		{B41571A3-A982-40E1-8308-7B70F5DE9CA2}.Release|Any CPU.ActiveCfg = Release xUnit|Any CPU
		{B41571A3-A982-40E1-8308-7B70F5DE9CA2}.Release|Any CPU.Build.0 = Release xUnit|Any CPU
		{11E362B9-2A11-4452-AD28-1F8AC14AE87B}.Debug|Any CPU.ActiveCfg = Debug|Any CPU
		{11E362B9-2A11-4452-AD28-1F8AC14AE87B}.Debug|Any CPU.Build.0 = Debug|Any CPU
		{11E362B9-2A11-4452-AD28-1F8AC14AE87B}.Release MSTest|Any CPU.ActiveCfg = Release|Any CPU
		{11E362B9-2A11-4452-AD28-1F8AC14AE87B}.Release MSTest|Any CPU.Build.0 = Release|Any CPU
		{11E362B9-2A11-4452-AD28-1F8AC14AE87B}.Release NUnit|Any CPU.ActiveCfg = Release|Any CPU
		{11E362B9-2A11-4452-AD28-1F8AC14AE87B}.Release NUnit|Any CPU.Build.0 = Release|Any CPU
		{11E362B9-2A11-4452-AD28-1F8AC14AE87B}.Release xUnit|Any CPU.ActiveCfg = Release|Any CPU
		{11E362B9-2A11-4452-AD28-1F8AC14AE87B}.Release xUnit|Any CPU.Build.0 = Release|Any CPU
		{11E362B9-2A11-4452-AD28-1F8AC14AE87B}.Release|Any CPU.ActiveCfg = Release|Any CPU
		{11E362B9-2A11-4452-AD28-1F8AC14AE87B}.Release|Any CPU.Build.0 = Release|Any CPU
		{135391A1-B669-423F-8D8C-04B60DCFB8B1}.Debug|Any CPU.ActiveCfg = Debug|Any CPU
		{135391A1-B669-423F-8D8C-04B60DCFB8B1}.Debug|Any CPU.Build.0 = Debug|Any CPU
		{135391A1-B669-423F-8D8C-04B60DCFB8B1}.Release MSTest|Any CPU.ActiveCfg = Release|Any CPU
		{135391A1-B669-423F-8D8C-04B60DCFB8B1}.Release MSTest|Any CPU.Build.0 = Release|Any CPU
		{135391A1-B669-423F-8D8C-04B60DCFB8B1}.Release NUnit|Any CPU.ActiveCfg = Release|Any CPU
		{135391A1-B669-423F-8D8C-04B60DCFB8B1}.Release NUnit|Any CPU.Build.0 = Release|Any CPU
		{135391A1-B669-423F-8D8C-04B60DCFB8B1}.Release xUnit|Any CPU.ActiveCfg = Release|Any CPU
		{135391A1-B669-423F-8D8C-04B60DCFB8B1}.Release xUnit|Any CPU.Build.0 = Release|Any CPU
		{135391A1-B669-423F-8D8C-04B60DCFB8B1}.Release|Any CPU.ActiveCfg = Release|Any CPU
		{135391A1-B669-423F-8D8C-04B60DCFB8B1}.Release|Any CPU.Build.0 = Release|Any CPU
		{F673CC6B-5747-466F-9AB5-0C7EAD5E5F95}.Debug|Any CPU.ActiveCfg = Debug|Any CPU
		{F673CC6B-5747-466F-9AB5-0C7EAD5E5F95}.Debug|Any CPU.Build.0 = Debug|Any CPU
		{F673CC6B-5747-466F-9AB5-0C7EAD5E5F95}.Release MSTest|Any CPU.ActiveCfg = Release|Any CPU
		{F673CC6B-5747-466F-9AB5-0C7EAD5E5F95}.Release MSTest|Any CPU.Build.0 = Release|Any CPU
		{F673CC6B-5747-466F-9AB5-0C7EAD5E5F95}.Release NUnit|Any CPU.ActiveCfg = Release|Any CPU
		{F673CC6B-5747-466F-9AB5-0C7EAD5E5F95}.Release NUnit|Any CPU.Build.0 = Release|Any CPU
		{F673CC6B-5747-466F-9AB5-0C7EAD5E5F95}.Release xUnit|Any CPU.ActiveCfg = Release|Any CPU
		{F673CC6B-5747-466F-9AB5-0C7EAD5E5F95}.Release xUnit|Any CPU.Build.0 = Release|Any CPU
		{F673CC6B-5747-466F-9AB5-0C7EAD5E5F95}.Release|Any CPU.ActiveCfg = Release|Any CPU
		{F673CC6B-5747-466F-9AB5-0C7EAD5E5F95}.Release|Any CPU.Build.0 = Release|Any CPU
	EndGlobalSection
	GlobalSection(SolutionProperties) = preSolution
		HideSolutionNode = FALSE
	EndGlobalSection
EndGlobal
