{
  "version": 1,
  "dependencies": {
    "net6.0": {
      "coverlet.collector": {
        "type": "Direct",
        "requested": "[6.0.4, )",
        "resolved": "6.0.4",
        "contentHash": "lkhqpF8Pu2Y7IiN7OntbsTtdbpR1syMsm2F3IgX6ootA4ffRqWL5jF7XipHuZQTdVuWG/gVAAcf8mjk8Tz0xPg=="
      },
      "CSharpGuidelinesAnalyzer": {
        "type": "Direct",
        "requested": "[3.8.5, )",
        "resolved": "3.8.5",
        "contentHash": "B6wCJI2akqID1NowxX+5NAvokUoZBSbXANHREwSfLrrvtaZVuMIG33855hVJXVO8gSuo/b/Wr5H9xxWf75cV7A=="
      },
      "Machine.Specifications": {
        "type": "Direct",
        "requested": "[1.1.3, )",
        "resolved": "1.1.3",
        "contentHash": "m2rn8iZUwf5AF6WJgqkWOuvZ52HfvXyw3QLN/rNyWAOyjGgeGhNdsNbwnm9QanD68KpUeijtGkRQn+d07J4xLQ==",
        "dependencies": {
          "NETStandard.Library": "1.6.0",
          "System.Diagnostics.TextWriterTraceListener": "4.0.0",
          "System.Diagnostics.TraceSource": "4.0.0",
          "System.Reflection": "4.1.0",
          "System.Reflection.Extensions": "4.0.1",
          "System.Reflection.TypeExtensions": "4.1.0",
          "System.Threading.ThreadPool": "4.3.0",
          "System.Xml.XPath": "4.0.1",
          "System.Xml.XPath.XDocument": "4.0.1"
        }
      },
      "Machine.Specifications.Runner.VisualStudio": {
        "type": "Direct",
        "requested": "[2.10.2, )",
        "resolved": "2.10.2",
        "contentHash": "LU8yUTBiYqMvVCAaE3aJ1lVm1BjDpibcdTRFsUhZqyhw+9qkaZCTr5YpH6xAMyTvWbV431ftBHTZnNK6BxzVmw==",
        "dependencies": {
          "Mono.Cecil": "[0.10.0, 0.11.0)"
        }
      },
      "Meziantou.Analyzer": {
        "type": "Direct",
        "requested": "[2.0.212, )",
        "resolved": "2.0.212",
        "contentHash": "U91ktjjTRTccUs3Lk+hrLD9vW+2+lhnsOf4G1GpRSJi1pLn3uK5CU6wGP9Bmz1KlJs6Oz1GGoMhxQBoqQsmAuQ=="
      },
      "Microsoft.CodeAnalysis.BannedApiAnalyzers": {
        "type": "Direct",
        "requested": "[4.14.0, )",
        "resolved": "4.14.0",
        "contentHash": "gSWJlDWwmDhtbrEJGiHqvEjz9KthIiFD0qYB8zZ6a7z+xpMSPEtM9yTYELSa58iFWYlzSRqP9FXO6KoT3+ZMtg=="
      },
      "Microsoft.NET.Test.Sdk": {
        "type": "Direct",
        "requested": "[17.13.0, )",
        "resolved": "17.13.0",
        "contentHash": "W19wCPizaIC9Zh47w8wWI/yxuqR7/dtABwOrc8r2jX/8mUNxM2vw4fXDh+DJTeogxV+KzKwg5jNNGQVwf3LXyA==",
        "dependencies": {
          "Microsoft.CodeCoverage": "17.13.0",
          "Microsoft.TestPlatform.TestHost": "17.13.0"
        }
      },
      "Roslynator.Analyzers": {
        "type": "Direct",
        "requested": "[4.14.0, )",
        "resolved": "4.14.0",
        "contentHash": "AEWQMrb1rcmjv9FGzrwYSBb4INhDhsauS+wwTumG0wq8N1Il+CIQHqUZJ7bt0zYJEA1qXSqgpg8Fgwc88WrR/Q=="
      },
      "StyleCop.Analyzers": {
        "type": "Direct",
        "requested": "[1.2.0-beta.556, )",
        "resolved": "1.2.0-beta.556",
        "contentHash": "llRPgmA1fhC0I0QyFLEcjvtM2239QzKr/tcnbsjArLMJxJlu0AA5G7Fft0OI30pHF3MW63Gf4aSSsjc5m82J1Q==",
        "dependencies": {
          "StyleCop.Analyzers.Unstable": "1.2.0.556"
        }
      },
      "Microsoft.CodeCoverage": {
        "type": "Transitive",
        "resolved": "17.13.0",
        "contentHash": "9LIUy0y+DvUmEPtbRDw6Bay3rzwqFV8P4efTrK4CZhQle3M/QwLPjISghfcolmEGAPWxuJi6m98ZEfk4VR4Lfg=="
      },
      "Microsoft.NETCore.Platforms": {
        "type": "Transitive",
        "resolved": "1.1.0",
        "contentHash": "kz0PEW2lhqygehI/d6XsPCQzD7ff7gUJaVGPVETX611eadGsA3A877GdSlU0LRVMCTH/+P3o2iDTak+S08V2+A=="
      },
      "Microsoft.NETCore.Targets": {
        "type": "Transitive",
        "resolved": "1.1.0",
        "contentHash": "aOZA3BWfz9RXjpzt0sRJJMjAscAUm3Hoa4UWAfceV9UTYxgwZ1lZt5nO2myFf+/jetYQo4uTP7zS8sJY67BBxg=="
      },
      "Microsoft.TestPlatform.ObjectModel": {
        "type": "Transitive",
        "resolved": "17.13.0",
        "contentHash": "bt0E0Dx+iqW97o4A59RCmUmz/5NarJ7LRL+jXbSHod72ibL5XdNm1Ke+UO5tFhBG4VwHLcSjqq9BUSblGNWamw==",
        "dependencies": {
          "System.Reflection.Metadata": "1.6.0"
        }
      },
      "Microsoft.TestPlatform.TestHost": {
        "type": "Transitive",
        "resolved": "17.13.0",
        "contentHash": "9GGw08Dc3AXspjekdyTdZ/wYWFlxbgcF0s7BKxzVX+hzAwpifDOdxM+ceVaaJSQOwqt3jtuNlHn3XTpKUS9x9Q==",
        "dependencies": {
          "Microsoft.TestPlatform.ObjectModel": "17.13.0",
          "Newtonsoft.Json": "13.0.1"
        }
      },
      "Microsoft.Win32.Primitives": {
        "type": "Transitive",
        "resolved": "4.0.1",
        "contentHash": "fQnBHO9DgcmkC9dYSJoBqo6sH1VJwJprUHh8F3hbcRlxiQiBUuTntdk8tUwV490OqC2kQUrinGwZyQHTieuXRA==",
        "dependencies": {
          "Microsoft.NETCore.Platforms": "1.0.1",
          "Microsoft.NETCore.Targets": "1.0.1",
          "System.Runtime": "4.1.0"
        }
      },
      "Mono.Cecil": {
        "type": "Transitive",
        "resolved": "0.10.0",
        "contentHash": "nHSF7wvyZRPAGXl49zgULPFubXHpsXlOH9RXFRUKb0TX0/tKkKljci6yBszVNI09PIDNQ8IP9WJTYvmBkMbbHw==",
        "dependencies": {
          "System.Collections": "4.0.11",
          "System.IO.FileSystem": "4.0.1",
          "System.IO.FileSystem.Primitives": "4.0.1",
          "System.Reflection": "4.1.0",
          "System.Runtime.Extensions": "4.1.0",
          "System.Security.Cryptography.Algorithms": "4.2.0",
          "System.Security.Cryptography.Csp": "4.0.0",
          "System.Threading": "4.0.11"
        }
      },
      "NETStandard.Library": {
        "type": "Transitive",
        "resolved": "1.6.0",
        "contentHash": "ypsCvIdCZ4IoYASJHt6tF2fMo7N30NLgV1EbmC+snO490OMl9FvVxmumw14rhReWU3j3g7BYudG6YCrchwHJlA==",
        "dependencies": {
          "Microsoft.NETCore.Platforms": "1.0.1",
          "Microsoft.Win32.Primitives": "4.0.1",
          "System.AppContext": "4.1.0",
          "System.Collections": "4.0.11",
          "System.Collections.Concurrent": "4.0.12",
          "System.Console": "4.0.0",
          "System.Diagnostics.Debug": "4.0.11",
          "System.Diagnostics.Tools": "4.0.1",
          "System.Diagnostics.Tracing": "4.1.0",
          "System.Globalization": "4.0.11",
          "System.Globalization.Calendars": "4.0.1",
          "System.IO": "4.1.0",
          "System.IO.Compression": "4.1.0",
          "System.IO.Compression.ZipFile": "4.0.1",
          "System.IO.FileSystem": "4.0.1",
          "System.IO.FileSystem.Primitives": "4.0.1",
          "System.Linq": "4.1.0",
          "System.Linq.Expressions": "4.1.0",
          "System.Net.Http": "4.1.0",
          "System.Net.Primitives": "4.0.11",
          "System.Net.Sockets": "4.1.0",
          "System.ObjectModel": "4.0.12",
          "System.Reflection": "4.1.0",
          "System.Reflection.Extensions": "4.0.1",
          "System.Reflection.Primitives": "4.0.1",
          "System.Resources.ResourceManager": "4.0.1",
          "System.Runtime": "4.1.0",
          "System.Runtime.Extensions": "4.1.0",
          "System.Runtime.Handles": "4.0.1",
          "System.Runtime.InteropServices": "4.1.0",
          "System.Runtime.InteropServices.RuntimeInformation": "4.0.0",
          "System.Runtime.Numerics": "4.0.1",
          "System.Security.Cryptography.Algorithms": "4.2.0",
          "System.Security.Cryptography.Encoding": "4.0.0",
          "System.Security.Cryptography.Primitives": "4.0.0",
          "System.Security.Cryptography.X509Certificates": "4.1.0",
          "System.Text.Encoding": "4.0.11",
          "System.Text.Encoding.Extensions": "4.0.11",
          "System.Text.RegularExpressions": "4.1.0",
          "System.Threading": "4.0.11",
          "System.Threading.Tasks": "4.0.11",
          "System.Threading.Timer": "4.0.1",
          "System.Xml.ReaderWriter": "4.0.11",
          "System.Xml.XDocument": "4.0.11"
        }
      },
      "Newtonsoft.Json": {
        "type": "Transitive",
        "resolved": "13.0.1",
        "contentHash": "ppPFpBcvxdsfUonNcvITKqLl3bqxWbDCZIzDWHzjpdAHRFfZe0Dw9HmA0+za13IdyrgJwpkDTDA9fHaxOrt20A=="
      },
      "runtime.native.System": {
        "type": "Transitive",
        "resolved": "4.0.0",
        "contentHash": "QfS/nQI7k/BLgmLrw7qm7YBoULEvgWnPI+cYsbfCVFTW8Aj+i8JhccxcFMu1RWms0YZzF+UHguNBK4Qn89e2Sg==",
        "dependencies": {
          "Microsoft.NETCore.Platforms": "1.0.1",
          "Microsoft.NETCore.Targets": "1.0.1"
        }
      },
      "runtime.native.System.IO.Compression": {
        "type": "Transitive",
        "resolved": "4.1.0",
        "contentHash": "Ob7nvnJBox1aaB222zSVZSkf4WrebPG4qFscfK7vmD7P7NxoSxACQLtO7ytWpqXDn2wcd/+45+EAZ7xjaPip8A==",
        "dependencies": {
          "Microsoft.NETCore.Platforms": "1.0.1",
          "Microsoft.NETCore.Targets": "1.0.1"
        }
      },
      "runtime.native.System.Net.Http": {
        "type": "Transitive",
        "resolved": "4.0.1",
        "contentHash": "Nh0UPZx2Vifh8r+J+H2jxifZUD3sBrmolgiFWJd2yiNrxO0xTa6bAw3YwRn1VOiSen/tUXMS31ttNItCZ6lKuA==",
        "dependencies": {
          "Microsoft.NETCore.Platforms": "1.0.1",
          "Microsoft.NETCore.Targets": "1.0.1"
        }
      },
      "runtime.native.System.Security.Cryptography": {
        "type": "Transitive",
        "resolved": "4.0.0",
        "contentHash": "2CQK0jmO6Eu7ZeMgD+LOFbNJSXHFVQbCJJkEyEwowh1SCgYnrn9W9RykMfpeeVGw7h4IBvYikzpGUlmZTUafJw==",
        "dependencies": {
          "Microsoft.NETCore.Platforms": "1.0.1",
          "Microsoft.NETCore.Targets": "1.0.1"
        }
      },
      "StyleCop.Analyzers.Unstable": {
        "type": "Transitive",
        "resolved": "1.2.0.556",
        "contentHash": "zvn9Mqs/ox/83cpYPignI8hJEM2A93s2HkHs8HYMOAQW0PkampyoErAiIyKxgTLqbbad29HX/shv/6LGSjPJNQ=="
      },
      "System.AppContext": {
        "type": "Transitive",
        "resolved": "4.1.0",
        "contentHash": "3QjO4jNV7PdKkmQAVp9atA+usVnKRwI3Kx1nMwJ93T0LcQfx7pKAYk0nKz5wn1oP5iqlhZuy6RXOFdhr7rDwow==",
        "dependencies": {
          "System.Runtime": "4.1.0"
        }
      },
      "System.Buffers": {
        "type": "Transitive",
        "resolved": "4.0.0",
        "contentHash": "msXumHfjjURSkvxUjYuq4N2ghHoRi2VpXcKMA7gK6ujQfU3vGpl+B6ld0ATRg+FZFpRyA6PgEPA+VlIkTeNf2w==",
        "dependencies": {
          "System.Diagnostics.Debug": "4.0.11",
          "System.Diagnostics.Tracing": "4.1.0",
          "System.Resources.ResourceManager": "4.0.1",
          "System.Runtime": "4.1.0",
          "System.Threading": "4.0.11"
        }
      },
      "System.Collections": {
        "type": "Transitive",
        "resolved": "4.0.11",
        "contentHash": "YUJGz6eFKqS0V//mLt25vFGrrCvOnsXjlvFQs+KimpwNxug9x0Pzy4PlFMU3Q2IzqAa9G2L4LsK3+9vCBK7oTg==",
        "dependencies": {
          "Microsoft.NETCore.Platforms": "1.0.1",
          "Microsoft.NETCore.Targets": "1.0.1",
          "System.Runtime": "4.1.0"
        }
      },
      "System.Collections.Concurrent": {
        "type": "Transitive",
        "resolved": "4.0.12",
        "contentHash": "2gBcbb3drMLgxlI0fBfxMA31ec6AEyYCHygGse4vxceJan8mRIWeKJ24BFzN7+bi/NFTgdIgufzb94LWO5EERQ==",
        "dependencies": {
          "System.Collections": "4.0.11",
          "System.Diagnostics.Debug": "4.0.11",
          "System.Diagnostics.Tracing": "4.1.0",
          "System.Globalization": "4.0.11",
          "System.Reflection": "4.1.0",
          "System.Resources.ResourceManager": "4.0.1",
          "System.Runtime": "4.1.0",
          "System.Runtime.Extensions": "4.1.0",
          "System.Threading": "4.0.11",
          "System.Threading.Tasks": "4.0.11"
        }
      },
      "System.Console": {
        "type": "Transitive",
        "resolved": "4.0.0",
        "contentHash": "qSKUSOIiYA/a0g5XXdxFcUFmv1hNICBD7QZ0QhGYVipPIhvpiydY8VZqr1thmCXvmn8aipMg64zuanB4eotK9A==",
        "dependencies": {
          "Microsoft.NETCore.Platforms": "1.0.1",
          "Microsoft.NETCore.Targets": "1.0.1",
          "System.IO": "4.1.0",
          "System.Runtime": "4.1.0",
          "System.Text.Encoding": "4.0.11"
        }
      },
      "System.Diagnostics.Debug": {
        "type": "Transitive",
        "resolved": "4.0.11",
        "contentHash": "w5U95fVKHY4G8ASs/K5iK3J5LY+/dLFd4vKejsnI/ZhBsWS9hQakfx3Zr7lRWKg4tAw9r4iktyvsTagWkqYCiw==",
        "dependencies": {
          "Microsoft.NETCore.Platforms": "1.0.1",
          "Microsoft.NETCore.Targets": "1.0.1",
          "System.Runtime": "4.1.0"
        }
      },
      "System.Diagnostics.DiagnosticSource": {
        "type": "Transitive",
        "resolved": "4.0.0",
        "contentHash": "YKglnq4BMTJxfcr6nuT08g+yJ0UxdePIHxosiLuljuHIUR6t4KhFsyaHOaOc1Ofqp0PUvJ0EmcgiEz6T7vEx3w==",
        "dependencies": {
          "System.Collections": "4.0.11",
          "System.Diagnostics.Tracing": "4.1.0",
          "System.Reflection": "4.1.0",
          "System.Runtime": "4.1.0",
          "System.Threading": "4.0.11"
        }
      },
      "System.Diagnostics.TextWriterTraceListener": {
        "type": "Transitive",
        "resolved": "4.0.0",
        "contentHash": "w36Dr8yKy8xP150qPANe7Td+/zOI3G62ImRcHDIEW+oUXUuTKZHd4DHmqRx5+x8RXd85v3tXd1uhNTfsr+yxjA==",
        "dependencies": {
          "System.Diagnostics.TraceSource": "4.0.0",
          "System.Globalization": "4.0.11",
          "System.IO": "4.1.0",
          "System.Resources.ResourceManager": "4.0.1",
          "System.Runtime": "4.1.0",
          "System.Threading": "4.0.11"
        }
      },
      "System.Diagnostics.Tools": {
        "type": "Transitive",
        "resolved": "4.0.1",
        "contentHash": "xBfJ8pnd4C17dWaC9FM6aShzbJcRNMChUMD42I6772KGGrqaFdumwhn9OdM68erj1ueNo3xdQ1EwiFjK5k8p0g==",
        "dependencies": {
          "Microsoft.NETCore.Platforms": "1.0.1",
          "Microsoft.NETCore.Targets": "1.0.1",
          "System.Runtime": "4.1.0"
        }
      },
      "System.Diagnostics.TraceSource": {
        "type": "Transitive",
        "resolved": "4.0.0",
        "contentHash": "6WVCczFZKXwpWpzd/iJkYnsmWTSFFiU24Xx/YdHXBcu+nFI/ehTgeqdJQFbtRPzbrO3KtRNjvkhtj4t5/WwWsA==",
        "dependencies": {
          "Microsoft.NETCore.Platforms": "1.0.1",
          "System.Collections": "4.0.11",
          "System.Diagnostics.Debug": "4.0.11",
          "System.Globalization": "4.0.11",
          "System.Resources.ResourceManager": "4.0.1",
          "System.Runtime": "4.1.0",
          "System.Runtime.Extensions": "4.1.0",
          "System.Threading": "4.0.11",
          "runtime.native.System": "4.0.0"
        }
      },
      "System.Diagnostics.Tracing": {
        "type": "Transitive",
        "resolved": "4.1.0",
        "contentHash": "vDN1PoMZCkkdNjvZLql592oYJZgS7URcJzJ7bxeBgGtx5UtR5leNm49VmfHGqIffX4FKacHbI3H6UyNSHQknBg==",
        "dependencies": {
          "Microsoft.NETCore.Platforms": "1.0.1",
          "Microsoft.NETCore.Targets": "1.0.1",
          "System.Runtime": "4.1.0"
        }
      },
      "System.Globalization": {
        "type": "Transitive",
        "resolved": "4.0.11",
        "contentHash": "B95h0YLEL2oSnwF/XjqSWKnwKOy/01VWkNlsCeMTFJLLabflpGV26nK164eRs5GiaRSBGpOxQ3pKoSnnyZN5pg==",
        "dependencies": {
          "Microsoft.NETCore.Platforms": "1.0.1",
          "Microsoft.NETCore.Targets": "1.0.1",
          "System.Runtime": "4.1.0"
        }
      },
      "System.Globalization.Calendars": {
        "type": "Transitive",
        "resolved": "4.0.1",
        "contentHash": "L1c6IqeQ88vuzC1P81JeHmHA8mxq8a18NUBNXnIY/BVb+TCyAaGIFbhpZt60h9FJNmisymoQkHEFSE9Vslja1Q==",
        "dependencies": {
          "Microsoft.NETCore.Platforms": "1.0.1",
          "Microsoft.NETCore.Targets": "1.0.1",
          "System.Globalization": "4.0.11",
          "System.Runtime": "4.1.0"
        }
      },
      "System.Globalization.Extensions": {
        "type": "Transitive",
        "resolved": "4.0.1",
        "contentHash": "KKo23iKeOaIg61SSXwjANN7QYDr/3op3OWGGzDzz7mypx0Za0fZSeG0l6cco8Ntp8YMYkIQcAqlk8yhm5/Uhcg==",
        "dependencies": {
          "Microsoft.NETCore.Platforms": "1.0.1",
          "System.Globalization": "4.0.11",
          "System.Resources.ResourceManager": "4.0.1",
          "System.Runtime": "4.1.0",
          "System.Runtime.Extensions": "4.1.0",
          "System.Runtime.InteropServices": "4.1.0"
        }
      },
      "System.IO": {
        "type": "Transitive",
        "resolved": "4.1.0",
        "contentHash": "3KlTJceQc3gnGIaHZ7UBZO26SHL1SHE4ddrmiwumFnId+CEHP+O8r386tZKaE6zlk5/mF8vifMBzHj9SaXN+mQ==",
        "dependencies": {
          "Microsoft.NETCore.Platforms": "1.0.1",
          "Microsoft.NETCore.Targets": "1.0.1",
          "System.Runtime": "4.1.0",
          "System.Text.Encoding": "4.0.11",
          "System.Threading.Tasks": "4.0.11"
        }
      },
      "System.IO.Compression": {
        "type": "Transitive",
        "resolved": "4.1.0",
        "contentHash": "TjnBS6eztThSzeSib+WyVbLzEdLKUcEHN69VtS3u8aAsSc18FU6xCZlNWWsEd8SKcXAE+y1sOu7VbU8sUeM0sg==",
        "dependencies": {
          "Microsoft.NETCore.Platforms": "1.0.1",
          "System.Collections": "4.0.11",
          "System.Diagnostics.Debug": "4.0.11",
          "System.IO": "4.1.0",
          "System.Resources.ResourceManager": "4.0.1",
          "System.Runtime": "4.1.0",
          "System.Runtime.Extensions": "4.1.0",
          "System.Runtime.Handles": "4.0.1",
          "System.Runtime.InteropServices": "4.1.0",
          "System.Text.Encoding": "4.0.11",
          "System.Threading": "4.0.11",
          "System.Threading.Tasks": "4.0.11",
          "runtime.native.System": "4.0.0",
          "runtime.native.System.IO.Compression": "4.1.0"
        }
      },
      "System.IO.Compression.ZipFile": {
        "type": "Transitive",
        "resolved": "4.0.1",
        "contentHash": "hBQYJzfTbQURF10nLhd+az2NHxsU6MU7AB8RUf4IolBP5lOAm4Luho851xl+CqslmhI5ZH/el8BlngEk4lBkaQ==",
        "dependencies": {
          "System.Buffers": "4.0.0",
          "System.IO": "4.1.0",
          "System.IO.Compression": "4.1.0",
          "System.IO.FileSystem": "4.0.1",
          "System.IO.FileSystem.Primitives": "4.0.1",
          "System.Resources.ResourceManager": "4.0.1",
          "System.Runtime": "4.1.0",
          "System.Runtime.Extensions": "4.1.0",
          "System.Text.Encoding": "4.0.11"
        }
      },
      "System.IO.FileSystem": {
        "type": "Transitive",
        "resolved": "4.0.1",
        "contentHash": "IBErlVq5jOggAD69bg1t0pJcHaDbJbWNUZTPI96fkYWzwYbN6D9wRHMULLDd9dHsl7C2YsxXL31LMfPI1SWt8w==",
        "dependencies": {
          "Microsoft.NETCore.Platforms": "1.0.1",
          "Microsoft.NETCore.Targets": "1.0.1",
          "System.IO": "4.1.0",
          "System.IO.FileSystem.Primitives": "4.0.1",
          "System.Runtime": "4.1.0",
          "System.Runtime.Handles": "4.0.1",
          "System.Text.Encoding": "4.0.11",
          "System.Threading.Tasks": "4.0.11"
        }
      },
      "System.IO.FileSystem.Primitives": {
        "type": "Transitive",
        "resolved": "4.0.1",
        "contentHash": "kWkKD203JJKxJeE74p8aF8y4Qc9r9WQx4C0cHzHPrY3fv/L/IhWnyCHaFJ3H1QPOH6A93whlQ2vG5nHlBDvzWQ==",
        "dependencies": {
          "System.Runtime": "4.1.0"
        }
      },
      "System.Linq": {
        "type": "Transitive",
        "resolved": "4.1.0",
        "contentHash": "bQ0iYFOQI0nuTnt+NQADns6ucV4DUvMdwN6CbkB1yj8i7arTGiTN5eok1kQwdnnNWSDZfIUySQY+J3d5KjWn0g==",
        "dependencies": {
          "System.Collections": "4.0.11",
          "System.Diagnostics.Debug": "4.0.11",
          "System.Resources.ResourceManager": "4.0.1",
          "System.Runtime": "4.1.0",
          "System.Runtime.Extensions": "4.1.0"
        }
      },
      "System.Linq.Expressions": {
        "type": "Transitive",
        "resolved": "4.1.0",
        "contentHash": "I+y02iqkgmCAyfbqOmSDOgqdZQ5tTj80Akm5BPSS8EeB0VGWdy6X1KCoYe8Pk6pwDoAKZUOdLVxnTJcExiv5zw==",
        "dependencies": {
          "System.Collections": "4.0.11",
          "System.Diagnostics.Debug": "4.0.11",
          "System.Globalization": "4.0.11",
          "System.IO": "4.1.0",
          "System.Linq": "4.1.0",
          "System.ObjectModel": "4.0.12",
          "System.Reflection": "4.1.0",
          "System.Reflection.Emit": "4.0.1",
          "System.Reflection.Emit.ILGeneration": "4.0.1",
          "System.Reflection.Emit.Lightweight": "4.0.1",
          "System.Reflection.Extensions": "4.0.1",
          "System.Reflection.Primitives": "4.0.1",
          "System.Reflection.TypeExtensions": "4.1.0",
          "System.Resources.ResourceManager": "4.0.1",
          "System.Runtime": "4.1.0",
          "System.Runtime.Extensions": "4.1.0",
          "System.Threading": "4.0.11"
        }
      },
      "System.Net.Http": {
        "type": "Transitive",
        "resolved": "4.1.0",
        "contentHash": "ULq9g3SOPVuupt+Y3U+A37coXzdNisB1neFCSKzBwo182u0RDddKJF8I5+HfyXqK6OhJPgeoAwWXrbiUXuRDsg==",
        "dependencies": {
          "Microsoft.NETCore.Platforms": "1.0.1",
          "System.Collections": "4.0.11",
          "System.Diagnostics.Debug": "4.0.11",
          "System.Diagnostics.DiagnosticSource": "4.0.0",
          "System.Diagnostics.Tracing": "4.1.0",
          "System.Globalization": "4.0.11",
          "System.Globalization.Extensions": "4.0.1",
          "System.IO": "4.1.0",
          "System.IO.FileSystem": "4.0.1",
          "System.Net.Primitives": "4.0.11",
          "System.Resources.ResourceManager": "4.0.1",
          "System.Runtime": "4.1.0",
          "System.Runtime.Extensions": "4.1.0",
          "System.Runtime.Handles": "4.0.1",
          "System.Runtime.InteropServices": "4.1.0",
          "System.Security.Cryptography.Algorithms": "4.2.0",
          "System.Security.Cryptography.Encoding": "4.0.0",
          "System.Security.Cryptography.OpenSsl": "4.0.0",
          "System.Security.Cryptography.Primitives": "4.0.0",
          "System.Security.Cryptography.X509Certificates": "4.1.0",
          "System.Text.Encoding": "4.0.11",
          "System.Threading": "4.0.11",
          "System.Threading.Tasks": "4.0.11",
          "runtime.native.System": "4.0.0",
          "runtime.native.System.Net.Http": "4.0.1",
          "runtime.native.System.Security.Cryptography": "4.0.0"
        }
      },
      "System.Net.Primitives": {
        "type": "Transitive",
        "resolved": "4.0.11",
        "contentHash": "hVvfl4405DRjA2408luZekbPhplJK03j2Y2lSfMlny7GHXlkByw1iLnc9mgKW0GdQn73vvMcWrWewAhylXA4Nw==",
        "dependencies": {
          "Microsoft.NETCore.Platforms": "1.0.1",
          "Microsoft.NETCore.Targets": "1.0.1",
          "System.Runtime": "4.1.0",
          "System.Runtime.Handles": "4.0.1"
        }
      },
      "System.Net.Sockets": {
        "type": "Transitive",
        "resolved": "4.1.0",
        "contentHash": "xAz0N3dAV/aR/9g8r0Y5oEqU1JRsz29F5EGb/WVHmX3jVSLqi2/92M5hTad2aNWovruXrJpJtgZ9fccPMG9uSw==",
        "dependencies": {
          "Microsoft.NETCore.Platforms": "1.0.1",
          "Microsoft.NETCore.Targets": "1.0.1",
          "System.IO": "4.1.0",
          "System.Net.Primitives": "4.0.11",
          "System.Runtime": "4.1.0",
          "System.Threading.Tasks": "4.0.11"
        }
      },
      "System.ObjectModel": {
        "type": "Transitive",
        "resolved": "4.0.12",
        "contentHash": "tAgJM1xt3ytyMoW4qn4wIqgJYm7L7TShRZG4+Q4Qsi2PCcj96pXN7nRywS9KkB3p/xDUjc2HSwP9SROyPYDYKQ==",
        "dependencies": {
          "System.Collections": "4.0.11",
          "System.Diagnostics.Debug": "4.0.11",
          "System.Resources.ResourceManager": "4.0.1",
          "System.Runtime": "4.1.0",
          "System.Threading": "4.0.11"
        }
      },
      "System.Reflection": {
        "type": "Transitive",
        "resolved": "4.1.0",
        "contentHash": "JCKANJ0TI7kzoQzuwB/OoJANy1Lg338B6+JVacPl4TpUwi3cReg3nMLplMq2uqYfHFQpKIlHAUVAJlImZz/4ng==",
        "dependencies": {
          "Microsoft.NETCore.Platforms": "1.0.1",
          "Microsoft.NETCore.Targets": "1.0.1",
          "System.IO": "4.1.0",
          "System.Reflection.Primitives": "4.0.1",
          "System.Runtime": "4.1.0"
        }
      },
      "System.Reflection.Emit": {
        "type": "Transitive",
        "resolved": "4.0.1",
        "contentHash": "P2wqAj72fFjpP6wb9nSfDqNBMab+2ovzSDzUZK7MVIm54tBJEPr9jWfSjjoTpPwj1LeKcmX3vr0ttyjSSFM47g==",
        "dependencies": {
          "System.IO": "4.1.0",
          "System.Reflection": "4.1.0",
          "System.Reflection.Emit.ILGeneration": "4.0.1",
          "System.Reflection.Primitives": "4.0.1",
          "System.Runtime": "4.1.0"
        }
      },
      "System.Reflection.Emit.ILGeneration": {
        "type": "Transitive",
        "resolved": "4.0.1",
        "contentHash": "Ov6dU8Bu15Bc7zuqttgHF12J5lwSWyTf1S+FJouUXVMSqImLZzYaQ+vRr1rQ0OZ0HqsrwWl4dsKHELckQkVpgA==",
        "dependencies": {
          "System.Reflection": "4.1.0",
          "System.Reflection.Primitives": "4.0.1",
          "System.Runtime": "4.1.0"
        }
      },
      "System.Reflection.Emit.Lightweight": {
        "type": "Transitive",
        "resolved": "4.0.1",
        "contentHash": "sSzHHXueZ5Uh0OLpUQprhr+ZYJrLPA2Cmr4gn0wj9+FftNKXx8RIMKvO9qnjk2ebPYUjZ+F2ulGdPOsvj+MEjA==",
        "dependencies": {
          "System.Reflection": "4.1.0",
          "System.Reflection.Emit.ILGeneration": "4.0.1",
          "System.Reflection.Primitives": "4.0.1",
          "System.Runtime": "4.1.0"
        }
      },
      "System.Reflection.Extensions": {
        "type": "Transitive",
        "resolved": "4.0.1",
        "contentHash": "GYrtRsZcMuHF3sbmRHfMYpvxZoIN2bQGrYGerUiWLEkqdEUQZhH3TRSaC/oI4wO0II1RKBPlpIa1TOMxIcOOzQ==",
        "dependencies": {
          "Microsoft.NETCore.Platforms": "1.0.1",
          "Microsoft.NETCore.Targets": "1.0.1",
          "System.Reflection": "4.1.0",
          "System.Runtime": "4.1.0"
        }
      },
      "System.Reflection.Metadata": {
        "type": "Transitive",
        "resolved": "1.6.0",
        "contentHash": "COC1aiAJjCoA5GBF+QKL2uLqEBew4JsCkQmoHKbN3TlOZKa2fKLz5CpiRQKDz0RsAOEGsVKqOD5bomsXq/4STQ=="
      },
      "System.Reflection.Primitives": {
        "type": "Transitive",
        "resolved": "4.0.1",
        "contentHash": "4inTox4wTBaDhB7V3mPvp9XlCbeGYWVEM9/fXALd52vNEAVisc1BoVWQPuUuD0Ga//dNbA/WeMy9u9mzLxGTHQ==",
        "dependencies": {
          "Microsoft.NETCore.Platforms": "1.0.1",
          "Microsoft.NETCore.Targets": "1.0.1",
          "System.Runtime": "4.1.0"
        }
      },
      "System.Reflection.TypeExtensions": {
        "type": "Transitive",
        "resolved": "4.1.0",
        "contentHash": "tsQ/ptQ3H5FYfON8lL4MxRk/8kFyE0A+tGPXmVP967cT/gzLHYxIejIYSxp4JmIeFHVP78g/F2FE1mUUTbDtrg==",
        "dependencies": {
          "System.Reflection": "4.1.0",
          "System.Runtime": "4.1.0"
        }
      },
      "System.Resources.ResourceManager": {
        "type": "Transitive",
        "resolved": "4.0.1",
        "contentHash": "TxwVeUNoTgUOdQ09gfTjvW411MF+w9MBYL7AtNVc+HtBCFlutPLhUCdZjNkjbhj3bNQWMdHboF0KIWEOjJssbA==",
        "dependencies": {
          "Microsoft.NETCore.Platforms": "1.0.1",
          "Microsoft.NETCore.Targets": "1.0.1",
          "System.Globalization": "4.0.11",
          "System.Reflection": "4.1.0",
          "System.Runtime": "4.1.0"
        }
      },
      "System.Runtime": {
        "type": "Transitive",
        "resolved": "4.3.0",
        "contentHash": "JufQi0vPQ0xGnAczR13AUFglDyVYt4Kqnz1AZaiKZ5+GICq0/1MH/mO/eAJHt/mHW1zjKBJd7kV26SrxddAhiw==",
        "dependencies": {
          "Microsoft.NETCore.Platforms": "1.1.0",
          "Microsoft.NETCore.Targets": "1.1.0"
        }
      },
      "System.Runtime.Extensions": {
        "type": "Transitive",
        "resolved": "4.1.0",
        "contentHash": "CUOHjTT/vgP0qGW22U4/hDlOqXmcPq5YicBaXdUR2UiUoLwBT+olO6we4DVbq57jeX5uXH2uerVZhf0qGj+sVQ==",
        "dependencies": {
          "Microsoft.NETCore.Platforms": "1.0.1",
          "Microsoft.NETCore.Targets": "1.0.1",
          "System.Runtime": "4.1.0"
        }
      },
      "System.Runtime.Handles": {
        "type": "Transitive",
        "resolved": "4.3.0",
        "contentHash": "OKiSUN7DmTWeYb3l51A7EYaeNMnvxwE249YtZz7yooT4gOZhmTjIn48KgSsw2k2lYdLgTKNJw/ZIfSElwDRVgg==",
        "dependencies": {
          "Microsoft.NETCore.Platforms": "1.1.0",
          "Microsoft.NETCore.Targets": "1.1.0",
          "System.Runtime": "4.3.0"
        }
      },
      "System.Runtime.InteropServices": {
        "type": "Transitive",
        "resolved": "4.1.0",
        "contentHash": "16eu3kjHS633yYdkjwShDHZLRNMKVi/s0bY8ODiqJ2RfMhDMAwxZaUaWVnZ2P71kr/or+X9o/xFWtNqz8ivieQ==",
        "dependencies": {
          "Microsoft.NETCore.Platforms": "1.0.1",
          "Microsoft.NETCore.Targets": "1.0.1",
          "System.Reflection": "4.1.0",
          "System.Reflection.Primitives": "4.0.1",
          "System.Runtime": "4.1.0",
          "System.Runtime.Handles": "4.0.1"
        }
      },
      "System.Runtime.InteropServices.RuntimeInformation": {
        "type": "Transitive",
        "resolved": "4.0.0",
        "contentHash": "hWPhJxc453RCa8Z29O91EmfGeZIHX1ZH2A8L6lYQVSaKzku2DfArSfMEb1/MYYzPQRJZeu0c9dmYeJKxW5Fgng==",
        "dependencies": {
          "Microsoft.NETCore.Platforms": "1.0.1",
          "System.Reflection": "4.1.0",
          "System.Resources.ResourceManager": "4.0.1",
          "System.Runtime": "4.1.0",
          "System.Runtime.InteropServices": "4.1.0",
          "System.Threading": "4.0.11",
          "runtime.native.System": "4.0.0"
        }
      },
      "System.Runtime.Numerics": {
        "type": "Transitive",
        "resolved": "4.0.1",
        "contentHash": "+XbKFuzdmLP3d1o9pdHu2nxjNr2OEPqGzKeegPLCUMM71a0t50A/rOcIRmGs9wR7a8KuHX6hYs/7/TymIGLNqg==",
        "dependencies": {
          "System.Globalization": "4.0.11",
          "System.Resources.ResourceManager": "4.0.1",
          "System.Runtime": "4.1.0",
          "System.Runtime.Extensions": "4.1.0"
        }
      },
      "System.Security.Cryptography.Algorithms": {
        "type": "Transitive",
        "resolved": "4.2.0",
        "contentHash": "8JQFxbLVdrtIOKMDN38Fn0GWnqYZw/oMlwOUG/qz1jqChvyZlnUmu+0s7wLx7JYua/nAXoESpHA3iw11QFWhXg==",
        "dependencies": {
          "Microsoft.NETCore.Platforms": "1.0.1",
          "System.Collections": "4.0.11",
          "System.IO": "4.1.0",
          "System.Resources.ResourceManager": "4.0.1",
          "System.Runtime": "4.1.0",
          "System.Runtime.Extensions": "4.1.0",
          "System.Runtime.Handles": "4.0.1",
          "System.Runtime.InteropServices": "4.1.0",
          "System.Runtime.Numerics": "4.0.1",
          "System.Security.Cryptography.Encoding": "4.0.0",
          "System.Security.Cryptography.Primitives": "4.0.0",
          "System.Text.Encoding": "4.0.11",
          "runtime.native.System.Security.Cryptography": "4.0.0"
        }
      },
      "System.Security.Cryptography.Cng": {
        "type": "Transitive",
        "resolved": "4.2.0",
        "contentHash": "cUJ2h+ZvONDe28Szw3st5dOHdjndhJzQ2WObDEXAWRPEQBtVItVoxbXM/OEsTthl3cNn2dk2k0I3y45igCQcLw==",
        "dependencies": {
          "Microsoft.NETCore.Platforms": "1.0.1",
          "System.IO": "4.1.0",
          "System.Resources.ResourceManager": "4.0.1",
          "System.Runtime": "4.1.0",
          "System.Runtime.Extensions": "4.1.0",
          "System.Runtime.Handles": "4.0.1",
          "System.Runtime.InteropServices": "4.1.0",
          "System.Security.Cryptography.Algorithms": "4.2.0",
          "System.Security.Cryptography.Encoding": "4.0.0",
          "System.Security.Cryptography.Primitives": "4.0.0",
          "System.Text.Encoding": "4.0.11"
        }
      },
      "System.Security.Cryptography.Csp": {
        "type": "Transitive",
        "resolved": "4.0.0",
        "contentHash": "/i1Usuo4PgAqgbPNC0NjbO3jPW//BoBlTpcWFD1EHVbidH21y4c1ap5bbEMSGAXjAShhMH4abi/K8fILrnu4BQ==",
        "dependencies": {
          "Microsoft.NETCore.Platforms": "1.0.1",
          "System.IO": "4.1.0",
          "System.Reflection": "4.1.0",
          "System.Resources.ResourceManager": "4.0.1",
          "System.Runtime": "4.1.0",
          "System.Runtime.Extensions": "4.1.0",
          "System.Runtime.Handles": "4.0.1",
          "System.Runtime.InteropServices": "4.1.0",
          "System.Security.Cryptography.Algorithms": "4.2.0",
          "System.Security.Cryptography.Encoding": "4.0.0",
          "System.Security.Cryptography.Primitives": "4.0.0",
          "System.Text.Encoding": "4.0.11",
          "System.Threading": "4.0.11"
        }
      },
      "System.Security.Cryptography.Encoding": {
        "type": "Transitive",
        "resolved": "4.0.0",
        "contentHash": "FbKgE5MbxSQMPcSVRgwM6bXN3GtyAh04NkV8E5zKCBE26X0vYW0UtTa2FIgkH33WVqBVxRgxljlVYumWtU+HcQ==",
        "dependencies": {
          "Microsoft.NETCore.Platforms": "1.0.1",
          "System.Collections": "4.0.11",
          "System.Collections.Concurrent": "4.0.12",
          "System.Linq": "4.1.0",
          "System.Resources.ResourceManager": "4.0.1",
          "System.Runtime": "4.1.0",
          "System.Runtime.Extensions": "4.1.0",
          "System.Runtime.Handles": "4.0.1",
          "System.Runtime.InteropServices": "4.1.0",
          "System.Security.Cryptography.Primitives": "4.0.0",
          "System.Text.Encoding": "4.0.11",
          "runtime.native.System.Security.Cryptography": "4.0.0"
        }
      },
      "System.Security.Cryptography.OpenSsl": {
        "type": "Transitive",
        "resolved": "4.0.0",
        "contentHash": "HUG/zNUJwEiLkoURDixzkzZdB5yGA5pQhDP93ArOpDPQMteURIGERRNzzoJlmTreLBWr5lkFSjjMSk8ySEpQMw==",
        "dependencies": {
          "System.Collections": "4.0.11",
          "System.IO": "4.1.0",
          "System.Resources.ResourceManager": "4.0.1",
          "System.Runtime": "4.1.0",
          "System.Runtime.Extensions": "4.1.0",
          "System.Runtime.Handles": "4.0.1",
          "System.Runtime.InteropServices": "4.1.0",
          "System.Runtime.Numerics": "4.0.1",
          "System.Security.Cryptography.Algorithms": "4.2.0",
          "System.Security.Cryptography.Encoding": "4.0.0",
          "System.Security.Cryptography.Primitives": "4.0.0",
          "System.Text.Encoding": "4.0.11",
          "runtime.native.System.Security.Cryptography": "4.0.0"
        }
      },
      "System.Security.Cryptography.Primitives": {
        "type": "Transitive",
        "resolved": "4.0.0",
        "contentHash": "Wkd7QryWYjkQclX0bngpntW5HSlMzeJU24UaLJQ7YTfI8ydAVAaU2J+HXLLABOVJlKTVvAeL0Aj39VeTe7L+oA==",
        "dependencies": {
          "System.Diagnostics.Debug": "4.0.11",
          "System.Globalization": "4.0.11",
          "System.IO": "4.1.0",
          "System.Resources.ResourceManager": "4.0.1",
          "System.Runtime": "4.1.0",
          "System.Threading": "4.0.11",
          "System.Threading.Tasks": "4.0.11"
        }
      },
      "System.Security.Cryptography.X509Certificates": {
        "type": "Transitive",
        "resolved": "4.1.0",
        "contentHash": "4HEfsQIKAhA1+ApNn729Gi09zh+lYWwyIuViihoMDWp1vQnEkL2ct7mAbhBlLYm+x/L4Rr/pyGge1lIY635e0w==",
        "dependencies": {
          "Microsoft.NETCore.Platforms": "1.0.1",
          "System.Collections": "4.0.11",
          "System.Diagnostics.Debug": "4.0.11",
          "System.Globalization": "4.0.11",
          "System.Globalization.Calendars": "4.0.1",
          "System.IO": "4.1.0",
          "System.IO.FileSystem": "4.0.1",
          "System.IO.FileSystem.Primitives": "4.0.1",
          "System.Resources.ResourceManager": "4.0.1",
          "System.Runtime": "4.1.0",
          "System.Runtime.Extensions": "4.1.0",
          "System.Runtime.Handles": "4.0.1",
          "System.Runtime.InteropServices": "4.1.0",
          "System.Runtime.Numerics": "4.0.1",
          "System.Security.Cryptography.Algorithms": "4.2.0",
          "System.Security.Cryptography.Cng": "4.2.0",
          "System.Security.Cryptography.Csp": "4.0.0",
          "System.Security.Cryptography.Encoding": "4.0.0",
          "System.Security.Cryptography.OpenSsl": "4.0.0",
          "System.Security.Cryptography.Primitives": "4.0.0",
          "System.Text.Encoding": "4.0.11",
          "System.Threading": "4.0.11",
          "runtime.native.System": "4.0.0",
          "runtime.native.System.Net.Http": "4.0.1",
          "runtime.native.System.Security.Cryptography": "4.0.0"
        }
      },
      "System.Text.Encoding": {
        "type": "Transitive",
        "resolved": "4.0.11",
        "contentHash": "U3gGeMlDZXxCEiY4DwVLSacg+DFWCvoiX+JThA/rvw37Sqrku7sEFeVBBBMBnfB6FeZHsyDx85HlKL19x0HtZA==",
        "dependencies": {
          "Microsoft.NETCore.Platforms": "1.0.1",
          "Microsoft.NETCore.Targets": "1.0.1",
          "System.Runtime": "4.1.0"
        }
      },
      "System.Text.Encoding.Extensions": {
        "type": "Transitive",
        "resolved": "4.0.11",
        "contentHash": "jtbiTDtvfLYgXn8PTfWI+SiBs51rrmO4AAckx4KR6vFK9Wzf6tI8kcRdsYQNwriUeQ1+CtQbM1W4cMbLXnj/OQ==",
        "dependencies": {
          "Microsoft.NETCore.Platforms": "1.0.1",
          "Microsoft.NETCore.Targets": "1.0.1",
          "System.Runtime": "4.1.0",
          "System.Text.Encoding": "4.0.11"
        }
      },
      "System.Text.RegularExpressions": {
        "type": "Transitive",
        "resolved": "4.1.0",
        "contentHash": "i88YCXpRTjCnoSQZtdlHkAOx4KNNik4hMy83n0+Ftlb7jvV6ZiZWMpnEZHhjBp6hQVh8gWd/iKNPzlPF7iyA2g==",
        "dependencies": {
          "System.Collections": "4.0.11",
          "System.Globalization": "4.0.11",
          "System.Resources.ResourceManager": "4.0.1",
          "System.Runtime": "4.1.0",
          "System.Runtime.Extensions": "4.1.0",
          "System.Threading": "4.0.11"
        }
      },
      "System.Threading": {
        "type": "Transitive",
        "resolved": "4.0.11",
        "contentHash": "N+3xqIcg3VDKyjwwCGaZ9HawG9aC6cSDI+s7ROma310GQo8vilFZa86hqKppwTHleR/G0sfOzhvgnUxWCR/DrQ==",
        "dependencies": {
          "System.Runtime": "4.1.0",
          "System.Threading.Tasks": "4.0.11"
        }
      },
      "System.Threading.Tasks": {
        "type": "Transitive",
        "resolved": "4.0.11",
        "contentHash": "k1S4Gc6IGwtHGT8188RSeGaX86Qw/wnrgNLshJvsdNUOPP9etMmo8S07c+UlOAx4K/xLuN9ivA1bD0LVurtIxQ==",
        "dependencies": {
          "Microsoft.NETCore.Platforms": "1.0.1",
          "Microsoft.NETCore.Targets": "1.0.1",
          "System.Runtime": "4.1.0"
        }
      },
      "System.Threading.Tasks.Extensions": {
        "type": "Transitive",
        "resolved": "4.0.0",
        "contentHash": "pH4FZDsZQ/WmgJtN4LWYmRdJAEeVkyriSwrv2Teoe5FOU0Yxlb6II6GL8dBPOfRmutHGATduj3ooMt7dJ2+i+w==",
        "dependencies": {
          "System.Collections": "4.0.11",
          "System.Runtime": "4.1.0",
          "System.Threading.Tasks": "4.0.11"
        }
      },
      "System.Threading.ThreadPool": {
        "type": "Transitive",
        "resolved": "4.3.0",
        "contentHash": "k/+g4b7vjdd4aix83sTgC9VG6oXYKAktSfNIJUNGxPEj7ryEOfzHHhfnmsZvjxawwcD9HyWXKCXmPjX8U4zeSw==",
        "dependencies": {
          "System.Runtime": "4.3.0",
          "System.Runtime.Handles": "4.3.0"
        }
      },
      "System.Threading.Timer": {
        "type": "Transitive",
        "resolved": "4.0.1",
        "contentHash": "saGfUV8uqVW6LeURiqxcGhZ24PzuRNaUBtbhVeuUAvky1naH395A/1nY0P2bWvrw/BreRtIB/EzTDkGBpqCwEw==",
        "dependencies": {
          "Microsoft.NETCore.Platforms": "1.0.1",
          "Microsoft.NETCore.Targets": "1.0.1",
          "System.Runtime": "4.1.0"
        }
      },
      "System.Xml.ReaderWriter": {
        "type": "Transitive",
        "resolved": "4.0.11",
        "contentHash": "ZIiLPsf67YZ9zgr31vzrFaYQqxRPX9cVHjtPSnmx4eN6lbS/yEyYNr2vs1doGDEscF0tjCZFsk9yUg1sC9e8tg==",
        "dependencies": {
          "System.Collections": "4.0.11",
          "System.Diagnostics.Debug": "4.0.11",
          "System.Globalization": "4.0.11",
          "System.IO": "4.1.0",
          "System.IO.FileSystem": "4.0.1",
          "System.IO.FileSystem.Primitives": "4.0.1",
          "System.Resources.ResourceManager": "4.0.1",
          "System.Runtime": "4.1.0",
          "System.Runtime.Extensions": "4.1.0",
          "System.Runtime.InteropServices": "4.1.0",
          "System.Text.Encoding": "4.0.11",
          "System.Text.Encoding.Extensions": "4.0.11",
          "System.Text.RegularExpressions": "4.1.0",
          "System.Threading.Tasks": "4.0.11",
          "System.Threading.Tasks.Extensions": "4.0.0"
        }
      },
      "System.Xml.XDocument": {
        "type": "Transitive",
        "resolved": "4.0.11",
        "contentHash": "Mk2mKmPi0nWaoiYeotq1dgeNK1fqWh61+EK+w4Wu8SWuTYLzpUnschb59bJtGywaPq7SmTuPf44wrXRwbIrukg==",
        "dependencies": {
          "System.Collections": "4.0.11",
          "System.Diagnostics.Debug": "4.0.11",
          "System.Diagnostics.Tools": "4.0.1",
          "System.Globalization": "4.0.11",
          "System.IO": "4.1.0",
          "System.Reflection": "4.1.0",
          "System.Resources.ResourceManager": "4.0.1",
          "System.Runtime": "4.1.0",
          "System.Runtime.Extensions": "4.1.0",
          "System.Text.Encoding": "4.0.11",
          "System.Threading": "4.0.11",
          "System.Xml.ReaderWriter": "4.0.11"
        }
      },
      "System.Xml.XPath": {
        "type": "Transitive",
        "resolved": "4.0.1",
        "contentHash": "UWd1H+1IJ9Wlq5nognZ/XJdyj8qPE4XufBUkAW59ijsCPjZkZe0MUzKKJFBr+ZWBe5Wq1u1d5f2CYgE93uH7DA==",
        "dependencies": {
          "System.Collections": "4.0.11",
          "System.Diagnostics.Debug": "4.0.11",
          "System.Globalization": "4.0.11",
          "System.IO": "4.1.0",
          "System.Resources.ResourceManager": "4.0.1",
          "System.Runtime": "4.1.0",
          "System.Runtime.Extensions": "4.1.0",
          "System.Threading": "4.0.11",
          "System.Xml.ReaderWriter": "4.0.11"
        }
      },
      "System.Xml.XPath.XDocument": {
        "type": "Transitive",
        "resolved": "4.0.1",
        "contentHash": "FLhdYJx4331oGovQypQ8JIw2kEmNzCsjVOVYY/16kZTUoquZG85oVn7yUhBE2OZt1yGPSXAL0HTEfzjlbNpM7Q==",
        "dependencies": {
          "System.Diagnostics.Debug": "4.0.11",
          "System.Linq": "4.1.0",
          "System.Resources.ResourceManager": "4.0.1",
          "System.Runtime": "4.1.0",
          "System.Runtime.Extensions": "4.1.0",
          "System.Threading": "4.0.11",
          "System.Xml.ReaderWriter": "4.0.11",
          "System.Xml.XDocument": "4.0.11",
          "System.Xml.XPath": "4.0.1"
        }
      },
      "fluentassertions": {
        "type": "Project"
      }
    }
  }
}