{
  "version": 1,
  "dependencies": {
    "net8.0": {
      "Microsoft.Testing.Extensions.CodeCoverage": {
        "type": "Direct",
        "requested": "[17.14.2, )",
        "resolved": "17.14.2",
        "contentHash": "lCz1/FMGM8yf4UZh+yJL6ETvH78e7/NblWbK2/Lb6z02iiOtExea3hBQKX+vrq6vBo2o6ZCiYceOGq0t07PLkQ==",
        "dependencies": {
          "Microsoft.DiaSymReader": "2.0.0",
          "Microsoft.Extensions.DependencyModel": "6.0.2",
          "Microsoft.Testing.Platform": "1.6.2",
          "System.Reflection.Metadata": "8.0.0"
        }
      },
      "Microsoft.Testing.Extensions.TrxReport": {
        "type": "Direct",
        "requested": "[1.8.1, )",
        "resolved": "1.8.1",
        "contentHash": "SMR4fCIHtCG7PbIVNZC4R33TpgyvCx3YBKzEhQKedwq9bw4QE9eMok+a7ectvPA3Ga4qvcTeP1pkoeq4GjGTrQ==",
        "dependencies": {
          "Microsoft.Testing.Extensions.TrxReport.Abstractions": "1.8.1",
          "Microsoft.Testing.Platform": "1.8.1"
        }
      },
      "TUnit": {
        "type": "Direct",
        "requested": "[0.53.0, )",
        "resolved": "0.53.0",
        "contentHash": "oWg00scFEEVfhvOoM0mZm+qwtINz+3QNcXWBvVrLVnXe+j8N2C0bWzyMNkizFINsGPMfTPWhmLmRswee6E+xIw==",
        "dependencies": {
          "TUnit.Assertions": "0.53.0",
          "TUnit.Engine": "0.53.0"
        }
      },
      "EnumerableAsyncProcessor": {
        "type": "Transitive",
        "resolved": "3.0.2",
        "contentHash": "7ClJUPySgaD7+MOQ5MvjX8UlSvY9a05fDGnloTgN5S1D9M25jFYon5Gtpw3kLIXfk0Xj+i0Jg7dpgPtDiadBuw=="
      },
      "Microsoft.DiaSymReader": {
        "type": "Transitive",
        "resolved": "2.0.0",
        "contentHash": "QcZrCETsBJqy/vQpFtJc+jSXQ0K5sucQ6NUFbTNVHD4vfZZOwjZ/3sBzczkC4DityhD3AVO/+K/+9ioLs1AgRA=="
      },
      "Microsoft.Extensions.DependencyModel": {
        "type": "Transitive",
        "resolved": "6.0.2",
        "contentHash": "HS5YsudCGSVoCVdsYJ5FAO9vx0z04qSAXgVzpDJSQ1/w/X9q8hrQVGU2p+Yfui+2KcXLL+Zjc0SX3yJWtBmYiw==",
        "dependencies": {
          "System.Buffers": "4.5.1",
          "System.Memory": "4.5.4",
          "System.Runtime.CompilerServices.Unsafe": "6.0.0",
          "System.Text.Encodings.Web": "6.0.1",
          "System.Text.Json": "6.0.11"
        }
      },
      "Microsoft.Testing.Extensions.TrxReport.Abstractions": {
        "type": "Transitive",
        "resolved": "1.8.1",
        "contentHash": "Z7JGDf/hA89BMhDdQG6351ItKUC5V2ISBRLw0PozL+OuWqbzrXiVbGm/YJXMj2Z4KCqIBT2K+GEC07rpNQv7ew==",
        "dependencies": {
          "Microsoft.Testing.Platform": "1.8.1"
        }
      },
      "Microsoft.Testing.Platform": {
        "type": "Transitive",
        "resolved": "1.8.1",
        "contentHash": "Nb2F/2nZBn7+81HRmICCrJXjpCQny+cG2l/rW81mApHKbf+nDeydo44PYFwGMYz2ZuNnIWB96qvI5Uy4l69ceQ=="
      },
      "Microsoft.Testing.Platform.MSBuild": {
        "type": "Transitive",
        "resolved": "1.4.3",
        "contentHash": "1gGqgHtiZ6tZn/6Tby+qlKpNe5Ye/5LnxlSsyl4XMZ4m4V+Cu1K1m+gD1zxoxHIvLjgX8mCnQRK95MGBBFuumw==",
        "dependencies": {
          "Microsoft.Testing.Platform": "1.4.3"
        }
      },
      "System.Buffers": {
        "type": "Transitive",
        "resolved": "4.5.1",
        "contentHash": "Rw7ijyl1qqRS0YQD/WycNst8hUUMgrMH4FCn1nNm27M4VxchZ1js3fVjQaANHO5f3sN4isvP4a+Met9Y4YomAg=="
      },
      "System.Collections.Immutable": {
        "type": "Transitive",
        "resolved": "8.0.0",
        "contentHash": "AurL6Y5BA1WotzlEvVaIDpqzpIPvYnnldxru8oXJU2yFxFUy3+pNXjXd1ymO+RA0rq0+590Q8gaz2l3Sr7fmqg=="
      },
      "System.Memory": {
        "type": "Transitive",
        "resolved": "4.5.4",
        "contentHash": "1MbJTHS1lZ4bS4FmsJjnuGJOu88ZzTT2rLvrhW7Ygic+pC0NWA+3hgAen0HRdsocuQXCkUTdFn9yHJJhsijDXw=="
      },
      "System.Reflection.Metadata": {
        "type": "Transitive",
        "resolved": "8.0.0",
        "contentHash": "ptvgrFh7PvWI8bcVqG5rsA/weWM09EnthFHR5SCnS6IN+P4mj6rE1lBDC4U8HL9/57htKAqy4KQ3bBj84cfYyQ==",
        "dependencies": {
          "System.Collections.Immutable": "8.0.0"
        }
      },
      "System.Runtime.CompilerServices.Unsafe": {
        "type": "Transitive",
        "resolved": "6.0.0",
        "contentHash": "/iUeP3tq1S0XdNNoMz5C9twLSrM/TH+qElHkXWaPvuNOt+99G75NrV0OS2EqHx5wMN7popYjpc8oTjC1y16DLg=="
      },
      "System.Text.Encodings.Web": {
        "type": "Transitive",
        "resolved": "6.0.1",
        "contentHash": "E5M5AE2OUTlCrf4omZvzzziUJO9CofBl+lXHaN5IKePPJvHqYFYYpaDPgCpR4VwaFbEebfnjOxxEBtPtsqAxpQ=="
      },
      "System.Text.Json": {
        "type": "Transitive",
        "resolved": "6.0.11",
        "contentHash": "xqC1HIbJMBFhrpYs76oYP+NAskNVjc6v73HqLal7ECRDPIp4oRU5pPavkD//vNactCn9DA2aaald/I5N+uZ5/g=="
      },
      "System.Threading.Channels": {
        "type": "Transitive",
        "resolved": "9.0.0",
        "contentHash": "hzACdIf1C+4Dqos5ijV404b94+LqfIC8nfS3mNpCDFWowb1N3PNfJPopneq32ahWlDeyaPZJqjBk76YFR69Rpg=="
      },
      "TUnit.Assertions": {
        "type": "Transitive",
        "resolved": "0.53.0",
        "contentHash": "8Hi7PqB77SAwZbvcv+TyRk7hmIART1maTGW8/N0ZT47aVzCYEiUDrcru4Hgj7xxrR8ueVT/KuG/FzOwHO1wvkQ=="
      },
      "TUnit.Core": {
        "type": "Transitive",
        "resolved": "0.53.0",
        "contentHash": "NpNQg38dK2JMt+dixIfTdvqS/yKtZaHqEegoW5OSmilo6+Z0ta4bLtlT9gH11niQNefKCN9HjUGXUlJeu+d7xw=="
      },
      "TUnit.Engine": {
        "type": "Transitive",
        "resolved": "0.53.0",
        "contentHash": "U/RMNhLdI89TdEJ+GEJK///kjVgLopqBJ/vw5DCB0DZGEX5mIXV6ZwlpiZhlR8nj9SzvHSaTCquJmqWWcQ2qEQ==",
        "dependencies": {
          "EnumerableAsyncProcessor": "3.0.2",
          "Microsoft.Testing.Extensions.TrxReport.Abstractions": "1.8.1",
          "Microsoft.Testing.Platform": "1.8.1",
          "Microsoft.Testing.Platform.MSBuild": "1.4.3",
          "System.Threading.Channels": "9.0.0",
          "TUnit.Core": "0.53.0"
        }
      },
      "fluentassertions": {
        "type": "Project"
      }
    }
  }
}